// !$*UTF8*$!
{
       archiveVersion = 1;
       classes = {
       };
       objectVersion = 46;
       objects = {

/* Begin PBXAggregateTarget section */
              5A44531E698544C3B8C73B3A /* ALL_BUILD */ = {
                     isa = PBXAggregateTarget;
                     buildConfigurationList = B95E9FAC70214A63BC24FFB5 /* Build configuration list for PBXAggregateTarget "ALL_BUILD" */;
                     buildPhases = (
                            30FC7DF804734FC89F3DF250 /* CMake Rules */,
                     );
                     dependencies = (
                            6D93D6FD310542D3B2253FBB /* PBXTargetDependency */,
                            1EE4009D56904FBEB6046CEB /* PBXTargetDependency */,
                            CCF2C837888C46FF8CC95131 /* PBXTargetDependency */,
                     );
                     name = ALL_BUILD;
                     productName = ALL_BUILD;
              };
              22AF5AB4CA05406FAF23F4DF /* RUN_TESTS */ = {
                     isa = PBXAggregateTarget;
                     buildConfigurationList = 110F819DF3CE45199856ADA3 /* Build configuration list for PBXAggregateTarget "RUN_TESTS" */;
                     buildPhases = (
                            B7B5387AAD3247ACB9660F9D /* CMake PostBuild Rules */,
                     );
                     dependencies = (
                     );
                     name = RUN_TESTS;
                     productName = RUN_TESTS;
              };
              1D3D32AC2F4A4755850D95C6 /* ZERO_CHECK */ = {
                     isa = PBXAggregateTarget;
                     buildConfigurationList = 374CB40B219A40529364722E /* Build configuration list for PBXAggregateTarget "ZERO_CHECK" */;
                     buildPhases = (
                            3F516D2537B6476B9B883DAD /* CMake Rules */,
                     );
                     dependencies = (
                     );
                     name = ZERO_CHECK;
                     productName = ZERO_CHECK;
              };
/* End PBXAggregateTarget section */

/* Begin PBXBuildFile section */
7DD1EF297AF647C88543311B /* /Users/felipemoraes/Developer/search-engine/test/gtest-1.7.0/CMakeLists.txt */ = {isa = PBXBuildFile; fileRef = 2E678D22879D498F8CA5FF53 /* /Users/felipemoraes/Developer/search-engine/test/gtest-1.7.0/CMakeLists.txt */; settings = { COMPILER_FLAGS = ""; }; };
9A5836D76E7B4196B1B4BF2A /* /Users/felipemoraes/Developer/search-engine/test/gtest-1.7.0/src/gtest-all.cc */ = {isa = PBXBuildFile; fileRef = 679870870BD04366AAE2836A /* /Users/felipemoraes/Developer/search-engine/test/gtest-1.7.0/src/gtest-all.cc */; settings = { COMPILER_FLAGS = ""; }; };
FEDD77A224914AB0B0360871 /* /Users/felipemoraes/Developer/search-engine/test/gtest-1.7.0/CMakeLists.txt */ = {isa = PBXBuildFile; fileRef = AF3DFA211D5349D68E7CC978 /* /Users/felipemoraes/Developer/search-engine/test/gtest-1.7.0/CMakeLists.txt */; settings = { COMPILER_FLAGS = ""; }; };
90F432410777483E81438951 /* /Users/felipemoraes/Developer/search-engine/test/gtest-1.7.0/src/gtest_main.cc */ = {isa = PBXBuildFile; fileRef = AC85FE02532D4C9BBB05CC84 /* /Users/felipemoraes/Developer/search-engine/test/gtest-1.7.0/src/gtest_main.cc */; settings = { COMPILER_FLAGS = ""; }; };
/* End PBXBuildFile section */

/* Begin PBXBuildStyle section */
              91EBAAF90E9B433192C7999F /*  */ = {
                     isa = PBXBuildStyle;
              };
              CCCC022091894F54BF2F21E1 /* Debug */ = {
                     isa = PBXBuildStyle;
                     buildSettings = {
                            COPY_PHASE_STRIP = NO;
                     };
                     name = Debug;
              };
              34086C4FD54141AA9C6EE09C /* Release */ = {
                     isa = PBXBuildStyle;
                     buildSettings = {
                            COPY_PHASE_STRIP = NO;
                     };
                     name = Release;
              };
              D124C24140B4450B82924A78 /* MinSizeRel */ = {
                     isa = PBXBuildStyle;
                     buildSettings = {
                            COPY_PHASE_STRIP = NO;
                     };
                     name = MinSizeRel;
              };
              145C3E8EC8F3464BB3884F15 /* RelWithDebInfo */ = {
                     isa = PBXBuildStyle;
                     buildSettings = {
                            COPY_PHASE_STRIP = NO;
                     };
                     name = RelWithDebInfo;
              };
/* End PBXBuildStyle section */

/* Begin PBXContainerItemProxy section */
              363432BE02C54AFCA5692481 /* PBXContainerItemProxy */ = {
                     isa = PBXContainerItemProxy;
                     containerPortal = FC1D495E5D594C59AE0284C4 /* Project object */;
                     proxyType = 1;
                     remoteGlobalIDString = 1D3D32AC2F4A4755850D95C6;
                     remoteInfo = ZERO_CHECK;
              };
              C871C30D0C3F449AA7CAC4CC /* PBXContainerItemProxy */ = {
                     isa = PBXContainerItemProxy;
                     containerPortal = FC1D495E5D594C59AE0284C4 /* Project object */;
                     proxyType = 1;
                     remoteGlobalIDString = 51460000E9D84BD989C4F7A1;
                     remoteInfo = gtest;
              };
              E3A35F5AA5014C9E9D589A83 /* PBXContainerItemProxy */ = {
                     isa = PBXContainerItemProxy;
                     containerPortal = FC1D495E5D594C59AE0284C4 /* Project object */;
                     proxyType = 1;
                     remoteGlobalIDString = 27A8321034174522A0340EE7;
                     remoteInfo = gtest_main;
              };
              BB8C3965943D4766B77F34BF /* PBXContainerItemProxy */ = {
                     isa = PBXContainerItemProxy;
                     containerPortal = FC1D495E5D594C59AE0284C4 /* Project object */;
                     proxyType = 1;
                     remoteGlobalIDString = 1D3D32AC2F4A4755850D95C6;
                     remoteInfo = ZERO_CHECK;
              };
              8DC594233B144482BA8D9798 /* PBXContainerItemProxy */ = {
                     isa = PBXContainerItemProxy;
                     containerPortal = FC1D495E5D594C59AE0284C4 /* Project object */;
                     proxyType = 1;
                     remoteGlobalIDString = 1D3D32AC2F4A4755850D95C6;
                     remoteInfo = ZERO_CHECK;
              };
              16D1A3A071894B8B80CADAE1 /* PBXContainerItemProxy */ = {
                     isa = PBXContainerItemProxy;
                     containerPortal = FC1D495E5D594C59AE0284C4 /* Project object */;
                     proxyType = 1;
                     remoteGlobalIDString = 51460000E9D84BD989C4F7A1;
                     remoteInfo = gtest;
              };
/* End PBXContainerItemProxy section */

/* Begin PBXFileReference section */
0F3FAB9943914EE18FFA3316 /* /Users/felipemoraes/Developer/search-engine/test/gtest-1.7.0/CMakeLists.txt */ = {isa = PBXFileReference; explicitFileType = "sourcecode.text"; fileEncoding = 4; name = "CMakeLists.txt"; path = "CMakeLists.txt"; sourceTree = SOURCE_ROOT; };
7377F99052AE429481EF59DD /* /Users/felipemoraes/Developer/search-engine/test/gtest-1.7.0/CMakeLists.txt */ = {isa = PBXFileReference; explicitFileType = "sourcecode.text"; fileEncoding = 4; name = "CMakeLists.txt"; path = "CMakeLists.txt"; sourceTree = SOURCE_ROOT; };
2E678D22879D498F8CA5FF53 /* /Users/felipemoraes/Developer/search-engine/test/gtest-1.7.0/CMakeLists.txt */ = {isa = PBXFileReference; explicitFileType = "sourcecode.text"; fileEncoding = 4; name = "CMakeLists.txt"; path = "CMakeLists.txt"; sourceTree = SOURCE_ROOT; };
679870870BD04366AAE2836A /* /Users/felipemoraes/Developer/search-engine/test/gtest-1.7.0/src/gtest-all.cc */ = {isa = PBXFileReference; explicitFileType = "sourcecode.cpp.cpp"; fileEncoding = 4; name = "gtest-all.cc"; path = "src/gtest-all.cc"; sourceTree = SOURCE_ROOT; };
A7CCE0980D314479AB3506F3 /* gtest */ = {isa = PBXFileReference; explicitFileType = "archive.ar"; path = "libgtest.a"; refType = 0; sourceTree = BUILT_PRODUCTS_DIR; };
AF3DFA211D5349D68E7CC978 /* /Users/felipemoraes/Developer/search-engine/test/gtest-1.7.0/CMakeLists.txt */ = {isa = PBXFileReference; explicitFileType = "sourcecode.text"; fileEncoding = 4; name = "CMakeLists.txt"; path = "CMakeLists.txt"; sourceTree = SOURCE_ROOT; };
AC85FE02532D4C9BBB05CC84 /* /Users/felipemoraes/Developer/search-engine/test/gtest-1.7.0/src/gtest_main.cc */ = {isa = PBXFileReference; explicitFileType = "sourcecode.cpp.cpp"; fileEncoding = 4; name = "gtest_main.cc"; path = "src/gtest_main.cc"; sourceTree = SOURCE_ROOT; };
65662B8C49D64E20BA82BDE1 /* gtest_main */ = {isa = PBXFileReference; explicitFileType = "archive.ar"; path = "libgtest_main.a"; refType = 0; sourceTree = BUILT_PRODUCTS_DIR; };
/* End PBXFileReference section */

/* Begin PBXGroup section */
              23AC15982D1E4796A2A5DBFD  = {
                     isa = PBXGroup;
                     children = (
                            086FF269544C4E6BB684E8EF /* Sources */,
                            4197370878584C929EB34961 /* Resources */,
                            CC068678B3D34028A4C7AAD6 /* Products */,
                     );
                     sourceTree = "<group>";
              };
              086FF269544C4E6BB684E8EF /* Sources */ = {
                     isa = PBXGroup;
                     children = (
                            571CB3E4529540E0ABA03799 /* gtest */,
                            89D9E929879E4E38ADEDD160 /* ALL_BUILD */,
                            31C18DABC4D94586A01F2EE3 /* gtest_main */,
                            3AAB3CC22B3B419BABD4D72D /* ZERO_CHECK */,
                     );
                     name = Sources;
                     sourceTree = "<group>";
              };
              4197370878584C929EB34961 /* Resources */ = {
                     isa = PBXGroup;
                     children = (
                     );
                     name = Resources;
                     sourceTree = "<group>";
              };
              571CB3E4529540E0ABA03799 /* gtest */ = {
                     isa = PBXGroup;
                     children = (
                            FE748553C9FA415F98F9AB87 /* Source Files */,
                            2E678D22879D498F8CA5FF53 /* /Users/felipemoraes/Developer/search-engine/test/gtest-1.7.0/CMakeLists.txt */,
                     );
                     name = gtest;
                     sourceTree = "<group>";
              };
              FE748553C9FA415F98F9AB87 /* Source Files */ = {
                     isa = PBXGroup;
                     children = (
                            679870870BD04366AAE2836A /* /Users/felipemoraes/Developer/search-engine/test/gtest-1.7.0/src/gtest-all.cc */,
                     );
                     name = "Source Files";
                     sourceTree = "<group>";
              };
              89D9E929879E4E38ADEDD160 /* ALL_BUILD */ = {
                     isa = PBXGroup;
                     children = (
                            85A2F2B2B9EE460B97535EB7 /* CMake Rules */,
                            0F3FAB9943914EE18FFA3316 /* /Users/felipemoraes/Developer/search-engine/test/gtest-1.7.0/CMakeLists.txt */,
                     );
                     name = ALL_BUILD;
                     sourceTree = "<group>";
              };
              85A2F2B2B9EE460B97535EB7 /* CMake Rules */ = {
                     isa = PBXGroup;
                     children = (
                     );
                     name = "CMake Rules";
                     sourceTree = "<group>";
              };
              31C18DABC4D94586A01F2EE3 /* gtest_main */ = {
                     isa = PBXGroup;
                     children = (
                            1817D087AAC9475C96C60B35 /* Source Files */,
                            AF3DFA211D5349D68E7CC978 /* /Users/felipemoraes/Developer/search-engine/test/gtest-1.7.0/CMakeLists.txt */,
                     );
                     name = gtest_main;
                     sourceTree = "<group>";
              };
              1817D087AAC9475C96C60B35 /* Source Files */ = {
                     isa = PBXGroup;
                     children = (
                            AC85FE02532D4C9BBB05CC84 /* /Users/felipemoraes/Developer/search-engine/test/gtest-1.7.0/src/gtest_main.cc */,
                     );
                     name = "Source Files";
                     sourceTree = "<group>";
              };
              3AAB3CC22B3B419BABD4D72D /* ZERO_CHECK */ = {
                     isa = PBXGroup;
                     children = (
                            93A6A844E7E348629C998046 /* CMake Rules */,
                            7377F99052AE429481EF59DD /* /Users/felipemoraes/Developer/search-engine/test/gtest-1.7.0/CMakeLists.txt */,
                     );
                     name = ZERO_CHECK;
                     sourceTree = "<group>";
              };
              93A6A844E7E348629C998046 /* CMake Rules */ = {
                     isa = PBXGroup;
                     children = (
                     );
                     name = "CMake Rules";
                     sourceTree = "<group>";
              };
              CC068678B3D34028A4C7AAD6 /* Products */ = {
                     isa = PBXGroup;
                     children = (
                            A7CCE0980D314479AB3506F3 /* gtest */,
                            65662B8C49D64E20BA82BDE1 /* gtest_main */,
                     );
                     name = Products;
                     sourceTree = "<group>";
              };
/* End PBXGroup section */

/* Begin PBXNativeTarget section */
              51460000E9D84BD989C4F7A1 /* gtest */ = {
                     isa = PBXNativeTarget;
                     buildConfigurationList = 4D775521151F4FB6887B4663 /* Build configuration list for PBXNativeTarget "gtest" */;
                     buildPhases = (
                            57F18A770D2C4623B9FDCFB7 /* Sources */,
                     );
                     buildRules = (
                     );
                     dependencies = (
                            4E74249F6663493C95CE5D3D /* PBXTargetDependency */,
                     );
                     name = gtest;
                     productName = gtest;
                     productReference = A7CCE0980D314479AB3506F3 /* gtest */;
                     productType = "com.apple.product-type.library.static";
              };
              27A8321034174522A0340EE7 /* gtest_main */ = {
                     isa = PBXNativeTarget;
                     buildConfigurationList = D4698F8E1E334576BA34AD8C /* Build configuration list for PBXNativeTarget "gtest_main" */;
                     buildPhases = (
                            B9E96AAE9C134C40B3C139FE /* Sources */,
                     );
                     buildRules = (
                     );
                     dependencies = (
                            C87FABC130084186B5EC786F /* PBXTargetDependency */,
                            063D254F34BE4F39BCD09F33 /* PBXTargetDependency */,
                     );
                     name = gtest_main;
                     productName = gtest_main;
                     productReference = 65662B8C49D64E20BA82BDE1 /* gtest_main */;
                     productType = "com.apple.product-type.library.static";
              };
/* End PBXNativeTarget section */

/* Begin PBXProject section */
              FC1D495E5D594C59AE0284C4 /* Project object */ = {
                     isa = PBXProject;
                     attributes = {
                            BuildIndependentTargetsInParallel = YES;
                     };
                     buildConfigurationList = 8108834074AF4C4FBACFBD78 /* Build configuration list for PBXProject  "gtest" */;
                     buildSettings = {
                     };
                     buildStyles = (
                            CCCC022091894F54BF2F21E1 /* Debug */,
                            34086C4FD54141AA9C6EE09C /* Release */,
                            D124C24140B4450B82924A78 /* MinSizeRel */,
                            145C3E8EC8F3464BB3884F15 /* RelWithDebInfo */,
                     );
                     compatibilityVersion = "Xcode 3.2";
                     hasScannedForEncodings = 0;
                     mainGroup = 23AC15982D1E4796A2A5DBFD;
                     projectDirPath = ".";
                     projectRoot = "";
                     targets = (
                            5A44531E698544C3B8C73B3A /* ALL_BUILD */,
                            22AF5AB4CA05406FAF23F4DF /* RUN_TESTS */,
                            1D3D32AC2F4A4755850D95C6 /* ZERO_CHECK */,
                            51460000E9D84BD989C4F7A1 /* gtest */,
                            27A8321034174522A0340EE7 /* gtest_main */,
                     );
              };
/* End PBXProject section */

/* Begin PBXShellScriptBuildPhase section */
              1C6B4D62C95A4F338467D153 /*  */ = {
                     isa = PBXShellScriptBuildPhase;
                     buildActionMask = 2147483647;
                     files = (
                     );
                     inputPaths = (
                     );
                     outputPaths = (
                     );
                     runOnlyForDeploymentPostprocessing = 0;
                     shellPath = /bin/sh;
                     shellScript = "# shell script goes here
exit 0";
                     showEnvVarsInLog = 0;
              };
              30FC7DF804734FC89F3DF250 /* CMake Rules */ = {
                     isa = PBXShellScriptBuildPhase;
                     buildActionMask = 2147483647;
                     files = (
                     );
                     name = "CMake Rules";
                     runOnlyForDeploymentPostprocessing = 0;
                     shellPath = /bin/sh;
                     shellScript = "make -C /Users/felipemoraes/Developer/search-engine/test/gtest-1.7.0 -f /Users/felipemoraes/Developer/search-engine/test/gtest-1.7.0/CMakeScripts/ALL_BUILD_cmakeRulesBuildPhase.make$CONFIGURATION all";
                     showEnvVarsInLog = 0;
              };
              8927A839988E487F9596132C /*  */ = {
                     isa = PBXShellScriptBuildPhase;
                     buildActionMask = 2147483647;
                     files = (
                     );
                     inputPaths = (
                     );
                     outputPaths = (
                     );
                     runOnlyForDeploymentPostprocessing = 0;
                     shellPath = /bin/sh;
                     shellScript = "# shell script goes here
exit 0";
                     showEnvVarsInLog = 0;
              };
              B7B5387AAD3247ACB9660F9D /* CMake PostBuild Rules */ = {
                     isa = PBXShellScriptBuildPhase;
                     buildActionMask = 2147483647;
                     files = (
                     );
                     name = "CMake PostBuild Rules";
                     runOnlyForDeploymentPostprocessing = 0;
                     shellPath = /bin/sh;
                     shellScript = "make -C /Users/felipemoraes/Developer/search-engine/test/gtest-1.7.0 -f /Users/felipemoraes/Developer/search-engine/test/gtest-1.7.0/CMakeScripts/RUN_TESTS_postBuildPhase.make$CONFIGURATION all";
                     showEnvVarsInLog = 0;
              };
              D72F70C03E1C486DB637A155 /*  */ = {
                     isa = PBXShellScriptBuildPhase;
                     buildActionMask = 2147483647;
                     files = (
                     );
                     inputPaths = (
                     );
                     outputPaths = (
                     );
                     runOnlyForDeploymentPostprocessing = 0;
                     shellPath = /bin/sh;
                     shellScript = "# shell script goes here
exit 0";
                     showEnvVarsInLog = 0;
              };
              3F516D2537B6476B9B883DAD /* CMake Rules */ = {
                     isa = PBXShellScriptBuildPhase;
                     buildActionMask = 2147483647;
                     files = (
                     );
                     name = "CMake Rules";
                     runOnlyForDeploymentPostprocessing = 0;
                     shellPath = /bin/sh;
                     shellScript = "make -C /Users/felipemoraes/Developer/search-engine/test/gtest-1.7.0 -f /Users/felipemoraes/Developer/search-engine/test/gtest-1.7.0/CMakeScripts/ZERO_CHECK_cmakeRulesBuildPhase.make$CONFIGURATION all";
                     showEnvVarsInLog = 0;
              };
/* End PBXShellScriptBuildPhase section */

/* Begin PBXSourcesBuildPhase section */
              57F18A770D2C4623B9FDCFB7 /* Sources */ = {
                     isa = PBXSourcesBuildPhase;
                     buildActionMask = 2147483647;
                     files = (
                            9A5836D76E7B4196B1B4BF2A /* /Users/felipemoraes/Developer/search-engine/test/gtest-1.7.0/src/gtest-all.cc */,
                     );
                     runOnlyForDeploymentPostprocessing = 0;
              };
              B9E96AAE9C134C40B3C139FE /* Sources */ = {
                     isa = PBXSourcesBuildPhase;
                     buildActionMask = 2147483647;
                     files = (
                            90F432410777483E81438951 /* /Users/felipemoraes/Developer/search-engine/test/gtest-1.7.0/src/gtest_main.cc */,
                     );
                     runOnlyForDeploymentPostprocessing = 0;
              };
/* End PBXSourcesBuildPhase section */

/* Begin PBXTargetDependency section */
              6D93D6FD310542D3B2253FBB /* PBXTargetDependency */ = {
                     isa = PBXTargetDependency;
                     target = 1D3D32AC2F4A4755850D95C6 /* ZERO_CHECK */;
                     targetProxy = 363432BE02C54AFCA5692481 /* PBXContainerItemProxy */;
              };
              1EE4009D56904FBEB6046CEB /* PBXTargetDependency */ = {
                     isa = PBXTargetDependency;
                     target = 51460000E9D84BD989C4F7A1 /* gtest */;
                     targetProxy = C871C30D0C3F449AA7CAC4CC /* PBXContainerItemProxy */;
              };
              CCF2C837888C46FF8CC95131 /* PBXTargetDependency */ = {
                     isa = PBXTargetDependency;
                     target = 27A8321034174522A0340EE7 /* gtest_main */;
                     targetProxy = E3A35F5AA5014C9E9D589A83 /* PBXContainerItemProxy */;
              };
              4E74249F6663493C95CE5D3D /* PBXTargetDependency */ = {
                     isa = PBXTargetDependency;
                     target = 1D3D32AC2F4A4755850D95C6 /* ZERO_CHECK */;
                     targetProxy = BB8C3965943D4766B77F34BF /* PBXContainerItemProxy */;
              };
              C87FABC130084186B5EC786F /* PBXTargetDependency */ = {
                     isa = PBXTargetDependency;
                     target = 1D3D32AC2F4A4755850D95C6 /* ZERO_CHECK */;
                     targetProxy = 8DC594233B144482BA8D9798 /* PBXContainerItemProxy */;
              };
              063D254F34BE4F39BCD09F33 /* PBXTargetDependency */ = {
                     isa = PBXTargetDependency;
                     target = 51460000E9D84BD989C4F7A1 /* gtest */;
                     targetProxy = 16D1A3A071894B8B80CADAE1 /* PBXContainerItemProxy */;
              };
/* End PBXTargetDependency section */

/* Begin XCBuildConfiguration section */
              27C378F9857247EEA680F390 /* Debug */ = {
                     isa = XCBuildConfiguration;
                     buildSettings = {
                            ARCHS = "$(ARCHS_STANDARD_32_64_BIT)";
                            ONLY_ACTIVE_ARCH = YES;
                            SDKROOT = "/Applications/Xcode.app/Contents/Developer/Platforms/MacOSX.platform/Developer/SDKs/MacOSX10.10.sdk";
                            SYMROOT = "/Users/felipemoraes/Developer/search-engine/test/gtest-1.7.0/build";
                     };
                     name = Debug;
              };
              38DF9549D5564A878D92DBE0 /* Release */ = {
                     isa = XCBuildConfiguration;
                     buildSettings = {
                            ARCHS = "$(ARCHS_STANDARD_32_64_BIT)";
                            ONLY_ACTIVE_ARCH = YES;
                            SDKROOT = "/Applications/Xcode.app/Contents/Developer/Platforms/MacOSX.platform/Developer/SDKs/MacOSX10.10.sdk";
                            SYMROOT = "/Users/felipemoraes/Developer/search-engine/test/gtest-1.7.0/build";
                     };
                     name = Release;
              };
              129A8C03F88E47EEB4FD261B /* MinSizeRel */ = {
                     isa = XCBuildConfiguration;
                     buildSettings = {
                            ARCHS = "$(ARCHS_STANDARD_32_64_BIT)";
                            ONLY_ACTIVE_ARCH = YES;
                            SDKROOT = "/Applications/Xcode.app/Contents/Developer/Platforms/MacOSX.platform/Developer/SDKs/MacOSX10.10.sdk";
                            SYMROOT = "/Users/felipemoraes/Developer/search-engine/test/gtest-1.7.0/build";
                     };
                     name = MinSizeRel;
              };
              6E22E6DD0BDE4F01BD05994A /* RelWithDebInfo */ = {
                     isa = XCBuildConfiguration;
                     buildSettings = {
                            ARCHS = "$(ARCHS_STANDARD_32_64_BIT)";
                            ONLY_ACTIVE_ARCH = YES;
                            SDKROOT = "/Applications/Xcode.app/Contents/Developer/Platforms/MacOSX.platform/Developer/SDKs/MacOSX10.10.sdk";
                            SYMROOT = "/Users/felipemoraes/Developer/search-engine/test/gtest-1.7.0/build";
                     };
                     name = RelWithDebInfo;
              };
              A85620B9B1AB4632AB5C95A8 /* Debug */ = {
                     isa = XCBuildConfiguration;
                     buildSettings = {
                            COMBINE_HIDPI_IMAGES = YES;
                            GCC_GENERATE_DEBUGGING_SYMBOLS = NO;
                            GCC_INLINES_ARE_PRIVATE_EXTERN = NO;
                            GCC_OPTIMIZATION_LEVEL = 0;
                            GCC_PREPROCESSOR_DEFINITIONS = ("'CMAKE_INTDIR=\"$(CONFIGURATION)$(EFFECTIVE_PLATFORM_NAME)\"'", );
                            GCC_SYMBOLS_PRIVATE_EXTERN = NO;
                            HEADER_SEARCH_PATHS = (/usr/local/include, "/Users/felipemoraes/Developer/search-engine/test/gtest-1.7.0/include", "/Users/felipemoraes/Developer/search-engine/test/gtest-1.7.0", );
                            INSTALL_PATH = "";
                            OTHER_CFLAGS = "  ";
                            OTHER_LDFLAGS = " ";
                            OTHER_REZFLAGS = "";
                            PRODUCT_NAME = ALL_BUILD;
                            SECTORDER_FLAGS = "";
                            SYMROOT = "/Users/felipemoraes/Developer/search-engine/test/gtest-1.7.0";
                            USE_HEADERMAP = NO;
                            WARNING_CFLAGS = ("-Wmost", "-Wno-four-char-constants", "-Wno-unknown-pragmas", "$(inherited)", );
                     };
                     name = Debug;
              };
              2D33711C4F4143E68038A0E3 /* Release */ = {
                     isa = XCBuildConfiguration;
                     buildSettings = {
                            COMBINE_HIDPI_IMAGES = YES;
                            GCC_GENERATE_DEBUGGING_SYMBOLS = NO;
                            GCC_INLINES_ARE_PRIVATE_EXTERN = NO;
                            GCC_OPTIMIZATION_LEVEL = 0;
                            GCC_PREPROCESSOR_DEFINITIONS = ("'CMAKE_INTDIR=\"$(CONFIGURATION)$(EFFECTIVE_PLATFORM_NAME)\"'", );
                            GCC_SYMBOLS_PRIVATE_EXTERN = NO;
                            HEADER_SEARCH_PATHS = (/usr/local/include, "/Users/felipemoraes/Developer/search-engine/test/gtest-1.7.0/include", "/Users/felipemoraes/Developer/search-engine/test/gtest-1.7.0", );
                            INSTALL_PATH = "";
                            OTHER_CFLAGS = "  ";
                            OTHER_LDFLAGS = " ";
                            OTHER_REZFLAGS = "";
                            PRODUCT_NAME = ALL_BUILD;
                            SECTORDER_FLAGS = "";
                            SYMROOT = "/Users/felipemoraes/Developer/search-engine/test/gtest-1.7.0";
                            USE_HEADERMAP = NO;
                            WARNING_CFLAGS = ("-Wmost", "-Wno-four-char-constants", "-Wno-unknown-pragmas", "$(inherited)", );
                     };
                     name = Release;
              };
              D6A2B9B229F147048CD1E304 /* MinSizeRel */ = {
                     isa = XCBuildConfiguration;
                     buildSettings = {
                            COMBINE_HIDPI_IMAGES = YES;
                            GCC_GENERATE_DEBUGGING_SYMBOLS = NO;
                            GCC_INLINES_ARE_PRIVATE_EXTERN = NO;
                            GCC_OPTIMIZATION_LEVEL = 0;
                            GCC_PREPROCESSOR_DEFINITIONS = ("'CMAKE_INTDIR=\"$(CONFIGURATION)$(EFFECTIVE_PLATFORM_NAME)\"'", );
                            GCC_SYMBOLS_PRIVATE_EXTERN = NO;
                            HEADER_SEARCH_PATHS = (/usr/local/include, "/Users/felipemoraes/Developer/search-engine/test/gtest-1.7.0/include", "/Users/felipemoraes/Developer/search-engine/test/gtest-1.7.0", );
                            INSTALL_PATH = "";
                            OTHER_CFLAGS = "  ";
                            OTHER_LDFLAGS = " ";
                            OTHER_REZFLAGS = "";
                            PRODUCT_NAME = ALL_BUILD;
                            SECTORDER_FLAGS = "";
                            SYMROOT = "/Users/felipemoraes/Developer/search-engine/test/gtest-1.7.0";
                            USE_HEADERMAP = NO;
                            WARNING_CFLAGS = ("-Wmost", "-Wno-four-char-constants", "-Wno-unknown-pragmas", "$(inherited)", );
                     };
                     name = MinSizeRel;
              };
              CE93145C76EF47A5B2FC77DC /* RelWithDebInfo */ = {
                     isa = XCBuildConfiguration;
                     buildSettings = {
                            COMBINE_HIDPI_IMAGES = YES;
                            GCC_GENERATE_DEBUGGING_SYMBOLS = NO;
                            GCC_INLINES_ARE_PRIVATE_EXTERN = NO;
                            GCC_OPTIMIZATION_LEVEL = 0;
                            GCC_PREPROCESSOR_DEFINITIONS = ("'CMAKE_INTDIR=\"$(CONFIGURATION)$(EFFECTIVE_PLATFORM_NAME)\"'", );
                            GCC_SYMBOLS_PRIVATE_EXTERN = NO;
                            HEADER_SEARCH_PATHS = (/usr/local/include, "/Users/felipemoraes/Developer/search-engine/test/gtest-1.7.0/include", "/Users/felipemoraes/Developer/search-engine/test/gtest-1.7.0", );
                            INSTALL_PATH = "";
                            OTHER_CFLAGS = "  ";
                            OTHER_LDFLAGS = " ";
                            OTHER_REZFLAGS = "";
                            PRODUCT_NAME = ALL_BUILD;
                            SECTORDER_FLAGS = "";
                            SYMROOT = "/Users/felipemoraes/Developer/search-engine/test/gtest-1.7.0";
                            USE_HEADERMAP = NO;
                            WARNING_CFLAGS = ("-Wmost", "-Wno-four-char-constants", "-Wno-unknown-pragmas", "$(inherited)", );
                     };
                     name = RelWithDebInfo;
              };
              72D3492039C7424CAA3768F8 /* Debug */ = {
                     isa = XCBuildConfiguration;
                     buildSettings = {
                            COMBINE_HIDPI_IMAGES = YES;
                            GCC_GENERATE_DEBUGGING_SYMBOLS = NO;
                            GCC_INLINES_ARE_PRIVATE_EXTERN = NO;
                            GCC_OPTIMIZATION_LEVEL = 0;
                            GCC_PREPROCESSOR_DEFINITIONS = ("'CMAKE_INTDIR=\"$(CONFIGURATION)$(EFFECTIVE_PLATFORM_NAME)\"'", );
                            GCC_SYMBOLS_PRIVATE_EXTERN = NO;
                            HEADER_SEARCH_PATHS = (/usr/local/include, "/Users/felipemoraes/Developer/search-engine/test/gtest-1.7.0/include", "/Users/felipemoraes/Developer/search-engine/test/gtest-1.7.0", );
                            INSTALL_PATH = "";
                            OTHER_CFLAGS = "  ";
                            OTHER_LDFLAGS = " ";
                            OTHER_REZFLAGS = "";
                            PRODUCT_NAME = RUN_TESTS;
                            SECTORDER_FLAGS = "";
                            SYMROOT = "/Users/felipemoraes/Developer/search-engine/test/gtest-1.7.0";
                            USE_HEADERMAP = NO;
                            WARNING_CFLAGS = ("-Wmost", "-Wno-four-char-constants", "-Wno-unknown-pragmas", "$(inherited)", );
                     };
                     name = Debug;
              };
              48BEEF9940D9415A84AB9505 /* Release */ = {
                     isa = XCBuildConfiguration;
                     buildSettings = {
                            COMBINE_HIDPI_IMAGES = YES;
                            GCC_GENERATE_DEBUGGING_SYMBOLS = NO;
                            GCC_INLINES_ARE_PRIVATE_EXTERN = NO;
                            GCC_OPTIMIZATION_LEVEL = 0;
                            GCC_PREPROCESSOR_DEFINITIONS = ("'CMAKE_INTDIR=\"$(CONFIGURATION)$(EFFECTIVE_PLATFORM_NAME)\"'", );
                            GCC_SYMBOLS_PRIVATE_EXTERN = NO;
                            HEADER_SEARCH_PATHS = (/usr/local/include, "/Users/felipemoraes/Developer/search-engine/test/gtest-1.7.0/include", "/Users/felipemoraes/Developer/search-engine/test/gtest-1.7.0", );
                            INSTALL_PATH = "";
                            OTHER_CFLAGS = "  ";
                            OTHER_LDFLAGS = " ";
                            OTHER_REZFLAGS = "";
                            PRODUCT_NAME = RUN_TESTS;
                            SECTORDER_FLAGS = "";
                            SYMROOT = "/Users/felipemoraes/Developer/search-engine/test/gtest-1.7.0";
                            USE_HEADERMAP = NO;
                            WARNING_CFLAGS = ("-Wmost", "-Wno-four-char-constants", "-Wno-unknown-pragmas", "$(inherited)", );
                     };
                     name = Release;
              };
              F12B568B5ADC4FD8BBCD9AC3 /* MinSizeRel */ = {
                     isa = XCBuildConfiguration;
                     buildSettings = {
                            COMBINE_HIDPI_IMAGES = YES;
                            GCC_GENERATE_DEBUGGING_SYMBOLS = NO;
                            GCC_INLINES_ARE_PRIVATE_EXTERN = NO;
                            GCC_OPTIMIZATION_LEVEL = 0;
                            GCC_PREPROCESSOR_DEFINITIONS = ("'CMAKE_INTDIR=\"$(CONFIGURATION)$(EFFECTIVE_PLATFORM_NAME)\"'", );
                            GCC_SYMBOLS_PRIVATE_EXTERN = NO;
                            HEADER_SEARCH_PATHS = (/usr/local/include, "/Users/felipemoraes/Developer/search-engine/test/gtest-1.7.0/include", "/Users/felipemoraes/Developer/search-engine/test/gtest-1.7.0", );
                            INSTALL_PATH = "";
                            OTHER_CFLAGS = "  ";
                            OTHER_LDFLAGS = " ";
                            OTHER_REZFLAGS = "";
                            PRODUCT_NAME = RUN_TESTS;
                            SECTORDER_FLAGS = "";
                            SYMROOT = "/Users/felipemoraes/Developer/search-engine/test/gtest-1.7.0";
                            USE_HEADERMAP = NO;
                            WARNING_CFLAGS = ("-Wmost", "-Wno-four-char-constants", "-Wno-unknown-pragmas", "$(inherited)", );
                     };
                     name = MinSizeRel;
              };
              EB60307A9285449AA16086C1 /* RelWithDebInfo */ = {
                     isa = XCBuildConfiguration;
                     buildSettings = {
                            COMBINE_HIDPI_IMAGES = YES;
                            GCC_GENERATE_DEBUGGING_SYMBOLS = NO;
                            GCC_INLINES_ARE_PRIVATE_EXTERN = NO;
                            GCC_OPTIMIZATION_LEVEL = 0;
                            GCC_PREPROCESSOR_DEFINITIONS = ("'CMAKE_INTDIR=\"$(CONFIGURATION)$(EFFECTIVE_PLATFORM_NAME)\"'", );
                            GCC_SYMBOLS_PRIVATE_EXTERN = NO;
                            HEADER_SEARCH_PATHS = (/usr/local/include, "/Users/felipemoraes/Developer/search-engine/test/gtest-1.7.0/include", "/Users/felipemoraes/Developer/search-engine/test/gtest-1.7.0", );
                            INSTALL_PATH = "";
                            OTHER_CFLAGS = "  ";
                            OTHER_LDFLAGS = " ";
                            OTHER_REZFLAGS = "";
                            PRODUCT_NAME = RUN_TESTS;
                            SECTORDER_FLAGS = "";
                            SYMROOT = "/Users/felipemoraes/Developer/search-engine/test/gtest-1.7.0";
                            USE_HEADERMAP = NO;
                            WARNING_CFLAGS = ("-Wmost", "-Wno-four-char-constants", "-Wno-unknown-pragmas", "$(inherited)", );
                     };
                     name = RelWithDebInfo;
              };
              6A11625514944F0ABCE835AA /* Debug */ = {
                     isa = XCBuildConfiguration;
                     buildSettings = {
                            COMBINE_HIDPI_IMAGES = YES;
                            GCC_GENERATE_DEBUGGING_SYMBOLS = NO;
                            GCC_INLINES_ARE_PRIVATE_EXTERN = NO;
                            GCC_OPTIMIZATION_LEVEL = 0;
                            GCC_PREPROCESSOR_DEFINITIONS = ("'CMAKE_INTDIR=\"$(CONFIGURATION)$(EFFECTIVE_PLATFORM_NAME)\"'", );
                            GCC_SYMBOLS_PRIVATE_EXTERN = NO;
                            HEADER_SEARCH_PATHS = (/usr/local/include, "/Users/felipemoraes/Developer/search-engine/test/gtest-1.7.0/include", "/Users/felipemoraes/Developer/search-engine/test/gtest-1.7.0", );
                            INSTALL_PATH = "";
                            OTHER_CFLAGS = "  ";
                            OTHER_LDFLAGS = " ";
                            OTHER_REZFLAGS = "";
                            PRODUCT_NAME = ZERO_CHECK;
                            SECTORDER_FLAGS = "";
                            SYMROOT = "/Users/felipemoraes/Developer/search-engine/test/gtest-1.7.0";
                            USE_HEADERMAP = NO;
                            WARNING_CFLAGS = ("-Wmost", "-Wno-four-char-constants", "-Wno-unknown-pragmas", "$(inherited)", );
                     };
                     name = Debug;
              };
              A00453DA737649D4A169C6D2 /* Release */ = {
                     isa = XCBuildConfiguration;
                     buildSettings = {
                            COMBINE_HIDPI_IMAGES = YES;
                            GCC_GENERATE_DEBUGGING_SYMBOLS = NO;
                            GCC_INLINES_ARE_PRIVATE_EXTERN = NO;
                            GCC_OPTIMIZATION_LEVEL = 0;
                            GCC_PREPROCESSOR_DEFINITIONS = ("'CMAKE_INTDIR=\"$(CONFIGURATION)$(EFFECTIVE_PLATFORM_NAME)\"'", );
                            GCC_SYMBOLS_PRIVATE_EXTERN = NO;
                            HEADER_SEARCH_PATHS = (/usr/local/include, "/Users/felipemoraes/Developer/search-engine/test/gtest-1.7.0/include", "/Users/felipemoraes/Developer/search-engine/test/gtest-1.7.0", );
                            INSTALL_PATH = "";
                            OTHER_CFLAGS = "  ";
                            OTHER_LDFLAGS = " ";
                            OTHER_REZFLAGS = "";
                            PRODUCT_NAME = ZERO_CHECK;
                            SECTORDER_FLAGS = "";
                            SYMROOT = "/Users/felipemoraes/Developer/search-engine/test/gtest-1.7.0";
                            USE_HEADERMAP = NO;
                            WARNING_CFLAGS = ("-Wmost", "-Wno-four-char-constants", "-Wno-unknown-pragmas", "$(inherited)", );
                     };
                     name = Release;
              };
              B342AB536F6448C891A42AE3 /* MinSizeRel */ = {
                     isa = XCBuildConfiguration;
                     buildSettings = {
                            COMBINE_HIDPI_IMAGES = YES;
                            GCC_GENERATE_DEBUGGING_SYMBOLS = NO;
                            GCC_INLINES_ARE_PRIVATE_EXTERN = NO;
                            GCC_OPTIMIZATION_LEVEL = 0;
                            GCC_PREPROCESSOR_DEFINITIONS = ("'CMAKE_INTDIR=\"$(CONFIGURATION)$(EFFECTIVE_PLATFORM_NAME)\"'", );
                            GCC_SYMBOLS_PRIVATE_EXTERN = NO;
                            HEADER_SEARCH_PATHS = (/usr/local/include, "/Users/felipemoraes/Developer/search-engine/test/gtest-1.7.0/include", "/Users/felipemoraes/Developer/search-engine/test/gtest-1.7.0", );
                            INSTALL_PATH = "";
                            OTHER_CFLAGS = "  ";
                            OTHER_LDFLAGS = " ";
                            OTHER_REZFLAGS = "";
                            PRODUCT_NAME = ZERO_CHECK;
                            SECTORDER_FLAGS = "";
                            SYMROOT = "/Users/felipemoraes/Developer/search-engine/test/gtest-1.7.0";
                            USE_HEADERMAP = NO;
                            WARNING_CFLAGS = ("-Wmost", "-Wno-four-char-constants", "-Wno-unknown-pragmas", "$(inherited)", );
                     };
                     name = MinSizeRel;
              };
              3D1A45B6324B4A9887B18306 /* RelWithDebInfo */ = {
                     isa = XCBuildConfiguration;
                     buildSettings = {
                            COMBINE_HIDPI_IMAGES = YES;
                            GCC_GENERATE_DEBUGGING_SYMBOLS = NO;
                            GCC_INLINES_ARE_PRIVATE_EXTERN = NO;
                            GCC_OPTIMIZATION_LEVEL = 0;
                            GCC_PREPROCESSOR_DEFINITIONS = ("'CMAKE_INTDIR=\"$(CONFIGURATION)$(EFFECTIVE_PLATFORM_NAME)\"'", );
                            GCC_SYMBOLS_PRIVATE_EXTERN = NO;
                            HEADER_SEARCH_PATHS = (/usr/local/include, "/Users/felipemoraes/Developer/search-engine/test/gtest-1.7.0/include", "/Users/felipemoraes/Developer/search-engine/test/gtest-1.7.0", );
                            INSTALL_PATH = "";
                            OTHER_CFLAGS = "  ";
                            OTHER_LDFLAGS = " ";
                            OTHER_REZFLAGS = "";
                            PRODUCT_NAME = ZERO_CHECK;
                            SECTORDER_FLAGS = "";
                            SYMROOT = "/Users/felipemoraes/Developer/search-engine/test/gtest-1.7.0";
                            USE_HEADERMAP = NO;
                            WARNING_CFLAGS = ("-Wmost", "-Wno-four-char-constants", "-Wno-unknown-pragmas", "$(inherited)", );
                     };
                     name = RelWithDebInfo;
              };
              25E48EDCEC654D55A5EBAD87 /* Debug */ = {
                     isa = XCBuildConfiguration;
                     buildSettings = {
                            COMBINE_HIDPI_IMAGES = YES;
                            EXECUTABLE_PREFIX = lib;
                            EXECUTABLE_SUFFIX = ".a";
                            GCC_GENERATE_DEBUGGING_SYMBOLS = NO;
                            GCC_INLINES_ARE_PRIVATE_EXTERN = NO;
                            GCC_OPTIMIZATION_LEVEL = 3;
                            GCC_PREPROCESSOR_DEFINITIONS = ("'CMAKE_INTDIR=\"$(CONFIGURATION)$(EFFECTIVE_PLATFORM_NAME)\"'", );
                            GCC_SYMBOLS_PRIVATE_EXTERN = NO;
                            HEADER_SEARCH_PATHS = (/usr/local/include, "/Users/felipemoraes/Developer/search-engine/test/gtest-1.7.0/include", "/Users/felipemoraes/Developer/search-engine/test/gtest-1.7.0", );
                            INSTALL_PATH = "";
                            LIBRARY_STYLE = STATIC;
                            OTHER_CFLAGS = "    -std=c++1y     -Wno-deprecated-declarations  -DGTEST_HAS_PTHREAD=1   -g  ";
                            OTHER_CPLUSPLUSFLAGS = " -std=c++1y     -Wno-deprecated-declarations    -Wall                -std=c++1y     -Wno-deprecated-declarations  -DGTEST_HAS_PTHREAD=1   -ggdb  ";
                            OTHER_LIBTOOLFLAGS = " ";
                            OTHER_REZFLAGS = "";
                            PRODUCT_NAME = gtest;
                            SECTORDER_FLAGS = "";
                            SYMROOT = "/Users/felipemoraes/Developer/search-engine/test/gtest-1.7.0";
                            USE_HEADERMAP = NO;
                            WARNING_CFLAGS = ("-Wmost", "-Wno-four-char-constants", "-Wno-unknown-pragmas", "$(inherited)", );
                     };
                     name = Debug;
              };
              4E64EF11F7E54447ADAE70E6 /* Release */ = {
                     isa = XCBuildConfiguration;
                     buildSettings = {
                            COMBINE_HIDPI_IMAGES = YES;
                            EXECUTABLE_PREFIX = lib;
                            EXECUTABLE_SUFFIX = ".a";
                            GCC_GENERATE_DEBUGGING_SYMBOLS = NO;
                            GCC_INLINES_ARE_PRIVATE_EXTERN = NO;
                            GCC_OPTIMIZATION_LEVEL = 3;
                            GCC_PREPROCESSOR_DEFINITIONS = ("'CMAKE_INTDIR=\"$(CONFIGURATION)$(EFFECTIVE_PLATFORM_NAME)\"'", );
                            GCC_SYMBOLS_PRIVATE_EXTERN = NO;
                            HEADER_SEARCH_PATHS = (/usr/local/include, "/Users/felipemoraes/Developer/search-engine/test/gtest-1.7.0/include", "/Users/felipemoraes/Developer/search-engine/test/gtest-1.7.0", );
                            INSTALL_PATH = "";
                            LIBRARY_STYLE = STATIC;
                            OTHER_CFLAGS = "    -DNDEBUG  -std=c++1y     -Wno-deprecated-declarations  -DGTEST_HAS_PTHREAD=1    ";
                            OTHER_CPLUSPLUSFLAGS = " -std=c++1y     -Wno-deprecated-declarations     -DNDEBUG  -std=c++1y     -Wno-deprecated-declarations  -DGTEST_HAS_PTHREAD=1    ";
                            OTHER_LIBTOOLFLAGS = " ";
                            OTHER_REZFLAGS = "";
                            PRODUCT_NAME = gtest;
                            SECTORDER_FLAGS = "";
                            SYMROOT = "/Users/felipemoraes/Developer/search-engine/test/gtest-1.7.0";
                            USE_HEADERMAP = NO;
                            WARNING_CFLAGS = ("-Wmost", "-Wno-four-char-constants", "-Wno-unknown-pragmas", "$(inherited)", );
                     };
                     name = Release;
              };
              F71124AC3E154777B7607F10 /* MinSizeRel */ = {
                     isa = XCBuildConfiguration;
                     buildSettings = {
                            COMBINE_HIDPI_IMAGES = YES;
                            EXECUTABLE_PREFIX = lib;
                            EXECUTABLE_SUFFIX = ".a";
                            GCC_GENERATE_DEBUGGING_SYMBOLS = NO;
                            GCC_INLINES_ARE_PRIVATE_EXTERN = NO;
                            GCC_OPTIMIZATION_LEVEL = 3;
                            GCC_PREPROCESSOR_DEFINITIONS = ("'CMAKE_INTDIR=\"$(CONFIGURATION)$(EFFECTIVE_PLATFORM_NAME)\"'", );
                            GCC_SYMBOLS_PRIVATE_EXTERN = NO;
                            HEADER_SEARCH_PATHS = (/usr/local/include, "/Users/felipemoraes/Developer/search-engine/test/gtest-1.7.0/include", "/Users/felipemoraes/Developer/search-engine/test/gtest-1.7.0", );
                            INSTALL_PATH = "";
                            LIBRARY_STYLE = STATIC;
                            OTHER_CFLAGS = "    -DNDEBUG  -std=c++1y     -Wno-deprecated-declarations  -DGTEST_HAS_PTHREAD=1    ";
                            OTHER_CPLUSPLUSFLAGS = " -std=c++1y     -Wno-deprecated-declarations     -DNDEBUG  -std=c++1y     -Wno-deprecated-declarations  -DGTEST_HAS_PTHREAD=1    ";
                            OTHER_LIBTOOLFLAGS = " ";
                            OTHER_REZFLAGS = "";
                            PRODUCT_NAME = gtest;
                            SECTORDER_FLAGS = "";
                            SYMROOT = "/Users/felipemoraes/Developer/search-engine/test/gtest-1.7.0";
                            USE_HEADERMAP = NO;
                            WARNING_CFLAGS = ("-Wmost", "-Wno-four-char-constants", "-Wno-unknown-pragmas", "$(inherited)", );
                     };
                     name = MinSizeRel;
              };
              6DC66F7E84414DBFAF8D7D86 /* RelWithDebInfo */ = {
                     isa = XCBuildConfiguration;
                     buildSettings = {
                            COMBINE_HIDPI_IMAGES = YES;
                            EXECUTABLE_PREFIX = lib;
                            EXECUTABLE_SUFFIX = ".a";
                            GCC_GENERATE_DEBUGGING_SYMBOLS = YES;
                            GCC_INLINES_ARE_PRIVATE_EXTERN = NO;
                            GCC_OPTIMIZATION_LEVEL = 3;
                            GCC_PREPROCESSOR_DEFINITIONS = ("'CMAKE_INTDIR=\"$(CONFIGURATION)$(EFFECTIVE_PLATFORM_NAME)\"'", );
                            GCC_SYMBOLS_PRIVATE_EXTERN = NO;
                            HEADER_SEARCH_PATHS = (/usr/local/include, "/Users/felipemoraes/Developer/search-engine/test/gtest-1.7.0/include", "/Users/felipemoraes/Developer/search-engine/test/gtest-1.7.0", );
                            INSTALL_PATH = "";
                            LIBRARY_STYLE = STATIC;
                            OTHER_CFLAGS = "       -DNDEBUG  -std=c++1y     -Wno-deprecated-declarations  -DGTEST_HAS_PTHREAD=1    ";
                            OTHER_CPLUSPLUSFLAGS = " -std=c++1y     -Wno-deprecated-declarations        -DNDEBUG  -std=c++1y     -Wno-deprecated-declarations  -DGTEST_HAS_PTHREAD=1    ";
                            OTHER_LIBTOOLFLAGS = " ";
                            OTHER_REZFLAGS = "";
                            PRODUCT_NAME = gtest;
                            SECTORDER_FLAGS = "";
                            SYMROOT = "/Users/felipemoraes/Developer/search-engine/test/gtest-1.7.0";
                            USE_HEADERMAP = NO;
                            WARNING_CFLAGS = ("-Wmost", "-Wno-four-char-constants", "-Wno-unknown-pragmas", "$(inherited)", );
                     };
                     name = RelWithDebInfo;
              };
              4F891B736C09476AACD9B56A /* Debug */ = {
                     isa = XCBuildConfiguration;
                     buildSettings = {
                            COMBINE_HIDPI_IMAGES = YES;
                            EXECUTABLE_PREFIX = lib;
                            EXECUTABLE_SUFFIX = ".a";
                            GCC_GENERATE_DEBUGGING_SYMBOLS = NO;
                            GCC_INLINES_ARE_PRIVATE_EXTERN = NO;
                            GCC_OPTIMIZATION_LEVEL = 3;
                            GCC_PREPROCESSOR_DEFINITIONS = ("'CMAKE_INTDIR=\"$(CONFIGURATION)$(EFFECTIVE_PLATFORM_NAME)\"'", );
                            GCC_SYMBOLS_PRIVATE_EXTERN = NO;
                            HEADER_SEARCH_PATHS = (/usr/local/include, "/Users/felipemoraes/Developer/search-engine/test/gtest-1.7.0/include", "/Users/felipemoraes/Developer/search-engine/test/gtest-1.7.0", );
                            INSTALL_PATH = "";
                            LIBRARY_STYLE = STATIC;
                            OTHER_CFLAGS = "    -std=c++1y     -Wno-deprecated-declarations  -DGTEST_HAS_PTHREAD=1   -g  ";
                            OTHER_CPLUSPLUSFLAGS = " -std=c++1y     -Wno-deprecated-declarations    -Wall                -std=c++1y     -Wno-deprecated-declarations  -DGTEST_HAS_PTHREAD=1   -ggdb  ";
                            OTHER_LIBTOOLFLAGS = " ";
                            OTHER_REZFLAGS = "";
                            PRODUCT_NAME = gtest_main;
                            SECTORDER_FLAGS = "";
                            SYMROOT = "/Users/felipemoraes/Developer/search-engine/test/gtest-1.7.0";
                            USE_HEADERMAP = NO;
                            WARNING_CFLAGS = ("-Wmost", "-Wno-four-char-constants", "-Wno-unknown-pragmas", "$(inherited)", );
                     };
                     name = Debug;
              };
              45C664B08CAD4B52BDC4437E /* Release */ = {
                     isa = XCBuildConfiguration;
                     buildSettings = {
                            COMBINE_HIDPI_IMAGES = YES;
                            EXECUTABLE_PREFIX = lib;
                            EXECUTABLE_SUFFIX = ".a";
                            GCC_GENERATE_DEBUGGING_SYMBOLS = NO;
                            GCC_INLINES_ARE_PRIVATE_EXTERN = NO;
                            GCC_OPTIMIZATION_LEVEL = 3;
                            GCC_PREPROCESSOR_DEFINITIONS = ("'CMAKE_INTDIR=\"$(CONFIGURATION)$(EFFECTIVE_PLATFORM_NAME)\"'", );
                            GCC_SYMBOLS_PRIVATE_EXTERN = NO;
                            HEADER_SEARCH_PATHS = (/usr/local/include, "/Users/felipemoraes/Developer/search-engine/test/gtest-1.7.0/include", "/Users/felipemoraes/Developer/search-engine/test/gtest-1.7.0", );
                            INSTALL_PATH = "";
                            LIBRARY_STYLE = STATIC;
                            OTHER_CFLAGS = "    -DNDEBUG  -std=c++1y     -Wno-deprecated-declarations  -DGTEST_HAS_PTHREAD=1    ";
                            OTHER_CPLUSPLUSFLAGS = " -std=c++1y     -Wno-deprecated-declarations     -DNDEBUG  -std=c++1y     -Wno-deprecated-declarations  -DGTEST_HAS_PTHREAD=1    ";
                            OTHER_LIBTOOLFLAGS = " ";
                            OTHER_REZFLAGS = "";
                            PRODUCT_NAME = gtest_main;
                            SECTORDER_FLAGS = "";
                            SYMROOT = "/Users/felipemoraes/Developer/search-engine/test/gtest-1.7.0";
                            USE_HEADERMAP = NO;
                            WARNING_CFLAGS = ("-Wmost", "-Wno-four-char-constants", "-Wno-unknown-pragmas", "$(inherited)", );
                     };
                     name = Release;
              };
              0AA3E6E63F0C47BFB8508839 /* MinSizeRel */ = {
                     isa = XCBuildConfiguration;
                     buildSettings = {
                            COMBINE_HIDPI_IMAGES = YES;
                            EXECUTABLE_PREFIX = lib;
                            EXECUTABLE_SUFFIX = ".a";
                            GCC_GENERATE_DEBUGGING_SYMBOLS = NO;
                            GCC_INLINES_ARE_PRIVATE_EXTERN = NO;
                            GCC_OPTIMIZATION_LEVEL = 3;
                            GCC_PREPROCESSOR_DEFINITIONS = ("'CMAKE_INTDIR=\"$(CONFIGURATION)$(EFFECTIVE_PLATFORM_NAME)\"'", );
                            GCC_SYMBOLS_PRIVATE_EXTERN = NO;
                            HEADER_SEARCH_PATHS = (/usr/local/include, "/Users/felipemoraes/Developer/search-engine/test/gtest-1.7.0/include", "/Users/felipemoraes/Developer/search-engine/test/gtest-1.7.0", );
                            INSTALL_PATH = "";
                            LIBRARY_STYLE = STATIC;
                            OTHER_CFLAGS = "    -DNDEBUG  -std=c++1y     -Wno-deprecated-declarations  -DGTEST_HAS_PTHREAD=1    ";
                            OTHER_CPLUSPLUSFLAGS = " -std=c++1y     -Wno-deprecated-declarations     -DNDEBUG  -std=c++1y     -Wno-deprecated-declarations  -DGTEST_HAS_PTHREAD=1    ";
                            OTHER_LIBTOOLFLAGS = " ";
                            OTHER_REZFLAGS = "";
                            PRODUCT_NAME = gtest_main;
                            SECTORDER_FLAGS = "";
                            SYMROOT = "/Users/felipemoraes/Developer/search-engine/test/gtest-1.7.0";
                            USE_HEADERMAP = NO;
                            WARNING_CFLAGS = ("-Wmost", "-Wno-four-char-constants", "-Wno-unknown-pragmas", "$(inherited)", );
                     };
                     name = MinSizeRel;
              };
              F3227E365F4548969963E87A /* RelWithDebInfo */ = {
                     isa = XCBuildConfiguration;
                     buildSettings = {
                            COMBINE_HIDPI_IMAGES = YES;
                            EXECUTABLE_PREFIX = lib;
                            EXECUTABLE_SUFFIX = ".a";
                            GCC_GENERATE_DEBUGGING_SYMBOLS = YES;
                            GCC_INLINES_ARE_PRIVATE_EXTERN = NO;
                            GCC_OPTIMIZATION_LEVEL = 3;
                            GCC_PREPROCESSOR_DEFINITIONS = ("'CMAKE_INTDIR=\"$(CONFIGURATION)$(EFFECTIVE_PLATFORM_NAME)\"'", );
                            GCC_SYMBOLS_PRIVATE_EXTERN = NO;
                            HEADER_SEARCH_PATHS = (/usr/local/include, "/Users/felipemoraes/Developer/search-engine/test/gtest-1.7.0/include", "/Users/felipemoraes/Developer/search-engine/test/gtest-1.7.0", );
                            INSTALL_PATH = "";
                            LIBRARY_STYLE = STATIC;
                            OTHER_CFLAGS = "       -DNDEBUG  -std=c++1y     -Wno-deprecated-declarations  -DGTEST_HAS_PTHREAD=1    ";
                            OTHER_CPLUSPLUSFLAGS = " -std=c++1y     -Wno-deprecated-declarations        -DNDEBUG  -std=c++1y     -Wno-deprecated-declarations  -DGTEST_HAS_PTHREAD=1    ";
                            OTHER_LIBTOOLFLAGS = " ";
                            OTHER_REZFLAGS = "";
                            PRODUCT_NAME = gtest_main;
                            SECTORDER_FLAGS = "";
                            SYMROOT = "/Users/felipemoraes/Developer/search-engine/test/gtest-1.7.0";
                            USE_HEADERMAP = NO;
                            WARNING_CFLAGS = ("-Wmost", "-Wno-four-char-constants", "-Wno-unknown-pragmas", "$(inherited)", );
                     };
                     name = RelWithDebInfo;
              };
/* End XCBuildConfiguration section */

/* Begin XCConfigurationList section */
              8108834074AF4C4FBACFBD78 /* Build configuration list for PBXProject  "gtest" */ = {
                     isa = XCConfigurationList;
                     buildConfigurations = (
                            27C378F9857247EEA680F390 /* Debug */,
                            38DF9549D5564A878D92DBE0 /* Release */,
                            129A8C03F88E47EEB4FD261B /* MinSizeRel */,
                            6E22E6DD0BDE4F01BD05994A /* RelWithDebInfo */,
                     );
                     defaultConfigurationIsVisible = 0;
                     defaultConfigurationName = Debug;
              };
              B95E9FAC70214A63BC24FFB5 /* Build configuration list for PBXAggregateTarget "ALL_BUILD" */ = {
                     isa = XCConfigurationList;
                     buildConfigurations = (
                            A85620B9B1AB4632AB5C95A8 /* Debug */,
                            2D33711C4F4143E68038A0E3 /* Release */,
                            D6A2B9B229F147048CD1E304 /* MinSizeRel */,
                            CE93145C76EF47A5B2FC77DC /* RelWithDebInfo */,
                     );
                     defaultConfigurationIsVisible = 0;
                     defaultConfigurationName = Debug;
              };
              110F819DF3CE45199856ADA3 /* Build configuration list for PBXAggregateTarget "RUN_TESTS" */ = {
                     isa = XCConfigurationList;
                     buildConfigurations = (
                            72D3492039C7424CAA3768F8 /* Debug */,
                            48BEEF9940D9415A84AB9505 /* Release */,
                            F12B568B5ADC4FD8BBCD9AC3 /* MinSizeRel */,
                            EB60307A9285449AA16086C1 /* RelWithDebInfo */,
                     );
                     defaultConfigurationIsVisible = 0;
                     defaultConfigurationName = Debug;
              };
              374CB40B219A40529364722E /* Build configuration list for PBXAggregateTarget "ZERO_CHECK" */ = {
                     isa = XCConfigurationList;
                     buildConfigurations = (
                            6A11625514944F0ABCE835AA /* Debug */,
                            A00453DA737649D4A169C6D2 /* Release */,
                            B342AB536F6448C891A42AE3 /* MinSizeRel */,
                            3D1A45B6324B4A9887B18306 /* RelWithDebInfo */,
                     );
                     defaultConfigurationIsVisible = 0;
                     defaultConfigurationName = Debug;
              };
              4D775521151F4FB6887B4663 /* Build configuration list for PBXNativeTarget "gtest" */ = {
                     isa = XCConfigurationList;
                     buildConfigurations = (
                            25E48EDCEC654D55A5EBAD87 /* Debug */,
                            4E64EF11F7E54447ADAE70E6 /* Release */,
                            F71124AC3E154777B7607F10 /* MinSizeRel */,
                            6DC66F7E84414DBFAF8D7D86 /* RelWithDebInfo */,
                     );
                     defaultConfigurationIsVisible = 0;
                     defaultConfigurationName = Debug;
              };
              D4698F8E1E334576BA34AD8C /* Build configuration list for PBXNativeTarget "gtest_main" */ = {
                     isa = XCConfigurationList;
                     buildConfigurations = (
                            4F891B736C09476AACD9B56A /* Debug */,
                            45C664B08CAD4B52BDC4437E /* Release */,
                            0AA3E6E63F0C47BFB8508839 /* MinSizeRel */,
                            F3227E365F4548969963E87A /* RelWithDebInfo */,
                     );
                     defaultConfigurationIsVisible = 0;
                     defaultConfigurationName = Debug;
              };
/* End XCConfigurationList section */
       };
       rootObject = FC1D495E5D594C59AE0284C4;
}
