// !$*UTF8*$!
{
	archiveVersion = 1;
	classes = {
	};
	objectVersion = 46;
	objects = {

/* Begin PBXAggregateTarget section */
		0FA295C7E17B44EFB51FE662 /* ALL_BUILD */ = {
			isa = PBXAggregateTarget;
			buildConfigurationList = 6E350CC9E98F4DD7BA668985 /* Build configuration list for PBXAggregateTarget "ALL_BUILD" */;
			buildPhases = (
				15BFD8B872F643D09F30E0D7 /* CMake Rules */,
			);
			dependencies = (
				AFAF93E342D94AA08795AB69 /* PBXTargetDependency */,
				900FDDEEF99E40948D95EB33 /* PBXTargetDependency */,
				6FBC659FB9E6444E9F2B861A /* PBXTargetDependency */,
				421C502173F94E5DA930FD2C /* PBXTargetDependency */,
				47F19A25798641CAAAB28C76 /* PBXTargetDependency */,
			);
			name = ALL_BUILD;
			productName = ALL_BUILD;
		};
		B12D80E5BD384EA6B6649CA6 /* ZERO_CHECK */ = {
			isa = PBXAggregateTarget;
			buildConfigurationList = F2148FB751C14174A0438E92 /* Build configuration list for PBXAggregateTarget "ZERO_CHECK" */;
			buildPhases = (
				E05CE1362F6742ADB2B11A47 /* CMake Rules */,
			);
			dependencies = (
			);
			name = ZERO_CHECK;
			productName = ZERO_CHECK;
		};
/* End PBXAggregateTarget section */

/* Begin PBXBuildFile section */
		12FBC95036334CFEB57EA684 /* main.cc in Sources */ = {isa = PBXBuildFile; fileRef = 0C67ED212C6A43A196099156 /* main.cc */; settings = {COMPILER_FLAGS = ""; }; };
		279A9395639F467E8BAE59F6 /* reducer.cc in Sources */ = {isa = PBXBuildFile; fileRef = A76E57CB2C1E455EB330207A /* reducer.cc */; settings = {COMPILER_FLAGS = ""; }; };
		603FC6B1F586403AB4570BE4 /* mapper.cc in Sources */ = {isa = PBXBuildFile; fileRef = 3EC96D1ED1014AC588234925 /* mapper.cc */; settings = {COMPILER_FLAGS = ""; }; };
		6E3D7B822DF34657B8897666 /* page.cc in Sources */ = {isa = PBXBuildFile; fileRef = B65B507574194621A56696B5 /* page.cc */; settings = {COMPILER_FLAGS = ""; }; };
		80C8A6D7B9F24F6090D857F2 /* term_occurrence.cc in Sources */ = {isa = PBXBuildFile; fileRef = 462A61053D134B79AD7B859F /* term_occurrence.cc */; settings = {COMPILER_FLAGS = ""; }; };
		93CD58A9875A4722AE1ADAB4 /* CollectionWriter.cpp in Sources */ = {isa = PBXBuildFile; fileRef = 4A60AE45EAB24578B52C4166 /* CollectionWriter.cpp */; settings = {COMPILER_FLAGS = ""; }; };
		DFF15D6795294CB087D9A751 /* Document.cpp in Sources */ = {isa = PBXBuildFile; fileRef = F6A50EE642584521B56E97CA /* Document.cpp */; settings = {COMPILER_FLAGS = ""; }; };
		FC4FCDF76C544923A50D70AE /* CollectionReader.cpp in Sources */ = {isa = PBXBuildFile; fileRef = 55FFC687EB424AA19A4B9070 /* CollectionReader.cpp */; settings = {COMPILER_FLAGS = ""; }; };
/* End PBXBuildFile section */

/* Begin PBXContainerItemProxy section */
		05BB569D37104F3F8CCEEF47 /* PBXContainerItemProxy */ = {
			isa = PBXContainerItemProxy;
			containerPortal = 6CA4E3F1B1FD42958FF841E1 /* Project object */;
			proxyType = 1;
			remoteGlobalIDString = B12D80E5BD384EA6B6649CA6;
			remoteInfo = ZERO_CHECK;
		};
		1F94583FD2B24A9CBA630905 /* PBXContainerItemProxy */ = {
			isa = PBXContainerItemProxy;
			containerPortal = 6CA4E3F1B1FD42958FF841E1 /* Project object */;
			proxyType = 1;
			remoteGlobalIDString = 9D78BD6C94A4453BBFF66F94;
			remoteInfo = RICPlib;
		};
		338459B2BF274ED8A2A09A59 /* PBXContainerItemProxy */ = {
			isa = PBXContainerItemProxy;
			containerPortal = 6CA4E3F1B1FD42958FF841E1 /* Project object */;
			proxyType = 1;
			remoteGlobalIDString = B12D80E5BD384EA6B6649CA6;
			remoteInfo = ZERO_CHECK;
		};
		5543B490725F40FFA7B28900 /* PBXContainerItemProxy */ = {
			isa = PBXContainerItemProxy;
			containerPortal = 6CA4E3F1B1FD42958FF841E1 /* Project object */;
			proxyType = 1;
			remoteGlobalIDString = B12D80E5BD384EA6B6649CA6;
			remoteInfo = ZERO_CHECK;
		};
		80AFD7CE88CE4BB89C18B8AA /* PBXContainerItemProxy */ = {
			isa = PBXContainerItemProxy;
			containerPortal = 6CA4E3F1B1FD42958FF841E1 /* Project object */;
			proxyType = 1;
			remoteGlobalIDString = 9D78BD6C94A4453BBFF66F94;
			remoteInfo = RICPlib;
		};
		847FD6FC78DC4A55997CC47E /* PBXContainerItemProxy */ = {
			isa = PBXContainerItemProxy;
			containerPortal = 6CA4E3F1B1FD42958FF841E1 /* Project object */;
			proxyType = 1;
			remoteGlobalIDString = 87ED50B891A7402DB5E9BE26;
			remoteInfo = index;
		};
		85E6D82F9765400999E430BF /* PBXContainerItemProxy */ = {
			isa = PBXContainerItemProxy;
			containerPortal = 6CA4E3F1B1FD42958FF841E1 /* Project object */;
			proxyType = 1;
			remoteGlobalIDString = B12D80E5BD384EA6B6649CA6;
			remoteInfo = ZERO_CHECK;
		};
		AF9A61FCFB074B5995EECD95 /* PBXContainerItemProxy */ = {
			isa = PBXContainerItemProxy;
			containerPortal = 6CA4E3F1B1FD42958FF841E1 /* Project object */;
			proxyType = 1;
			remoteGlobalIDString = 58B5D6AF6E08483E9C1E8298;
			remoteInfo = indexer;
		};
		BDDBDBBC4B9D476AA6FCFA6E /* PBXContainerItemProxy */ = {
			isa = PBXContainerItemProxy;
			containerPortal = 6CA4E3F1B1FD42958FF841E1 /* Project object */;
			proxyType = 1;
			remoteGlobalIDString = B12D80E5BD384EA6B6649CA6;
			remoteInfo = ZERO_CHECK;
		};
		CD9918D975FA42DDAD9D206D /* PBXContainerItemProxy */ = {
			isa = PBXContainerItemProxy;
			containerPortal = 6CA4E3F1B1FD42958FF841E1 /* Project object */;
			proxyType = 1;
			remoteGlobalIDString = 2D44B9C7FB5B44338CBBEF0B;
			remoteInfo = common;
		};
		F01301D6115A4ABF91C8CA81 /* PBXContainerItemProxy */ = {
			isa = PBXContainerItemProxy;
			containerPortal = 6CA4E3F1B1FD42958FF841E1 /* Project object */;
			proxyType = 1;
			remoteGlobalIDString = 2D44B9C7FB5B44338CBBEF0B;
			remoteInfo = common;
		};
		F1E06110379D486182ED07BF /* PBXContainerItemProxy */ = {
			isa = PBXContainerItemProxy;
			containerPortal = 6CA4E3F1B1FD42958FF841E1 /* Project object */;
			proxyType = 1;
			remoteGlobalIDString = 87ED50B891A7402DB5E9BE26;
			remoteInfo = index;
		};
/* End PBXContainerItemProxy section */

/* Begin PBXFileReference section */
		03A9DC03ED15417AACA7BC05 /* reducer.h */ = {isa = PBXFileReference; explicitFileType = sourcecode.c.h; fileEncoding = 4; name = reducer.h; path = lib/index/reducer.h; sourceTree = SOURCE_ROOT; };
		0C67ED212C6A43A196099156 /* main.cc */ = {isa = PBXFileReference; explicitFileType = sourcecode.cpp.cpp; fileEncoding = 4; name = main.cc; path = src/indexer/main.cc; sourceTree = SOURCE_ROOT; };
		0E7A687FF9C246179320506B /* Document.h */ = {isa = PBXFileReference; explicitFileType = sourcecode.c.h; fileEncoding = 4; name = Document.h; path = lib/riCode/Document.h; sourceTree = SOURCE_ROOT; };
		1ECDF57758A04EFF9DF593F7 /* envDefault.h */ = {isa = PBXFileReference; explicitFileType = sourcecode.c.h; fileEncoding = 4; name = envDefault.h; path = lib/riCode/envDefault.h; sourceTree = SOURCE_ROOT; };
		2145863C30DE4A8581D87BDA /* CMakeLists.txt */ = {isa = PBXFileReference; explicitFileType = sourcecode.text; fileEncoding = 4; lastKnownFileType = text; name = CMakeLists.txt; path = lib/riCode/CMakeLists.txt; sourceTree = SOURCE_ROOT; };
		23098A62DF134B32B378B41A /* CMakeLists.txt */ = {isa = PBXFileReference; explicitFileType = sourcecode.text; fileEncoding = 4; lastKnownFileType = text; path = CMakeLists.txt; sourceTree = SOURCE_ROOT; };
		3EC96D1ED1014AC588234925 /* mapper.cc */ = {isa = PBXFileReference; explicitFileType = sourcecode.cpp.cpp; fileEncoding = 4; name = mapper.cc; path = lib/index/mapper.cc; sourceTree = SOURCE_ROOT; };
		44B36744A6BD42C4AAC16BB6 /* CMakeLists.txt */ = {isa = PBXFileReference; explicitFileType = sourcecode.text; fileEncoding = 4; lastKnownFileType = text; name = CMakeLists.txt; path = src/indexer/CMakeLists.txt; sourceTree = SOURCE_ROOT; };
		462A61053D134B79AD7B859F /* term_occurrence.cc */ = {isa = PBXFileReference; explicitFileType = sourcecode.cpp.cpp; fileEncoding = 4; name = term_occurrence.cc; path = lib/common/term_occurrence.cc; sourceTree = SOURCE_ROOT; };
		49F9CF123883466186CF33F1 /* CMakeLists.txt */ = {isa = PBXFileReference; explicitFileType = sourcecode.text; fileEncoding = 4; lastKnownFileType = text; path = CMakeLists.txt; sourceTree = SOURCE_ROOT; };
		4A60AE45EAB24578B52C4166 /* CollectionWriter.cpp */ = {isa = PBXFileReference; explicitFileType = sourcecode.cpp.cpp; fileEncoding = 4; name = CollectionWriter.cpp; path = lib/riCode/CollectionWriter.cpp; sourceTree = SOURCE_ROOT; };
		4C4C7A09BFBA4BA2AA28DB83 /* page.h */ = {isa = PBXFileReference; explicitFileType = sourcecode.c.h; fileEncoding = 4; name = page.h; path = lib/common/page.h; sourceTree = SOURCE_ROOT; };
		551B1F496A854489A4764CA3 /* CollectionWriter.h */ = {isa = PBXFileReference; explicitFileType = sourcecode.c.h; fileEncoding = 4; name = CollectionWriter.h; path = lib/riCode/CollectionWriter.h; sourceTree = SOURCE_ROOT; };
		55FFC687EB424AA19A4B9070 /* CollectionReader.cpp */ = {isa = PBXFileReference; explicitFileType = sourcecode.cpp.cpp; fileEncoding = 4; name = CollectionReader.cpp; path = lib/riCode/CollectionReader.cpp; sourceTree = SOURCE_ROOT; };
		56FC7821E8834B5F88FFD372 /* file.h */ = {isa = PBXFileReference; explicitFileType = sourcecode.c.h; fileEncoding = 4; name = file.h; path = lib/common/file.h; sourceTree = SOURCE_ROOT; };
		5916B359D5084F0A9F322C14 /* CMakeLists.txt */ = {isa = PBXFileReference; explicitFileType = sourcecode.text; fileEncoding = 4; lastKnownFileType = text; name = CMakeLists.txt; path = lib/index/CMakeLists.txt; sourceTree = SOURCE_ROOT; };
		6D774972AFE54A02A20EC926 /* CollectionReader.h */ = {isa = PBXFileReference; explicitFileType = sourcecode.c.h; fileEncoding = 4; name = CollectionReader.h; path = lib/riCode/CollectionReader.h; sourceTree = SOURCE_ROOT; };
		7B71C306AE3B4CC899CA1940 /* libRICPlib.a */ = {isa = PBXFileReference; explicitFileType = archive.ar; path = libRICPlib.a; sourceTree = BUILT_PRODUCTS_DIR; };
		8A9A35E4325A48DE9EEBA768 /* libindex.a */ = {isa = PBXFileReference; explicitFileType = archive.ar; path = libindex.a; sourceTree = BUILT_PRODUCTS_DIR; };
		A76E57CB2C1E455EB330207A /* reducer.cc */ = {isa = PBXFileReference; explicitFileType = sourcecode.cpp.cpp; fileEncoding = 4; name = reducer.cc; path = lib/index/reducer.cc; sourceTree = SOURCE_ROOT; };
		A831554D5A5742D19B0B76E4 /* mapper.h */ = {isa = PBXFileReference; explicitFileType = sourcecode.c.h; fileEncoding = 4; name = mapper.h; path = lib/index/mapper.h; sourceTree = SOURCE_ROOT; };
		B408C7F224CF404AA2203BEA /* term_occurrence.h */ = {isa = PBXFileReference; explicitFileType = sourcecode.c.h; fileEncoding = 4; name = term_occurrence.h; path = lib/common/term_occurrence.h; sourceTree = SOURCE_ROOT; };
		B65B507574194621A56696B5 /* page.cc */ = {isa = PBXFileReference; explicitFileType = sourcecode.cpp.cpp; fileEncoding = 4; name = page.cc; path = lib/common/page.cc; sourceTree = SOURCE_ROOT; };
		D61D602098FD408CBBEA4237 /* indexer */ = {isa = PBXFileReference; explicitFileType = "compiled.mach-o.executable"; path = indexer; sourceTree = BUILT_PRODUCTS_DIR; };
		E0B92A54FCB84B80A33E5D04 /* libcommon.a */ = {isa = PBXFileReference; explicitFileType = archive.ar; path = libcommon.a; sourceTree = BUILT_PRODUCTS_DIR; };
		EB17086E32BE458B8B549A83 /* CMakeLists.txt */ = {isa = PBXFileReference; explicitFileType = sourcecode.text; fileEncoding = 4; lastKnownFileType = text; name = CMakeLists.txt; path = lib/common/CMakeLists.txt; sourceTree = SOURCE_ROOT; };
		F6A50EE642584521B56E97CA /* Document.cpp */ = {isa = PBXFileReference; explicitFileType = sourcecode.cpp.cpp; fileEncoding = 4; name = Document.cpp; path = lib/riCode/Document.cpp; sourceTree = SOURCE_ROOT; };
/* End PBXFileReference section */

/* Begin PBXGroup section */
		0DCB50AA91BE46C4A00382C0 /* Header Files */ = {
			isa = PBXGroup;
			children = (
				A831554D5A5742D19B0B76E4 /* mapper.h */,
				03A9DC03ED15417AACA7BC05 /* reducer.h */,
			);
			name = "Header Files";
			sourceTree = "<group>";
		};
		37C0037B5B4243459C5D3F96 /* ALL_BUILD */ = {
			isa = PBXGroup;
			children = (
				525033ED3ACB49E18751F939 /* CMake Rules */,
				23098A62DF134B32B378B41A /* CMakeLists.txt */,
			);
			name = ALL_BUILD;
			sourceTree = "<group>";
		};
		3C86102FE62543BFB4A19B75 /* indexer */ = {
			isa = PBXGroup;
			children = (
				B6CA9BB56E3848BD87A612F3 /* Source Files */,
				44B36744A6BD42C4AAC16BB6 /* CMakeLists.txt */,
			);
			name = indexer;
			sourceTree = "<group>";
		};
		42ECD7C6DDA1470B85BB6574 /* ZERO_CHECK */ = {
			isa = PBXGroup;
			children = (
				DACA5A80BF4F47D7A40E9077 /* CMake Rules */,
				49F9CF123883466186CF33F1 /* CMakeLists.txt */,
			);
			name = ZERO_CHECK;
			sourceTree = "<group>";
		};
		4EE1029DE64149378B7DFFEC /* index */ = {
			isa = PBXGroup;
			children = (
				0DCB50AA91BE46C4A00382C0 /* Header Files */,
				6C1782463FB64FAF9DAE8A9F /* Source Files */,
				5916B359D5084F0A9F322C14 /* CMakeLists.txt */,
			);
			name = index;
			sourceTree = "<group>";
		};
		525033ED3ACB49E18751F939 /* CMake Rules */ = {
			isa = PBXGroup;
			children = (
			);
			name = "CMake Rules";
			sourceTree = "<group>";
		};
		567159F5613A4063823E5E0D /* Source Files */ = {
			isa = PBXGroup;
			children = (
				B65B507574194621A56696B5 /* page.cc */,
				462A61053D134B79AD7B859F /* term_occurrence.cc */,
			);
			name = "Source Files";
			sourceTree = "<group>";
		};
		5B537FB1D1FF45D48B729B55 = {
			isa = PBXGroup;
			children = (
				EAD65F046D054C38AA6ED379 /* Sources */,
				EFD24EDC50A54C508845C1F7 /* Resources */,
				B4D5F62C16B944BAB34D61FD /* Products */,
			);
			sourceTree = "<group>";
		};
		6C1782463FB64FAF9DAE8A9F /* Source Files */ = {
			isa = PBXGroup;
			children = (
				3EC96D1ED1014AC588234925 /* mapper.cc */,
				A76E57CB2C1E455EB330207A /* reducer.cc */,
			);
			name = "Source Files";
			sourceTree = "<group>";
		};
		6E501D7CB701483AA782509E /* common */ = {
			isa = PBXGroup;
			children = (
				E037B0A2B28F411CAA1C3E76 /* Header Files */,
				567159F5613A4063823E5E0D /* Source Files */,
				EB17086E32BE458B8B549A83 /* CMakeLists.txt */,
			);
			name = common;
			sourceTree = "<group>";
		};
		933F59BC61BE4E36AE086ABC /* Source Files */ = {
			isa = PBXGroup;
			children = (
				55FFC687EB424AA19A4B9070 /* CollectionReader.cpp */,
				4A60AE45EAB24578B52C4166 /* CollectionWriter.cpp */,
				F6A50EE642584521B56E97CA /* Document.cpp */,
			);
			name = "Source Files";
			sourceTree = "<group>";
		};
		A055579C129E4735961AA677 /* Header Files */ = {
			isa = PBXGroup;
			children = (
				6D774972AFE54A02A20EC926 /* CollectionReader.h */,
				551B1F496A854489A4764CA3 /* CollectionWriter.h */,
				0E7A687FF9C246179320506B /* Document.h */,
				1ECDF57758A04EFF9DF593F7 /* envDefault.h */,
			);
			name = "Header Files";
			sourceTree = "<group>";
		};
		B4D5F62C16B944BAB34D61FD /* Products */ = {
			isa = PBXGroup;
			children = (
				D61D602098FD408CBBEA4237 /* indexer */,
				E0B92A54FCB84B80A33E5D04 /* libcommon.a */,
				7B71C306AE3B4CC899CA1940 /* libRICPlib.a */,
				8A9A35E4325A48DE9EEBA768 /* libindex.a */,
			);
			name = Products;
			sourceTree = "<group>";
		};
		B6CA9BB56E3848BD87A612F3 /* Source Files */ = {
			isa = PBXGroup;
			children = (
				0C67ED212C6A43A196099156 /* main.cc */,
			);
			name = "Source Files";
			sourceTree = "<group>";
		};
		CBB52FF91DEE4FD0A8E7711B /* RICPlib */ = {
			isa = PBXGroup;
			children = (
				A055579C129E4735961AA677 /* Header Files */,
				933F59BC61BE4E36AE086ABC /* Source Files */,
				2145863C30DE4A8581D87BDA /* CMakeLists.txt */,
			);
			name = RICPlib;
			sourceTree = "<group>";
		};
		DACA5A80BF4F47D7A40E9077 /* CMake Rules */ = {
			isa = PBXGroup;
			children = (
			);
			name = "CMake Rules";
			sourceTree = "<group>";
		};
		E037B0A2B28F411CAA1C3E76 /* Header Files */ = {
			isa = PBXGroup;
			children = (
				56FC7821E8834B5F88FFD372 /* file.h */,
				4C4C7A09BFBA4BA2AA28DB83 /* page.h */,
				B408C7F224CF404AA2203BEA /* term_occurrence.h */,
			);
			name = "Header Files";
			sourceTree = "<group>";
		};
		EAD65F046D054C38AA6ED379 /* Sources */ = {
			isa = PBXGroup;
			children = (
				37C0037B5B4243459C5D3F96 /* ALL_BUILD */,
				42ECD7C6DDA1470B85BB6574 /* ZERO_CHECK */,
				3C86102FE62543BFB4A19B75 /* indexer */,
				6E501D7CB701483AA782509E /* common */,
				CBB52FF91DEE4FD0A8E7711B /* RICPlib */,
				4EE1029DE64149378B7DFFEC /* index */,
			);
			name = Sources;
			sourceTree = "<group>";
		};
		EFD24EDC50A54C508845C1F7 /* Resources */ = {
			isa = PBXGroup;
			children = (
			);
			name = Resources;
			sourceTree = "<group>";
		};
/* End PBXGroup section */

/* Begin PBXNativeTarget section */
		2D44B9C7FB5B44338CBBEF0B /* common */ = {
			isa = PBXNativeTarget;
			buildConfigurationList = 31FB9E8B7C904494938F02BD /* Build configuration list for PBXNativeTarget "common" */;
			buildPhases = (
				F783A52353A640D9A123F95D /* Sources */,
			);
			buildRules = (
			);
			dependencies = (
				BE479F8B238149E38E0E3191 /* PBXTargetDependency */,
			);
			name = common;
			productName = common;
			productReference = E0B92A54FCB84B80A33E5D04 /* libcommon.a */;
			productType = "com.apple.product-type.library.static";
		};
		58B5D6AF6E08483E9C1E8298 /* indexer */ = {
			isa = PBXNativeTarget;
			buildConfigurationList = ABCC51C9C3284AF484CACFB2 /* Build configuration list for PBXNativeTarget "indexer" */;
			buildPhases = (
				10A23CA8B597407FB295AAA7 /* Sources */,
			);
			buildRules = (
			);
			dependencies = (
				E2A4B85F01394D0CB79F0450 /* PBXTargetDependency */,
				8E080A59FB6D41F1AA1FDDC5 /* PBXTargetDependency */,
				31EACC8B3B094EDD91D177D1 /* PBXTargetDependency */,
				3F60C4966FF647D191971B6F /* PBXTargetDependency */,
			);
			name = indexer;
			productName = indexer;
			productReference = D61D602098FD408CBBEA4237 /* indexer */;
			productType = "com.apple.product-type.tool";
		};
		87ED50B891A7402DB5E9BE26 /* index */ = {
			isa = PBXNativeTarget;
			buildConfigurationList = 6EF6B86864454FC5892E54BC /* Build configuration list for PBXNativeTarget "index" */;
			buildPhases = (
				3267E71F124D4F9B934970F5 /* Sources */,
			);
			buildRules = (
			);
			dependencies = (
				4C4F1BC155384BC3AA8D7EE7 /* PBXTargetDependency */,
			);
			name = index;
			productName = index;
			productReference = 8A9A35E4325A48DE9EEBA768 /* libindex.a */;
			productType = "com.apple.product-type.library.static";
		};
		9D78BD6C94A4453BBFF66F94 /* RICPlib */ = {
			isa = PBXNativeTarget;
			buildConfigurationList = 65AF2127B7EF4D919AB4D472 /* Build configuration list for PBXNativeTarget "RICPlib" */;
			buildPhases = (
				9D14421A345A44ABB94A0E5F /* Sources */,
			);
			buildRules = (
			);
			dependencies = (
				0F3EE27C30B149ABB4EE42AC /* PBXTargetDependency */,
			);
			name = RICPlib;
			productName = RICPlib;
			productReference = 7B71C306AE3B4CC899CA1940 /* libRICPlib.a */;
			productType = "com.apple.product-type.library.static";
		};
/* End PBXNativeTarget section */

/* Begin PBXProject section */
		6CA4E3F1B1FD42958FF841E1 /* Project object */ = {
			isa = PBXProject;
			attributes = {
				BuildIndependentTargetsInParallel = YES;
			};
			buildConfigurationList = 7036B264739C4295A339C513 /* Build configuration list for PBXProject "search_engine" */;
			compatibilityVersion = "Xcode 3.2";
			developmentRegion = English;
			hasScannedForEncodings = 0;
			knownRegions = (
				en,
			);
			mainGroup = 5B537FB1D1FF45D48B729B55;
			projectDirPath = "";
			projectRoot = "";
			targets = (
				0FA295C7E17B44EFB51FE662 /* ALL_BUILD */,
				B12D80E5BD384EA6B6649CA6 /* ZERO_CHECK */,
				58B5D6AF6E08483E9C1E8298 /* indexer */,
				2D44B9C7FB5B44338CBBEF0B /* common */,
				9D78BD6C94A4453BBFF66F94 /* RICPlib */,
				87ED50B891A7402DB5E9BE26 /* index */,
			);
		};
/* End PBXProject section */

/* Begin PBXShellScriptBuildPhase section */
		15BFD8B872F643D09F30E0D7 /* CMake Rules */ = {
			isa = PBXShellScriptBuildPhase;
			buildActionMask = 2147483647;
			files = (
			);
			name = "CMake Rules";
			runOnlyForDeploymentPostprocessing = 0;
			shellPath = /bin/sh;
			shellScript = "make -C /Users/felipemoraes/Developer/search-engine -f /Users/felipemoraes/Developer/search-engine/CMakeScripts/ALL_BUILD_cmakeRulesBuildPhase.make$CONFIGURATION all";
			showEnvVarsInLog = 0;
		};
		E05CE1362F6742ADB2B11A47 /* CMake Rules */ = {
			isa = PBXShellScriptBuildPhase;
			buildActionMask = 2147483647;
			files = (
			);
			name = "CMake Rules";
			runOnlyForDeploymentPostprocessing = 0;
			shellPath = /bin/sh;
			shellScript = "make -C /Users/felipemoraes/Developer/search-engine -f /Users/felipemoraes/Developer/search-engine/CMakeScripts/ZERO_CHECK_cmakeRulesBuildPhase.make$CONFIGURATION all";
			showEnvVarsInLog = 0;
		};
/* End PBXShellScriptBuildPhase section */

/* Begin PBXSourcesBuildPhase section */
		10A23CA8B597407FB295AAA7 /* Sources */ = {
			isa = PBXSourcesBuildPhase;
			buildActionMask = 2147483647;
			files = (
				12FBC95036334CFEB57EA684 /* main.cc in Sources */,
			);
			runOnlyForDeploymentPostprocessing = 0;
		};
		3267E71F124D4F9B934970F5 /* Sources */ = {
			isa = PBXSourcesBuildPhase;
			buildActionMask = 2147483647;
			files = (
				603FC6B1F586403AB4570BE4 /* mapper.cc in Sources */,
				279A9395639F467E8BAE59F6 /* reducer.cc in Sources */,
			);
			runOnlyForDeploymentPostprocessing = 0;
		};
		9D14421A345A44ABB94A0E5F /* Sources */ = {
			isa = PBXSourcesBuildPhase;
			buildActionMask = 2147483647;
			files = (
				FC4FCDF76C544923A50D70AE /* CollectionReader.cpp in Sources */,
				93CD58A9875A4722AE1ADAB4 /* CollectionWriter.cpp in Sources */,
				DFF15D6795294CB087D9A751 /* Document.cpp in Sources */,
			);
			runOnlyForDeploymentPostprocessing = 0;
		};
		F783A52353A640D9A123F95D /* Sources */ = {
			isa = PBXSourcesBuildPhase;
			buildActionMask = 2147483647;
			files = (
				6E3D7B822DF34657B8897666 /* page.cc in Sources */,
				80C8A6D7B9F24F6090D857F2 /* term_occurrence.cc in Sources */,
			);
			runOnlyForDeploymentPostprocessing = 0;
		};
/* End PBXSourcesBuildPhase section */

/* Begin PBXTargetDependency section */
		0F3EE27C30B149ABB4EE42AC /* PBXTargetDependency */ = {
			isa = PBXTargetDependency;
			target = B12D80E5BD384EA6B6649CA6 /* ZERO_CHECK */;
			targetProxy = 5543B490725F40FFA7B28900 /* PBXContainerItemProxy */;
		};
		31EACC8B3B094EDD91D177D1 /* PBXTargetDependency */ = {
			isa = PBXTargetDependency;
			target = 87ED50B891A7402DB5E9BE26 /* index */;
			targetProxy = 847FD6FC78DC4A55997CC47E /* PBXContainerItemProxy */;
		};
		3F60C4966FF647D191971B6F /* PBXTargetDependency */ = {
			isa = PBXTargetDependency;
			target = B12D80E5BD384EA6B6649CA6 /* ZERO_CHECK */;
			targetProxy = 05BB569D37104F3F8CCEEF47 /* PBXContainerItemProxy */;
		};
		421C502173F94E5DA930FD2C /* PBXTargetDependency */ = {
			isa = PBXTargetDependency;
			target = B12D80E5BD384EA6B6649CA6 /* ZERO_CHECK */;
			targetProxy = BDDBDBBC4B9D476AA6FCFA6E /* PBXContainerItemProxy */;
		};
		47F19A25798641CAAAB28C76 /* PBXTargetDependency */ = {
			isa = PBXTargetDependency;
			target = 58B5D6AF6E08483E9C1E8298 /* indexer */;
			targetProxy = AF9A61FCFB074B5995EECD95 /* PBXContainerItemProxy */;
		};
		4C4F1BC155384BC3AA8D7EE7 /* PBXTargetDependency */ = {
			isa = PBXTargetDependency;
			target = B12D80E5BD384EA6B6649CA6 /* ZERO_CHECK */;
			targetProxy = 85E6D82F9765400999E430BF /* PBXContainerItemProxy */;
		};
		6FBC659FB9E6444E9F2B861A /* PBXTargetDependency */ = {
			isa = PBXTargetDependency;
			target = 87ED50B891A7402DB5E9BE26 /* index */;
			targetProxy = F1E06110379D486182ED07BF /* PBXContainerItemProxy */;
		};
		8E080A59FB6D41F1AA1FDDC5 /* PBXTargetDependency */ = {
			isa = PBXTargetDependency;
			target = 9D78BD6C94A4453BBFF66F94 /* RICPlib */;
			targetProxy = 80AFD7CE88CE4BB89C18B8AA /* PBXContainerItemProxy */;
		};
		900FDDEEF99E40948D95EB33 /* PBXTargetDependency */ = {
			isa = PBXTargetDependency;
			target = 9D78BD6C94A4453BBFF66F94 /* RICPlib */;
			targetProxy = 1F94583FD2B24A9CBA630905 /* PBXContainerItemProxy */;
		};
		AFAF93E342D94AA08795AB69 /* PBXTargetDependency */ = {
			isa = PBXTargetDependency;
			target = 2D44B9C7FB5B44338CBBEF0B /* common */;
			targetProxy = CD9918D975FA42DDAD9D206D /* PBXContainerItemProxy */;
		};
		BE479F8B238149E38E0E3191 /* PBXTargetDependency */ = {
			isa = PBXTargetDependency;
			target = B12D80E5BD384EA6B6649CA6 /* ZERO_CHECK */;
			targetProxy = 338459B2BF274ED8A2A09A59 /* PBXContainerItemProxy */;
		};
		E2A4B85F01394D0CB79F0450 /* PBXTargetDependency */ = {
			isa = PBXTargetDependency;
			target = 2D44B9C7FB5B44338CBBEF0B /* common */;
			targetProxy = F01301D6115A4ABF91C8CA81 /* PBXContainerItemProxy */;
		};
/* End PBXTargetDependency section */

/* Begin XCBuildConfiguration section */
		02067F581F14451093277EC9 /* RelWithDebInfo */ = {
			isa = XCBuildConfiguration;
			buildSettings = {
				COMBINE_HIDPI_IMAGES = YES;
				EXECUTABLE_PREFIX = lib;
				EXECUTABLE_SUFFIX = .a;
				GCC_GENERATE_DEBUGGING_SYMBOLS = YES;
				GCC_INLINES_ARE_PRIVATE_EXTERN = NO;
				GCC_OPTIMIZATION_LEVEL = 2;
				GCC_PREPROCESSOR_DEFINITIONS = (
					"'CMAKE_INTDIR=\"$(CONFIGURATION)$(EFFECTIVE_PLATFORM_NAME)\"'",
					HAS_BOOST,
				);
				GCC_SYMBOLS_PRIVATE_EXTERN = NO;
				HEADER_SEARCH_PATHS = /usr/local/include;
				INSTALL_PATH = "";
				LIBRARY_STYLE = STATIC;
				OTHER_CFLAGS = "       -DNDEBUG  ";
				OTHER_CPLUSPLUSFLAGS = (
					"-std=c++11",
					"-DNDEBUG",
				);
				OTHER_LIBTOOLFLAGS = " ";
				OTHER_REZFLAGS = "";
				PRODUCT_NAME = common;
				SECTORDER_FLAGS = "";
				SYMROOT = "/Users/felipemoraes/Developer/search-engine/lib/common";
				USE_HEADERMAP = NO;
				WARNING_CFLAGS = (
					"-Wmost",
					"-Wno-four-char-constants",
					"-Wno-unknown-pragmas",
					"$(inherited)",
				);
			};
			name = RelWithDebInfo;
		};
		0A2A2E32D7B64FB6BA2F18B3 /* RelWithDebInfo */ = {
			isa = XCBuildConfiguration;
			buildSettings = {
				COMBINE_HIDPI_IMAGES = YES;
				GCC_GENERATE_DEBUGGING_SYMBOLS = NO;
				GCC_INLINES_ARE_PRIVATE_EXTERN = NO;
				GCC_OPTIMIZATION_LEVEL = 0;
				GCC_PREPROCESSOR_DEFINITIONS = (
					"'CMAKE_INTDIR=\"$(CONFIGURATION)$(EFFECTIVE_PLATFORM_NAME)\"'",
					HAS_BOOST,
				);
				GCC_SYMBOLS_PRIVATE_EXTERN = NO;
				HEADER_SEARCH_PATHS = /usr/local/include;
				INSTALL_PATH = "";
				OTHER_CFLAGS = "  ";
				OTHER_LDFLAGS = " ";
				OTHER_REZFLAGS = "";
				PRODUCT_NAME = ZERO_CHECK;
				SECTORDER_FLAGS = "";
				SYMROOT = "/Users/felipemoraes/Developer/search-engine";
				USE_HEADERMAP = NO;
				WARNING_CFLAGS = (
					"-Wmost",
					"-Wno-four-char-constants",
					"-Wno-unknown-pragmas",
					"$(inherited)",
				);
			};
			name = RelWithDebInfo;
		};
		0DFE361112094920B842F7BF /* Debug */ = {
			isa = XCBuildConfiguration;
			buildSettings = {
				COMBINE_HIDPI_IMAGES = YES;
				EXECUTABLE_PREFIX = lib;
				EXECUTABLE_SUFFIX = .a;
				GCC_GENERATE_DEBUGGING_SYMBOLS = YES;
				GCC_INLINES_ARE_PRIVATE_EXTERN = NO;
				GCC_OPTIMIZATION_LEVEL = 0;
				GCC_PREPROCESSOR_DEFINITIONS = (
					"'CMAKE_INTDIR=\"$(CONFIGURATION)$(EFFECTIVE_PLATFORM_NAME)\"'",
					HAS_BOOST,
				);
				GCC_SYMBOLS_PRIVATE_EXTERN = NO;
				HEADER_SEARCH_PATHS = /usr/local/include;
				INSTALL_PATH = "";
				LIBRARY_STYLE = STATIC;
				OTHER_CFLAGS = "    ";
				OTHER_CPLUSPLUSFLAGS = " -std=c++11     ";
				OTHER_LIBTOOLFLAGS = " ";
				OTHER_REZFLAGS = "";
				PRODUCT_NAME = index;
				SECTORDER_FLAGS = "";
				SYMROOT = "/Users/felipemoraes/Developer/search-engine/lib/index";
				USE_HEADERMAP = NO;
				WARNING_CFLAGS = (
					"-Wmost",
					"-Wno-four-char-constants",
					"-Wno-unknown-pragmas",
					"$(inherited)",
				);
			};
			name = Debug;
		};
		3159719D29F945809FBDCF8B /* Debug */ = {
			isa = XCBuildConfiguration;
			buildSettings = {
				COMBINE_HIDPI_IMAGES = YES;
				GCC_GENERATE_DEBUGGING_SYMBOLS = NO;
				GCC_INLINES_ARE_PRIVATE_EXTERN = NO;
				GCC_OPTIMIZATION_LEVEL = 0;
				GCC_PREPROCESSOR_DEFINITIONS = (
					"'CMAKE_INTDIR=\"$(CONFIGURATION)$(EFFECTIVE_PLATFORM_NAME)\"'",
					HAS_BOOST,
				);
				GCC_SYMBOLS_PRIVATE_EXTERN = NO;
				HEADER_SEARCH_PATHS = /usr/local/include;
				INSTALL_PATH = "";
				OTHER_CFLAGS = "  ";
				OTHER_LDFLAGS = " ";
				OTHER_REZFLAGS = "";
				PRODUCT_NAME = ZERO_CHECK;
				SECTORDER_FLAGS = "";
				SYMROOT = "/Users/felipemoraes/Developer/search-engine";
				USE_HEADERMAP = NO;
				WARNING_CFLAGS = (
					"-Wmost",
					"-Wno-four-char-constants",
					"-Wno-unknown-pragmas",
					"$(inherited)",
				);
			};
			name = Debug;
		};
		31C34C1C1ADE476590E1386F /* Release */ = {
			isa = XCBuildConfiguration;
			buildSettings = {
				ARCHS = "$(ARCHS_STANDARD_32_64_BIT)";
				ONLY_ACTIVE_ARCH = YES;
				SDKROOT = /Applications/Xcode.app/Contents/Developer/Platforms/MacOSX.platform/Developer/SDKs/MacOSX10.10.sdk;
				SYMROOT = "/Users/felipemoraes/Developer/search-engine/build";
			};
			name = Release;
		};
		3D123C35164F49578A478961 /* Release */ = {
			isa = XCBuildConfiguration;
			buildSettings = {
				COMBINE_HIDPI_IMAGES = YES;
				EXECUTABLE_PREFIX = lib;
				EXECUTABLE_SUFFIX = .a;
				GCC_GENERATE_DEBUGGING_SYMBOLS = NO;
				GCC_INLINES_ARE_PRIVATE_EXTERN = NO;
				GCC_OPTIMIZATION_LEVEL = 3;
				GCC_PREPROCESSOR_DEFINITIONS = (
					"'CMAKE_INTDIR=\"$(CONFIGURATION)$(EFFECTIVE_PLATFORM_NAME)\"'",
					HAS_BOOST,
				);
				GCC_SYMBOLS_PRIVATE_EXTERN = NO;
				HEADER_SEARCH_PATHS = /usr/local/include;
				INSTALL_PATH = "";
				LIBRARY_STYLE = STATIC;
				OTHER_CFLAGS = "    -DNDEBUG  ";
				OTHER_CPLUSPLUSFLAGS = (
					"-std=c++11",
					"-DNDEBUG",
				);
				OTHER_LIBTOOLFLAGS = " ";
				OTHER_REZFLAGS = "";
				PRODUCT_NAME = RICPlib;
				SECTORDER_FLAGS = "";
				SYMROOT = "/Users/felipemoraes/Developer/search-engine/lib/riCode";
				USE_HEADERMAP = NO;
				WARNING_CFLAGS = (
					"-Wmost",
					"-Wno-four-char-constants",
					"-Wno-unknown-pragmas",
					"$(inherited)",
				);
			};
			name = Release;
		};
		4A146FBDEAE04B09B43A5902 /* Release */ = {
			isa = XCBuildConfiguration;
			buildSettings = {
				COMBINE_HIDPI_IMAGES = YES;
				EXECUTABLE_PREFIX = "";
				EXECUTABLE_SUFFIX = "";
				GCC_GENERATE_DEBUGGING_SYMBOLS = NO;
				GCC_INLINES_ARE_PRIVATE_EXTERN = NO;
				GCC_OPTIMIZATION_LEVEL = 3;
				GCC_PREPROCESSOR_DEFINITIONS = (
					"'CMAKE_INTDIR=\"$(CONFIGURATION)$(EFFECTIVE_PLATFORM_NAME)\"'",
					HAS_BOOST,
				);
				GCC_SYMBOLS_PRIVATE_EXTERN = NO;
				HEADER_SEARCH_PATHS = /usr/local/include;
				INSTALL_PATH = "";
				LIBRARY_SEARCH_PATHS = /usr/local/lib;
				OTHER_CFLAGS = "    -DNDEBUG  ";
				OTHER_CPLUSPLUSFLAGS = (
					"-std=c++11",
					"-DNDEBUG",
				);
				OTHER_LDFLAGS = (
					"-Wl,-search_paths_first",
					"-Wl,-headerpad_max_install_names",
					"/Users/felipemoraes/Developer/search-engine/lib/riCode/Release/libRICPlib.a",
					"-lz",
					"-lhtmlcxx",
					"/Users/felipemoraes/Developer/search-engine/lib/common/Release/libcommon.a",
					"/Users/felipemoraes/Developer/search-engine/lib/index/Release/libindex.a",
				);
				OTHER_REZFLAGS = "";
				PRODUCT_NAME = indexer;
				SECTORDER_FLAGS = "";
				SYMROOT = "/Users/felipemoraes/Developer/search-engine/src/indexer";
				USE_HEADERMAP = NO;
				WARNING_CFLAGS = (
					"-Wmost",
					"-Wno-four-char-constants",
					"-Wno-unknown-pragmas",
					"$(inherited)",
				);
			};
			name = Release;
		};
		51D9ABA09D4145C19E63901E /* MinSizeRel */ = {
			isa = XCBuildConfiguration;
			buildSettings = {
				COMBINE_HIDPI_IMAGES = YES;
				GCC_GENERATE_DEBUGGING_SYMBOLS = NO;
				GCC_INLINES_ARE_PRIVATE_EXTERN = NO;
				GCC_OPTIMIZATION_LEVEL = 0;
				GCC_PREPROCESSOR_DEFINITIONS = (
					"'CMAKE_INTDIR=\"$(CONFIGURATION)$(EFFECTIVE_PLATFORM_NAME)\"'",
					HAS_BOOST,
				);
				GCC_SYMBOLS_PRIVATE_EXTERN = NO;
				HEADER_SEARCH_PATHS = /usr/local/include;
				INSTALL_PATH = "";
				OTHER_CFLAGS = "  ";
				OTHER_LDFLAGS = " ";
				OTHER_REZFLAGS = "";
				PRODUCT_NAME = ALL_BUILD;
				SECTORDER_FLAGS = "";
				SYMROOT = "/Users/felipemoraes/Developer/search-engine";
				USE_HEADERMAP = NO;
				WARNING_CFLAGS = (
					"-Wmost",
					"-Wno-four-char-constants",
					"-Wno-unknown-pragmas",
					"$(inherited)",
				);
			};
			name = MinSizeRel;
		};
		54F87052423E475C9E4813D5 /* Debug */ = {
			isa = XCBuildConfiguration;
			buildSettings = {
				COMBINE_HIDPI_IMAGES = YES;
				EXECUTABLE_PREFIX = lib;
				EXECUTABLE_SUFFIX = .a;
				GCC_GENERATE_DEBUGGING_SYMBOLS = YES;
				GCC_INLINES_ARE_PRIVATE_EXTERN = NO;
				GCC_OPTIMIZATION_LEVEL = 0;
				GCC_PREPROCESSOR_DEFINITIONS = (
					"'CMAKE_INTDIR=\"$(CONFIGURATION)$(EFFECTIVE_PLATFORM_NAME)\"'",
					HAS_BOOST,
				);
				GCC_SYMBOLS_PRIVATE_EXTERN = NO;
				HEADER_SEARCH_PATHS = /usr/local/include;
				INSTALL_PATH = "";
				LIBRARY_STYLE = STATIC;
				OTHER_CFLAGS = "    ";
				OTHER_CPLUSPLUSFLAGS = " -std=c++11     ";
				OTHER_LIBTOOLFLAGS = " ";
				OTHER_REZFLAGS = "";
				PRODUCT_NAME = RICPlib;
				SECTORDER_FLAGS = "";
				SYMROOT = "/Users/felipemoraes/Developer/search-engine/lib/riCode";
				USE_HEADERMAP = NO;
				WARNING_CFLAGS = (
					"-Wmost",
					"-Wno-four-char-constants",
					"-Wno-unknown-pragmas",
					"$(inherited)",
				);
			};
			name = Debug;
		};
		5573264AC5EB401F8000A732 /* RelWithDebInfo */ = {
			isa = XCBuildConfiguration;
			buildSettings = {
				COMBINE_HIDPI_IMAGES = YES;
				EXECUTABLE_PREFIX = lib;
				EXECUTABLE_SUFFIX = .a;
				GCC_GENERATE_DEBUGGING_SYMBOLS = YES;
				GCC_INLINES_ARE_PRIVATE_EXTERN = NO;
				GCC_OPTIMIZATION_LEVEL = 2;
				GCC_PREPROCESSOR_DEFINITIONS = (
					"'CMAKE_INTDIR=\"$(CONFIGURATION)$(EFFECTIVE_PLATFORM_NAME)\"'",
					HAS_BOOST,
				);
				GCC_SYMBOLS_PRIVATE_EXTERN = NO;
				HEADER_SEARCH_PATHS = /usr/local/include;
				INSTALL_PATH = "";
				LIBRARY_STYLE = STATIC;
				OTHER_CFLAGS = "       -DNDEBUG  ";
				OTHER_CPLUSPLUSFLAGS = (
					"-std=c++11",
					"-DNDEBUG",
				);
				OTHER_LIBTOOLFLAGS = " ";
				OTHER_REZFLAGS = "";
				PRODUCT_NAME = RICPlib;
				SECTORDER_FLAGS = "";
				SYMROOT = "/Users/felipemoraes/Developer/search-engine/lib/riCode";
				USE_HEADERMAP = NO;
				WARNING_CFLAGS = (
					"-Wmost",
					"-Wno-four-char-constants",
					"-Wno-unknown-pragmas",
					"$(inherited)",
				);
			};
			name = RelWithDebInfo;
		};
		59CEC1696D2F47018ECF3E9B /* Release */ = {
			isa = XCBuildConfiguration;
			buildSettings = {
				COMBINE_HIDPI_IMAGES = YES;
				GCC_GENERATE_DEBUGGING_SYMBOLS = NO;
				GCC_INLINES_ARE_PRIVATE_EXTERN = NO;
				GCC_OPTIMIZATION_LEVEL = 0;
				GCC_PREPROCESSOR_DEFINITIONS = (
					"'CMAKE_INTDIR=\"$(CONFIGURATION)$(EFFECTIVE_PLATFORM_NAME)\"'",
					HAS_BOOST,
				);
				GCC_SYMBOLS_PRIVATE_EXTERN = NO;
				HEADER_SEARCH_PATHS = /usr/local/include;
				INSTALL_PATH = "";
				OTHER_CFLAGS = "  ";
				OTHER_LDFLAGS = " ";
				OTHER_REZFLAGS = "";
				PRODUCT_NAME = ALL_BUILD;
				SECTORDER_FLAGS = "";
				SYMROOT = "/Users/felipemoraes/Developer/search-engine";
				USE_HEADERMAP = NO;
				WARNING_CFLAGS = (
					"-Wmost",
					"-Wno-four-char-constants",
					"-Wno-unknown-pragmas",
					"$(inherited)",
				);
			};
			name = Release;
		};
		5A7C2AE1FA3141A89F193D1A /* Release */ = {
			isa = XCBuildConfiguration;
			buildSettings = {
				COMBINE_HIDPI_IMAGES = YES;
				GCC_GENERATE_DEBUGGING_SYMBOLS = NO;
				GCC_INLINES_ARE_PRIVATE_EXTERN = NO;
				GCC_OPTIMIZATION_LEVEL = 0;
				GCC_PREPROCESSOR_DEFINITIONS = (
					"'CMAKE_INTDIR=\"$(CONFIGURATION)$(EFFECTIVE_PLATFORM_NAME)\"'",
					HAS_BOOST,
				);
				GCC_SYMBOLS_PRIVATE_EXTERN = NO;
				HEADER_SEARCH_PATHS = /usr/local/include;
				INSTALL_PATH = "";
				OTHER_CFLAGS = "  ";
				OTHER_LDFLAGS = " ";
				OTHER_REZFLAGS = "";
				PRODUCT_NAME = ZERO_CHECK;
				SECTORDER_FLAGS = "";
				SYMROOT = "/Users/felipemoraes/Developer/search-engine";
				USE_HEADERMAP = NO;
				WARNING_CFLAGS = (
					"-Wmost",
					"-Wno-four-char-constants",
					"-Wno-unknown-pragmas",
					"$(inherited)",
				);
			};
			name = Release;
		};
		60A3237D34324202A80F542C /* MinSizeRel */ = {
			isa = XCBuildConfiguration;
			buildSettings = {
				ARCHS = "$(ARCHS_STANDARD_32_64_BIT)";
				ONLY_ACTIVE_ARCH = YES;
				SDKROOT = /Applications/Xcode.app/Contents/Developer/Platforms/MacOSX.platform/Developer/SDKs/MacOSX10.10.sdk;
				SYMROOT = "/Users/felipemoraes/Developer/search-engine/build";
			};
			name = MinSizeRel;
		};
		74C506068CF647F7A80D3B26 /* RelWithDebInfo */ = {
			isa = XCBuildConfiguration;
			buildSettings = {
				COMBINE_HIDPI_IMAGES = YES;
				GCC_GENERATE_DEBUGGING_SYMBOLS = NO;
				GCC_INLINES_ARE_PRIVATE_EXTERN = NO;
				GCC_OPTIMIZATION_LEVEL = 0;
				GCC_PREPROCESSOR_DEFINITIONS = (
					"'CMAKE_INTDIR=\"$(CONFIGURATION)$(EFFECTIVE_PLATFORM_NAME)\"'",
					HAS_BOOST,
				);
				GCC_SYMBOLS_PRIVATE_EXTERN = NO;
				HEADER_SEARCH_PATHS = /usr/local/include;
				INSTALL_PATH = "";
				OTHER_CFLAGS = "  ";
				OTHER_LDFLAGS = " ";
				OTHER_REZFLAGS = "";
				PRODUCT_NAME = ALL_BUILD;
				SECTORDER_FLAGS = "";
				SYMROOT = "/Users/felipemoraes/Developer/search-engine";
				USE_HEADERMAP = NO;
				WARNING_CFLAGS = (
					"-Wmost",
					"-Wno-four-char-constants",
					"-Wno-unknown-pragmas",
					"$(inherited)",
				);
			};
			name = RelWithDebInfo;
		};
		7D1E9AB6F8504F7CA71B973A /* Debug */ = {
			isa = XCBuildConfiguration;
			buildSettings = {
				ARCHS = "$(ARCHS_STANDARD_32_64_BIT)";
				ONLY_ACTIVE_ARCH = YES;
				SDKROOT = /Applications/Xcode.app/Contents/Developer/Platforms/MacOSX.platform/Developer/SDKs/MacOSX10.10.sdk;
				SYMROOT = "/Users/felipemoraes/Developer/search-engine/build";
			};
			name = Debug;
		};
		9EC8DE46360345899C28AE97 /* RelWithDebInfo */ = {
			isa = XCBuildConfiguration;
			buildSettings = {
				COMBINE_HIDPI_IMAGES = YES;
				EXECUTABLE_PREFIX = lib;
				EXECUTABLE_SUFFIX = .a;
				GCC_GENERATE_DEBUGGING_SYMBOLS = YES;
				GCC_INLINES_ARE_PRIVATE_EXTERN = NO;
				GCC_OPTIMIZATION_LEVEL = 2;
				GCC_PREPROCESSOR_DEFINITIONS = (
					"'CMAKE_INTDIR=\"$(CONFIGURATION)$(EFFECTIVE_PLATFORM_NAME)\"'",
					HAS_BOOST,
				);
				GCC_SYMBOLS_PRIVATE_EXTERN = NO;
				HEADER_SEARCH_PATHS = /usr/local/include;
				INSTALL_PATH = "";
				LIBRARY_STYLE = STATIC;
				OTHER_CFLAGS = "       -DNDEBUG  ";
				OTHER_CPLUSPLUSFLAGS = (
					"-std=c++11",
					"-DNDEBUG",
				);
				OTHER_LIBTOOLFLAGS = " ";
				OTHER_REZFLAGS = "";
				PRODUCT_NAME = index;
				SECTORDER_FLAGS = "";
				SYMROOT = "/Users/felipemoraes/Developer/search-engine/lib/index";
				USE_HEADERMAP = NO;
				WARNING_CFLAGS = (
					"-Wmost",
					"-Wno-four-char-constants",
					"-Wno-unknown-pragmas",
					"$(inherited)",
				);
			};
			name = RelWithDebInfo;
		};
		A4020FCE5CA740B1A13B5713 /* MinSizeRel */ = {
			isa = XCBuildConfiguration;
			buildSettings = {
				COMBINE_HIDPI_IMAGES = YES;
				GCC_GENERATE_DEBUGGING_SYMBOLS = NO;
				GCC_INLINES_ARE_PRIVATE_EXTERN = NO;
				GCC_OPTIMIZATION_LEVEL = 0;
				GCC_PREPROCESSOR_DEFINITIONS = (
					"'CMAKE_INTDIR=\"$(CONFIGURATION)$(EFFECTIVE_PLATFORM_NAME)\"'",
					HAS_BOOST,
				);
				GCC_SYMBOLS_PRIVATE_EXTERN = NO;
				HEADER_SEARCH_PATHS = /usr/local/include;
				INSTALL_PATH = "";
				OTHER_CFLAGS = "  ";
				OTHER_LDFLAGS = " ";
				OTHER_REZFLAGS = "";
				PRODUCT_NAME = ZERO_CHECK;
				SECTORDER_FLAGS = "";
				SYMROOT = "/Users/felipemoraes/Developer/search-engine";
				USE_HEADERMAP = NO;
				WARNING_CFLAGS = (
					"-Wmost",
					"-Wno-four-char-constants",
					"-Wno-unknown-pragmas",
					"$(inherited)",
				);
			};
			name = MinSizeRel;
		};
		ABE6CA5270344E7E8DF17E05 /* MinSizeRel */ = {
			isa = XCBuildConfiguration;
			buildSettings = {
				COMBINE_HIDPI_IMAGES = YES;
				EXECUTABLE_PREFIX = "";
				EXECUTABLE_SUFFIX = "";
				GCC_GENERATE_DEBUGGING_SYMBOLS = NO;
				GCC_INLINES_ARE_PRIVATE_EXTERN = NO;
				GCC_OPTIMIZATION_LEVEL = s;
				GCC_PREPROCESSOR_DEFINITIONS = (
					"'CMAKE_INTDIR=\"$(CONFIGURATION)$(EFFECTIVE_PLATFORM_NAME)\"'",
					HAS_BOOST,
				);
				GCC_SYMBOLS_PRIVATE_EXTERN = NO;
				HEADER_SEARCH_PATHS = /usr/local/include;
				INSTALL_PATH = "";
				LIBRARY_SEARCH_PATHS = /usr/local/lib;
				OTHER_CFLAGS = "    -DNDEBUG  ";
				OTHER_CPLUSPLUSFLAGS = (
					"-std=c++11",
					"-DNDEBUG",
				);
				OTHER_LDFLAGS = (
					"-Wl,-search_paths_first",
					"-Wl,-headerpad_max_install_names",
					"/Users/felipemoraes/Developer/search-engine/lib/riCode/MinSizeRel/libRICPlib.a",
					"-lz",
					"-lhtmlcxx",
					"/Users/felipemoraes/Developer/search-engine/lib/common/MinSizeRel/libcommon.a",
					"/Users/felipemoraes/Developer/search-engine/lib/index/MinSizeRel/libindex.a",
				);
				OTHER_REZFLAGS = "";
				PRODUCT_NAME = indexer;
				SECTORDER_FLAGS = "";
				SYMROOT = "/Users/felipemoraes/Developer/search-engine/src/indexer";
				USE_HEADERMAP = NO;
				WARNING_CFLAGS = (
					"-Wmost",
					"-Wno-four-char-constants",
					"-Wno-unknown-pragmas",
					"$(inherited)",
				);
			};
			name = MinSizeRel;
		};
		B634F8834FC543E18DF9AFD5 /* MinSizeRel */ = {
			isa = XCBuildConfiguration;
			buildSettings = {
				COMBINE_HIDPI_IMAGES = YES;
				EXECUTABLE_PREFIX = lib;
				EXECUTABLE_SUFFIX = .a;
				GCC_GENERATE_DEBUGGING_SYMBOLS = NO;
				GCC_INLINES_ARE_PRIVATE_EXTERN = NO;
				GCC_OPTIMIZATION_LEVEL = s;
				GCC_PREPROCESSOR_DEFINITIONS = (
					"'CMAKE_INTDIR=\"$(CONFIGURATION)$(EFFECTIVE_PLATFORM_NAME)\"'",
					HAS_BOOST,
				);
				GCC_SYMBOLS_PRIVATE_EXTERN = NO;
				HEADER_SEARCH_PATHS = /usr/local/include;
				INSTALL_PATH = "";
				LIBRARY_STYLE = STATIC;
				OTHER_CFLAGS = "    -DNDEBUG  ";
				OTHER_CPLUSPLUSFLAGS = (
					"-std=c++11",
					"-DNDEBUG",
				);
				OTHER_LIBTOOLFLAGS = " ";
				OTHER_REZFLAGS = "";
				PRODUCT_NAME = RICPlib;
				SECTORDER_FLAGS = "";
				SYMROOT = "/Users/felipemoraes/Developer/search-engine/lib/riCode";
				USE_HEADERMAP = NO;
				WARNING_CFLAGS = (
					"-Wmost",
					"-Wno-four-char-constants",
					"-Wno-unknown-pragmas",
					"$(inherited)",
				);
			};
			name = MinSizeRel;
		};
		B83191E8096E46E6BE4CA452 /* MinSizeRel */ = {
			isa = XCBuildConfiguration;
			buildSettings = {
				COMBINE_HIDPI_IMAGES = YES;
				EXECUTABLE_PREFIX = lib;
				EXECUTABLE_SUFFIX = .a;
				GCC_GENERATE_DEBUGGING_SYMBOLS = NO;
				GCC_INLINES_ARE_PRIVATE_EXTERN = NO;
				GCC_OPTIMIZATION_LEVEL = s;
				GCC_PREPROCESSOR_DEFINITIONS = (
					"'CMAKE_INTDIR=\"$(CONFIGURATION)$(EFFECTIVE_PLATFORM_NAME)\"'",
					HAS_BOOST,
				);
				GCC_SYMBOLS_PRIVATE_EXTERN = NO;
				HEADER_SEARCH_PATHS = /usr/local/include;
				INSTALL_PATH = "";
				LIBRARY_STYLE = STATIC;
				OTHER_CFLAGS = "    -DNDEBUG  ";
				OTHER_CPLUSPLUSFLAGS = (
					"-std=c++11",
					"-DNDEBUG",
				);
				OTHER_LIBTOOLFLAGS = " ";
				OTHER_REZFLAGS = "";
				PRODUCT_NAME = index;
				SECTORDER_FLAGS = "";
				SYMROOT = "/Users/felipemoraes/Developer/search-engine/lib/index";
				USE_HEADERMAP = NO;
				WARNING_CFLAGS = (
					"-Wmost",
					"-Wno-four-char-constants",
					"-Wno-unknown-pragmas",
					"$(inherited)",
				);
			};
			name = MinSizeRel;
		};
		C86E6F9EE8BD4BAC89285B19 /* MinSizeRel */ = {
			isa = XCBuildConfiguration;
			buildSettings = {
				COMBINE_HIDPI_IMAGES = YES;
				EXECUTABLE_PREFIX = lib;
				EXECUTABLE_SUFFIX = .a;
				GCC_GENERATE_DEBUGGING_SYMBOLS = NO;
				GCC_INLINES_ARE_PRIVATE_EXTERN = NO;
				GCC_OPTIMIZATION_LEVEL = s;
				GCC_PREPROCESSOR_DEFINITIONS = (
					"'CMAKE_INTDIR=\"$(CONFIGURATION)$(EFFECTIVE_PLATFORM_NAME)\"'",
					HAS_BOOST,
				);
				GCC_SYMBOLS_PRIVATE_EXTERN = NO;
				HEADER_SEARCH_PATHS = /usr/local/include;
				INSTALL_PATH = "";
				LIBRARY_STYLE = STATIC;
				OTHER_CFLAGS = "    -DNDEBUG  ";
				OTHER_CPLUSPLUSFLAGS = (
					"-std=c++11",
					"-DNDEBUG",
				);
				OTHER_LIBTOOLFLAGS = " ";
				OTHER_REZFLAGS = "";
				PRODUCT_NAME = common;
				SECTORDER_FLAGS = "";
				SYMROOT = "/Users/felipemoraes/Developer/search-engine/lib/common";
				USE_HEADERMAP = NO;
				WARNING_CFLAGS = (
					"-Wmost",
					"-Wno-four-char-constants",
					"-Wno-unknown-pragmas",
					"$(inherited)",
				);
			};
			name = MinSizeRel;
		};
		C8D542D6A99440A3B260FDA8 /* Debug */ = {
			isa = XCBuildConfiguration;
			buildSettings = {
				COMBINE_HIDPI_IMAGES = YES;
				GCC_GENERATE_DEBUGGING_SYMBOLS = NO;
				GCC_INLINES_ARE_PRIVATE_EXTERN = NO;
				GCC_OPTIMIZATION_LEVEL = 0;
				GCC_PREPROCESSOR_DEFINITIONS = (
					"'CMAKE_INTDIR=\"$(CONFIGURATION)$(EFFECTIVE_PLATFORM_NAME)\"'",
					HAS_BOOST,
				);
				GCC_SYMBOLS_PRIVATE_EXTERN = NO;
				HEADER_SEARCH_PATHS = /usr/local/include;
				INSTALL_PATH = "";
				OTHER_CFLAGS = "  ";
				OTHER_LDFLAGS = " ";
				OTHER_REZFLAGS = "";
				PRODUCT_NAME = ALL_BUILD;
				SECTORDER_FLAGS = "";
				SYMROOT = "/Users/felipemoraes/Developer/search-engine";
				USE_HEADERMAP = NO;
				WARNING_CFLAGS = (
					"-Wmost",
					"-Wno-four-char-constants",
					"-Wno-unknown-pragmas",
					"$(inherited)",
				);
			};
			name = Debug;
		};
		E85472F469A742238D013854 /* RelWithDebInfo */ = {
			isa = XCBuildConfiguration;
			buildSettings = {
				ARCHS = "$(ARCHS_STANDARD_32_64_BIT)";
				ONLY_ACTIVE_ARCH = YES;
				SDKROOT = /Applications/Xcode.app/Contents/Developer/Platforms/MacOSX.platform/Developer/SDKs/MacOSX10.10.sdk;
				SYMROOT = "/Users/felipemoraes/Developer/search-engine/build";
			};
			name = RelWithDebInfo;
		};
		F15ADAE120C7414F88E98AED /* Release */ = {
			isa = XCBuildConfiguration;
			buildSettings = {
				COMBINE_HIDPI_IMAGES = YES;
				EXECUTABLE_PREFIX = lib;
				EXECUTABLE_SUFFIX = .a;
				GCC_GENERATE_DEBUGGING_SYMBOLS = NO;
				GCC_INLINES_ARE_PRIVATE_EXTERN = NO;
				GCC_OPTIMIZATION_LEVEL = 3;
				GCC_PREPROCESSOR_DEFINITIONS = (
					"'CMAKE_INTDIR=\"$(CONFIGURATION)$(EFFECTIVE_PLATFORM_NAME)\"'",
					HAS_BOOST,
				);
				GCC_SYMBOLS_PRIVATE_EXTERN = NO;
				HEADER_SEARCH_PATHS = /usr/local/include;
				INSTALL_PATH = "";
				LIBRARY_STYLE = STATIC;
				OTHER_CFLAGS = "    -DNDEBUG  ";
				OTHER_CPLUSPLUSFLAGS = (
					"-std=c++11",
					"-DNDEBUG",
				);
				OTHER_LIBTOOLFLAGS = " ";
				OTHER_REZFLAGS = "";
				PRODUCT_NAME = common;
				SECTORDER_FLAGS = "";
				SYMROOT = "/Users/felipemoraes/Developer/search-engine/lib/common";
				USE_HEADERMAP = NO;
				WARNING_CFLAGS = (
					"-Wmost",
					"-Wno-four-char-constants",
					"-Wno-unknown-pragmas",
					"$(inherited)",
				);
			};
			name = Release;
		};
		F967F97BFDED45068CB157C3 /* Release */ = {
			isa = XCBuildConfiguration;
			buildSettings = {
				COMBINE_HIDPI_IMAGES = YES;
				EXECUTABLE_PREFIX = lib;
				EXECUTABLE_SUFFIX = .a;
				GCC_GENERATE_DEBUGGING_SYMBOLS = NO;
				GCC_INLINES_ARE_PRIVATE_EXTERN = NO;
				GCC_OPTIMIZATION_LEVEL = 3;
				GCC_PREPROCESSOR_DEFINITIONS = (
					"'CMAKE_INTDIR=\"$(CONFIGURATION)$(EFFECTIVE_PLATFORM_NAME)\"'",
					HAS_BOOST,
				);
				GCC_SYMBOLS_PRIVATE_EXTERN = NO;
				HEADER_SEARCH_PATHS = /usr/local/include;
				INSTALL_PATH = "";
				LIBRARY_STYLE = STATIC;
				OTHER_CFLAGS = "    -DNDEBUG  ";
				OTHER_CPLUSPLUSFLAGS = (
					"-std=c++11",
					"-DNDEBUG",
				);
				OTHER_LIBTOOLFLAGS = " ";
				OTHER_REZFLAGS = "";
				PRODUCT_NAME = index;
				SECTORDER_FLAGS = "";
				SYMROOT = "/Users/felipemoraes/Developer/search-engine/lib/index";
				USE_HEADERMAP = NO;
				WARNING_CFLAGS = (
					"-Wmost",
					"-Wno-four-char-constants",
					"-Wno-unknown-pragmas",
					"$(inherited)",
				);
			};
			name = Release;
		};
		FAAFD0D68EA74450BFE61A81 /* Debug */ = {
			isa = XCBuildConfiguration;
			buildSettings = {
				COMBINE_HIDPI_IMAGES = YES;
				EXECUTABLE_PREFIX = "";
				EXECUTABLE_SUFFIX = "";
				GCC_GENERATE_DEBUGGING_SYMBOLS = YES;
				GCC_INLINES_ARE_PRIVATE_EXTERN = NO;
				GCC_OPTIMIZATION_LEVEL = 0;
				GCC_PREPROCESSOR_DEFINITIONS = (
					"'CMAKE_INTDIR=\"$(CONFIGURATION)$(EFFECTIVE_PLATFORM_NAME)\"'",
					HAS_BOOST,
				);
				GCC_SYMBOLS_PRIVATE_EXTERN = NO;
				HEADER_SEARCH_PATHS = /usr/local/include;
				INSTALL_PATH = "";
				LIBRARY_SEARCH_PATHS = /usr/local/lib;
				OTHER_CFLAGS = "    ";
				OTHER_CPLUSPLUSFLAGS = " -std=c++11     ";
				OTHER_LDFLAGS = (
					"-Wl,-search_paths_first",
					"-Wl,-headerpad_max_install_names",
					"/Users/felipemoraes/Developer/search-engine/lib/riCode/Debug/libRICPlib.a",
					"-lz",
					"-lhtmlcxx",
					"/Users/felipemoraes/Developer/search-engine/lib/common/Debug/libcommon.a",
					"/Users/felipemoraes/Developer/search-engine/lib/index/Debug/libindex.a",
				);
				OTHER_REZFLAGS = "";
				PRODUCT_NAME = indexer;
				SECTORDER_FLAGS = "";
				SYMROOT = "/Users/felipemoraes/Developer/search-engine/src/indexer";
				USE_HEADERMAP = NO;
				WARNING_CFLAGS = (
					"-Wmost",
					"-Wno-four-char-constants",
					"-Wno-unknown-pragmas",
					"$(inherited)",
				);
			};
			name = Debug;
		};
		FC1039B81C46499E83FDFE56 /* Debug */ = {
			isa = XCBuildConfiguration;
			buildSettings = {
				COMBINE_HIDPI_IMAGES = YES;
				EXECUTABLE_PREFIX = lib;
				EXECUTABLE_SUFFIX = .a;
				GCC_GENERATE_DEBUGGING_SYMBOLS = YES;
				GCC_INLINES_ARE_PRIVATE_EXTERN = NO;
				GCC_OPTIMIZATION_LEVEL = 0;
				GCC_PREPROCESSOR_DEFINITIONS = (
					"'CMAKE_INTDIR=\"$(CONFIGURATION)$(EFFECTIVE_PLATFORM_NAME)\"'",
					HAS_BOOST,
				);
				GCC_SYMBOLS_PRIVATE_EXTERN = NO;
				HEADER_SEARCH_PATHS = /usr/local/include;
				INSTALL_PATH = "";
				LIBRARY_STYLE = STATIC;
				OTHER_CFLAGS = "    ";
				OTHER_CPLUSPLUSFLAGS = " -std=c++11     ";
				OTHER_LIBTOOLFLAGS = " ";
				OTHER_REZFLAGS = "";
				PRODUCT_NAME = common;
				SECTORDER_FLAGS = "";
				SYMROOT = "/Users/felipemoraes/Developer/search-engine/lib/common";
				USE_HEADERMAP = NO;
				WARNING_CFLAGS = (
					"-Wmost",
					"-Wno-four-char-constants",
					"-Wno-unknown-pragmas",
					"$(inherited)",
				);
			};
			name = Debug;
		};
		FD7253A8D73E4C70A9275B70 /* RelWithDebInfo */ = {
			isa = XCBuildConfiguration;
			buildSettings = {
				COMBINE_HIDPI_IMAGES = YES;
				EXECUTABLE_PREFIX = "";
				EXECUTABLE_SUFFIX = "";
				GCC_GENERATE_DEBUGGING_SYMBOLS = YES;
				GCC_INLINES_ARE_PRIVATE_EXTERN = NO;
				GCC_OPTIMIZATION_LEVEL = 2;
				GCC_PREPROCESSOR_DEFINITIONS = (
					"'CMAKE_INTDIR=\"$(CONFIGURATION)$(EFFECTIVE_PLATFORM_NAME)\"'",
					HAS_BOOST,
				);
				GCC_SYMBOLS_PRIVATE_EXTERN = NO;
				HEADER_SEARCH_PATHS = /usr/local/include;
				INSTALL_PATH = "";
				LIBRARY_SEARCH_PATHS = /usr/local/lib;
				OTHER_CFLAGS = "       -DNDEBUG  ";
				OTHER_CPLUSPLUSFLAGS = (
					"-std=c++11",
					"-DNDEBUG",
				);
				OTHER_LDFLAGS = (
					"-Wl,-search_paths_first",
					"-Wl,-headerpad_max_install_names",
					"/Users/felipemoraes/Developer/search-engine/lib/riCode/RelWithDebInfo/libRICPlib.a",
					"-lz",
					"-lhtmlcxx",
					"/Users/felipemoraes/Developer/search-engine/lib/common/RelWithDebInfo/libcommon.a",
					"/Users/felipemoraes/Developer/search-engine/lib/index/RelWithDebInfo/libindex.a",
				);
				OTHER_REZFLAGS = "";
				PRODUCT_NAME = indexer;
				SECTORDER_FLAGS = "";
				SYMROOT = "/Users/felipemoraes/Developer/search-engine/src/indexer";
				USE_HEADERMAP = NO;
				WARNING_CFLAGS = (
					"-Wmost",
					"-Wno-four-char-constants",
					"-Wno-unknown-pragmas",
					"$(inherited)",
				);
			};
			name = RelWithDebInfo;
		};
/* End XCBuildConfiguration section */

/* Begin XCConfigurationList section */
		31FB9E8B7C904494938F02BD /* Build configuration list for PBXNativeTarget "common" */ = {
			isa = XCConfigurationList;
			buildConfigurations = (
				FC1039B81C46499E83FDFE56 /* Debug */,
				F15ADAE120C7414F88E98AED /* Release */,
				C86E6F9EE8BD4BAC89285B19 /* MinSizeRel */,
				02067F581F14451093277EC9 /* RelWithDebInfo */,
			);
			defaultConfigurationIsVisible = 0;
			defaultConfigurationName = Debug;
		};
		65AF2127B7EF4D919AB4D472 /* Build configuration list for PBXNativeTarget "RICPlib" */ = {
			isa = XCConfigurationList;
			buildConfigurations = (
				54F87052423E475C9E4813D5 /* Debug */,
				3D123C35164F49578A478961 /* Release */,
				B634F8834FC543E18DF9AFD5 /* MinSizeRel */,
				5573264AC5EB401F8000A732 /* RelWithDebInfo */,
			);
			defaultConfigurationIsVisible = 0;
			defaultConfigurationName = Debug;
		};
		6E350CC9E98F4DD7BA668985 /* Build configuration list for PBXAggregateTarget "ALL_BUILD" */ = {
			isa = XCConfigurationList;
			buildConfigurations = (
				C8D542D6A99440A3B260FDA8 /* Debug */,
				59CEC1696D2F47018ECF3E9B /* Release */,
				51D9ABA09D4145C19E63901E /* MinSizeRel */,
				74C506068CF647F7A80D3B26 /* RelWithDebInfo */,
			);
			defaultConfigurationIsVisible = 0;
			defaultConfigurationName = Debug;
		};
		6EF6B86864454FC5892E54BC /* Build configuration list for PBXNativeTarget "index" */ = {
			isa = XCConfigurationList;
			buildConfigurations = (
				0DFE361112094920B842F7BF /* Debug */,
				F967F97BFDED45068CB157C3 /* Release */,
				B83191E8096E46E6BE4CA452 /* MinSizeRel */,
				9EC8DE46360345899C28AE97 /* RelWithDebInfo */,
			);
			defaultConfigurationIsVisible = 0;
			defaultConfigurationName = Debug;
		};
		7036B264739C4295A339C513 /* Build configuration list for PBXProject "search_engine" */ = {
			isa = XCConfigurationList;
			buildConfigurations = (
				7D1E9AB6F8504F7CA71B973A /* Debug */,
				31C34C1C1ADE476590E1386F /* Release */,
				60A3237D34324202A80F542C /* MinSizeRel */,
				E85472F469A742238D013854 /* RelWithDebInfo */,
			);
			defaultConfigurationIsVisible = 0;
			defaultConfigurationName = Debug;
		};
		ABCC51C9C3284AF484CACFB2 /* Build configuration list for PBXNativeTarget "indexer" */ = {
			isa = XCConfigurationList;
			buildConfigurations = (
				FAAFD0D68EA74450BFE61A81 /* Debug */,
				4A146FBDEAE04B09B43A5902 /* Release */,
				ABE6CA5270344E7E8DF17E05 /* MinSizeRel */,
				FD7253A8D73E4C70A9275B70 /* RelWithDebInfo */,
			);
			defaultConfigurationIsVisible = 0;
			defaultConfigurationName = Debug;
		};
		F2148FB751C14174A0438E92 /* Build configuration list for PBXAggregateTarget "ZERO_CHECK" */ = {
			isa = XCConfigurationList;
			buildConfigurations = (
				3159719D29F945809FBDCF8B /* Debug */,
				5A7C2AE1FA3141A89F193D1A /* Release */,
				A4020FCE5CA740B1A13B5713 /* MinSizeRel */,
				0A2A2E32D7B64FB6BA2F18B3 /* RelWithDebInfo */,
			);
			defaultConfigurationIsVisible = 0;
			defaultConfigurationName = Debug;
		};
/* End XCConfigurationList section */
	};
	rootObject = 6CA4E3F1B1FD42958FF841E1 /* Project object */;
}
