// !$*UTF8*$!
{
	archiveVersion = 1;
	classes = {
	};
	objectVersion = 46;
	objects = {

/* Begin PBXAggregateTarget section */
		0FA295C7E17B44EFB51FE662 /* ALL_BUILD */ = {
			isa = PBXAggregateTarget;
			buildConfigurationList = 206C4EF8740F40358259265B /* Build configuration list for PBXAggregateTarget "ALL_BUILD" */;
			buildPhases = (
				B7F8E2710E294AFB83DEEF46 /* CMake Rules */,
			);
			dependencies = (
				3F1027C45B1F4576977A4E7C /* PBXTargetDependency */,
				0DB4A55B0D504BD19138B1E5 /* PBXTargetDependency */,
				1757559BC4F742ED8D013F21 /* PBXTargetDependency */,
				68AE040989D547FB8788C0DF /* PBXTargetDependency */,
				96ADBC191DEA4E14BE98ECB4 /* PBXTargetDependency */,
			);
			name = ALL_BUILD;
			productName = ALL_BUILD;
		};
		B12D80E5BD384EA6B6649CA6 /* ZERO_CHECK */ = {
			isa = PBXAggregateTarget;
			buildConfigurationList = 98073D76B6424936A9A1A1DB /* Build configuration list for PBXAggregateTarget "ZERO_CHECK" */;
			buildPhases = (
				E3BA9A25D3E54CB58C81D4CE /* CMake Rules */,
			);
			dependencies = (
			);
			name = ZERO_CHECK;
			productName = ZERO_CHECK;
		};
/* End PBXAggregateTarget section */

/* Begin PBXBuildFile section */
		08A47E90A2D34F4B9C61DC97 /* main.cc in Sources */ = {isa = PBXBuildFile; fileRef = A705CDD3784E4861A8DB6D76 /* main.cc */; settings = {COMPILER_FLAGS = ""; }; };
		3139F93858AD4026BB1051EC /* writer.cc in Sources */ = {isa = PBXBuildFile; fileRef = C068A53E68464F00B7A9ED19 /* writer.cc */; settings = {COMPILER_FLAGS = ""; }; };
		4EF8BC1CDC7D4985A3B36591 /* CollectionWriter.cpp in Sources */ = {isa = PBXBuildFile; fileRef = 0DE7A5A8C1CF4DA7B0D95A47 /* CollectionWriter.cpp */; settings = {COMPILER_FLAGS = ""; }; };
		702BD773714F408687B20B19 /* CollectionReader.cpp in Sources */ = {isa = PBXBuildFile; fileRef = 97053F340B684AB59055B42D /* CollectionReader.cpp */; settings = {COMPILER_FLAGS = ""; }; };
		DA8F418A0BCB43C698552BBA /* page.cc in Sources */ = {isa = PBXBuildFile; fileRef = 5879A308852547A1B8ED7E42 /* page.cc */; settings = {COMPILER_FLAGS = ""; }; };
		DD5732C3C5FB46778F9199E7 /* term.cc in Sources */ = {isa = PBXBuildFile; fileRef = 4040FF0AA1DA4F79A2455B54 /* term.cc */; settings = {COMPILER_FLAGS = ""; }; };
		E8671FD5A6D64A7B923AFFAC /* run.cc in Sources */ = {isa = PBXBuildFile; fileRef = 67E518CAF7B448CF823BECA7 /* run.cc */; settings = {COMPILER_FLAGS = ""; }; };
		EC49E061F65249FC80C3C7DA /* Document.cpp in Sources */ = {isa = PBXBuildFile; fileRef = 29C6A1B161424315BDEC094E /* Document.cpp */; settings = {COMPILER_FLAGS = ""; }; };
		FCDF4BEBDF5D4DF1B3202CD7 /* merge.cc in Sources */ = {isa = PBXBuildFile; fileRef = CD5F464835224E4E9E0D4A65 /* merge.cc */; settings = {COMPILER_FLAGS = ""; }; };
/* End PBXBuildFile section */

/* Begin PBXContainerItemProxy section */
		28479C3D7F6B47A48E8833F2 /* PBXContainerItemProxy */ = {
			isa = PBXContainerItemProxy;
			containerPortal = 6CA4E3F1B1FD42958FF841E1 /* Project object */;
			proxyType = 1;
			remoteGlobalIDString = 2D44B9C7FB5B44338CBBEF0B;
			remoteInfo = common;
		};
		39B1C6274BED4470AE4DEBAA /* PBXContainerItemProxy */ = {
			isa = PBXContainerItemProxy;
			containerPortal = 6CA4E3F1B1FD42958FF841E1 /* Project object */;
			proxyType = 1;
			remoteGlobalIDString = B12D80E5BD384EA6B6649CA6;
			remoteInfo = ZERO_CHECK;
		};
		424ABEE782FA4E039BFFDCFE /* PBXContainerItemProxy */ = {
			isa = PBXContainerItemProxy;
			containerPortal = 6CA4E3F1B1FD42958FF841E1 /* Project object */;
			proxyType = 1;
			remoteGlobalIDString = 87ED50B891A7402DB5E9BE26;
			remoteInfo = index;
		};
		4B388C4D836049F5BDA42CCD /* PBXContainerItemProxy */ = {
			isa = PBXContainerItemProxy;
			containerPortal = 6CA4E3F1B1FD42958FF841E1 /* Project object */;
			proxyType = 1;
			remoteGlobalIDString = B12D80E5BD384EA6B6649CA6;
			remoteInfo = ZERO_CHECK;
		};
		57434B29EE3F4F84A1875DBD /* PBXContainerItemProxy */ = {
			isa = PBXContainerItemProxy;
			containerPortal = 6CA4E3F1B1FD42958FF841E1 /* Project object */;
			proxyType = 1;
			remoteGlobalIDString = 2D44B9C7FB5B44338CBBEF0B;
			remoteInfo = common;
		};
		5A1E2C6B64B14F74AD30D01D /* PBXContainerItemProxy */ = {
			isa = PBXContainerItemProxy;
			containerPortal = 6CA4E3F1B1FD42958FF841E1 /* Project object */;
			proxyType = 1;
			remoteGlobalIDString = 9D78BD6C94A4453BBFF66F94;
			remoteInfo = RICPlib;
		};
		944AF366509A4BF68D9D50BD /* PBXContainerItemProxy */ = {
			isa = PBXContainerItemProxy;
			containerPortal = 6CA4E3F1B1FD42958FF841E1 /* Project object */;
			proxyType = 1;
			remoteGlobalIDString = B12D80E5BD384EA6B6649CA6;
			remoteInfo = ZERO_CHECK;
		};
		9F3E0441631F474B964B4B8F /* PBXContainerItemProxy */ = {
			isa = PBXContainerItemProxy;
			containerPortal = 6CA4E3F1B1FD42958FF841E1 /* Project object */;
			proxyType = 1;
			remoteGlobalIDString = B12D80E5BD384EA6B6649CA6;
			remoteInfo = ZERO_CHECK;
		};
		A508B6E1AC524020A9255A93 /* PBXContainerItemProxy */ = {
			isa = PBXContainerItemProxy;
			containerPortal = 6CA4E3F1B1FD42958FF841E1 /* Project object */;
			proxyType = 1;
			remoteGlobalIDString = 87ED50B891A7402DB5E9BE26;
			remoteInfo = index;
		};
		AEFE56F68E094724AB7A9E15 /* PBXContainerItemProxy */ = {
			isa = PBXContainerItemProxy;
			containerPortal = 6CA4E3F1B1FD42958FF841E1 /* Project object */;
			proxyType = 1;
			remoteGlobalIDString = 58B5D6AF6E08483E9C1E8298;
			remoteInfo = indexer;
		};
		BBA0FCACB547437787D3D0D4 /* PBXContainerItemProxy */ = {
			isa = PBXContainerItemProxy;
			containerPortal = 6CA4E3F1B1FD42958FF841E1 /* Project object */;
			proxyType = 1;
			remoteGlobalIDString = 9D78BD6C94A4453BBFF66F94;
			remoteInfo = RICPlib;
		};
		D96C1A56E61A4EC3A5CFE621 /* PBXContainerItemProxy */ = {
			isa = PBXContainerItemProxy;
			containerPortal = 6CA4E3F1B1FD42958FF841E1 /* Project object */;
			proxyType = 1;
			remoteGlobalIDString = B12D80E5BD384EA6B6649CA6;
			remoteInfo = ZERO_CHECK;
		};
/* End PBXContainerItemProxy section */

/* Begin PBXFileReference section */
		088B44E5BB00479284159705 /* writer.h */ = {isa = PBXFileReference; explicitFileType = sourcecode.c.h; fileEncoding = 4; name = writer.h; path = lib/index/writer.h; sourceTree = SOURCE_ROOT; };
		0DE7A5A8C1CF4DA7B0D95A47 /* CollectionWriter.cpp */ = {isa = PBXFileReference; explicitFileType = sourcecode.cpp.cpp; fileEncoding = 4; name = CollectionWriter.cpp; path = lib/riCode/CollectionWriter.cpp; sourceTree = SOURCE_ROOT; };
		178D79A9E42F40E6AD7EE124 /* envDefault.h */ = {isa = PBXFileReference; explicitFileType = sourcecode.c.h; fileEncoding = 4; name = envDefault.h; path = lib/riCode/envDefault.h; sourceTree = SOURCE_ROOT; };
		1CB9DEAA5A264EBF9859E348 /* libcommon.a */ = {isa = PBXFileReference; explicitFileType = archive.ar; path = libcommon.a; sourceTree = BUILT_PRODUCTS_DIR; };
		29C6A1B161424315BDEC094E /* Document.cpp */ = {isa = PBXFileReference; explicitFileType = sourcecode.cpp.cpp; fileEncoding = 4; name = Document.cpp; path = lib/riCode/Document.cpp; sourceTree = SOURCE_ROOT; };
		30DB675E05DF4CE7BCBDDF7C /* CMakeLists.txt */ = {isa = PBXFileReference; explicitFileType = sourcecode.text; fileEncoding = 4; lastKnownFileType = text; path = CMakeLists.txt; sourceTree = SOURCE_ROOT; };
		3AD448B1AC534EFFA8D01AA1 /* CMakeLists.txt */ = {isa = PBXFileReference; explicitFileType = sourcecode.text; fileEncoding = 4; lastKnownFileType = text; name = CMakeLists.txt; path = lib/common/CMakeLists.txt; sourceTree = SOURCE_ROOT; };
		3F409CC271224D5FBCA45E37 /* CollectionWriter.h */ = {isa = PBXFileReference; explicitFileType = sourcecode.c.h; fileEncoding = 4; name = CollectionWriter.h; path = lib/riCode/CollectionWriter.h; sourceTree = SOURCE_ROOT; };
		4040FF0AA1DA4F79A2455B54 /* term.cc */ = {isa = PBXFileReference; explicitFileType = sourcecode.cpp.cpp; fileEncoding = 4; name = term.cc; path = lib/common/term.cc; sourceTree = SOURCE_ROOT; };
		4B21F00EDC0E4056884BB55F /* CMakeLists.txt */ = {isa = PBXFileReference; explicitFileType = sourcecode.text; fileEncoding = 4; lastKnownFileType = text; path = CMakeLists.txt; sourceTree = SOURCE_ROOT; };
		5879A308852547A1B8ED7E42 /* page.cc */ = {isa = PBXFileReference; explicitFileType = sourcecode.cpp.cpp; fileEncoding = 4; name = page.cc; path = lib/common/page.cc; sourceTree = SOURCE_ROOT; };
		67E518CAF7B448CF823BECA7 /* run.cc */ = {isa = PBXFileReference; explicitFileType = sourcecode.cpp.cpp; fileEncoding = 4; name = run.cc; path = lib/index/run.cc; sourceTree = SOURCE_ROOT; };
		70039A50E7F64385A960BC89 /* term.h */ = {isa = PBXFileReference; explicitFileType = sourcecode.c.h; fileEncoding = 4; name = term.h; path = lib/common/term.h; sourceTree = SOURCE_ROOT; };
		8A989A11226744F58280980D /* CMakeLists.txt */ = {isa = PBXFileReference; explicitFileType = sourcecode.text; fileEncoding = 4; lastKnownFileType = text; name = CMakeLists.txt; path = src/indexer/CMakeLists.txt; sourceTree = SOURCE_ROOT; };
		97053F340B684AB59055B42D /* CollectionReader.cpp */ = {isa = PBXFileReference; explicitFileType = sourcecode.cpp.cpp; fileEncoding = 4; name = CollectionReader.cpp; path = lib/riCode/CollectionReader.cpp; sourceTree = SOURCE_ROOT; };
		9C917E19C5904CDF97F8026C /* CollectionReader.h */ = {isa = PBXFileReference; explicitFileType = sourcecode.c.h; fileEncoding = 4; name = CollectionReader.h; path = lib/riCode/CollectionReader.h; sourceTree = SOURCE_ROOT; };
		A705CDD3784E4861A8DB6D76 /* main.cc */ = {isa = PBXFileReference; explicitFileType = sourcecode.cpp.cpp; fileEncoding = 4; name = main.cc; path = src/indexer/main.cc; sourceTree = SOURCE_ROOT; };
		AF17BF8CCA1E4695AF56A825 /* libindex.a */ = {isa = PBXFileReference; explicitFileType = archive.ar; path = libindex.a; sourceTree = BUILT_PRODUCTS_DIR; };
		C068A53E68464F00B7A9ED19 /* writer.cc */ = {isa = PBXFileReference; explicitFileType = sourcecode.cpp.cpp; fileEncoding = 4; name = writer.cc; path = lib/index/writer.cc; sourceTree = SOURCE_ROOT; };
		C75B18C9530440908186B8FE /* merge.h */ = {isa = PBXFileReference; explicitFileType = sourcecode.c.h; fileEncoding = 4; name = merge.h; path = lib/index/merge.h; sourceTree = SOURCE_ROOT; };
		C975D5B9E0184FE596652FBF /* libRICPlib.a */ = {isa = PBXFileReference; explicitFileType = archive.ar; path = libRICPlib.a; sourceTree = BUILT_PRODUCTS_DIR; };
		CD5F464835224E4E9E0D4A65 /* merge.cc */ = {isa = PBXFileReference; explicitFileType = sourcecode.cpp.cpp; fileEncoding = 4; name = merge.cc; path = lib/index/merge.cc; sourceTree = SOURCE_ROOT; };
		D210AF0B41D04345883D130F /* indexer */ = {isa = PBXFileReference; explicitFileType = "compiled.mach-o.executable"; path = indexer; sourceTree = BUILT_PRODUCTS_DIR; };
		DF9D7EAFDF784C9F8E3F29EF /* page.h */ = {isa = PBXFileReference; explicitFileType = sourcecode.c.h; fileEncoding = 4; name = page.h; path = lib/common/page.h; sourceTree = SOURCE_ROOT; };
		E51D052DA5934EF78E16C24F /* run.h */ = {isa = PBXFileReference; explicitFileType = sourcecode.c.h; fileEncoding = 4; name = run.h; path = lib/index/run.h; sourceTree = SOURCE_ROOT; };
		E9130F52F323429B9D77B8E0 /* CMakeLists.txt */ = {isa = PBXFileReference; explicitFileType = sourcecode.text; fileEncoding = 4; lastKnownFileType = text; name = CMakeLists.txt; path = lib/index/CMakeLists.txt; sourceTree = SOURCE_ROOT; };
		ECE7157DB144447A8343DF3E /* CMakeLists.txt */ = {isa = PBXFileReference; explicitFileType = sourcecode.text; fileEncoding = 4; lastKnownFileType = text; name = CMakeLists.txt; path = lib/riCode/CMakeLists.txt; sourceTree = SOURCE_ROOT; };
		F8542D26739842AF992182F0 /* Document.h */ = {isa = PBXFileReference; explicitFileType = sourcecode.c.h; fileEncoding = 4; name = Document.h; path = lib/riCode/Document.h; sourceTree = SOURCE_ROOT; };
/* End PBXFileReference section */

/* Begin PBXGroup section */
		09238197FEB54F8F997B48F2 /* Header Files */ = {
			isa = PBXGroup;
			children = (
				C75B18C9530440908186B8FE /* merge.h */,
				E51D052DA5934EF78E16C24F /* run.h */,
				088B44E5BB00479284159705 /* writer.h */,
			);
			name = "Header Files";
			sourceTree = "<group>";
		};
		0BDCDC086DF149A79F6E0EE7 /* RICPlib */ = {
			isa = PBXGroup;
			children = (
				7948F900A4C445C68FE5E2A3 /* Header Files */,
				C50A4E49AA4042AC9D3F53B8 /* Source Files */,
				ECE7157DB144447A8343DF3E /* CMakeLists.txt */,
			);
			name = RICPlib;
			sourceTree = "<group>";
		};
		2491D575FA784FF49AAEEC23 /* Header Files */ = {
			isa = PBXGroup;
			children = (
				DF9D7EAFDF784C9F8E3F29EF /* page.h */,
				70039A50E7F64385A960BC89 /* term.h */,
			);
			name = "Header Files";
			sourceTree = "<group>";
		};
		35B6A6D734DA412DBDB2120D /* Sources */ = {
			isa = PBXGroup;
			children = (
				AAF5C6B709FD429A8ACF93CC /* ALL_BUILD */,
				EF3E7EC4B1BF49FE9A44E4EE /* ZERO_CHECK */,
				BC1AF8AC61654D8489DFA93F /* indexer */,
				744FFF365B454B1B9809257F /* common */,
				0BDCDC086DF149A79F6E0EE7 /* RICPlib */,
				AD99D8291CB740D2A20C31B6 /* index */,
			);
			name = Sources;
			sourceTree = "<group>";
		};
		3F7BCDED8AEC4FEB98C6D759 /* Source Files */ = {
			isa = PBXGroup;
			children = (
				5879A308852547A1B8ED7E42 /* page.cc */,
				4040FF0AA1DA4F79A2455B54 /* term.cc */,
			);
			name = "Source Files";
			sourceTree = "<group>";
		};
		744FFF365B454B1B9809257F /* common */ = {
			isa = PBXGroup;
			children = (
				2491D575FA784FF49AAEEC23 /* Header Files */,
				3F7BCDED8AEC4FEB98C6D759 /* Source Files */,
				3AD448B1AC534EFFA8D01AA1 /* CMakeLists.txt */,
			);
			name = common;
			sourceTree = "<group>";
		};
		7948F900A4C445C68FE5E2A3 /* Header Files */ = {
			isa = PBXGroup;
			children = (
				9C917E19C5904CDF97F8026C /* CollectionReader.h */,
				3F409CC271224D5FBCA45E37 /* CollectionWriter.h */,
				F8542D26739842AF992182F0 /* Document.h */,
				178D79A9E42F40E6AD7EE124 /* envDefault.h */,
			);
			name = "Header Files";
			sourceTree = "<group>";
		};
		AAF5C6B709FD429A8ACF93CC /* ALL_BUILD */ = {
			isa = PBXGroup;
			children = (
				EDF85DE271E64B5FACA9C15A /* CMake Rules */,
				4B21F00EDC0E4056884BB55F /* CMakeLists.txt */,
			);
			name = ALL_BUILD;
			sourceTree = "<group>";
		};
		AD99D8291CB740D2A20C31B6 /* index */ = {
			isa = PBXGroup;
			children = (
				09238197FEB54F8F997B48F2 /* Header Files */,
				CC28EF784DA548119D54E9E7 /* Source Files */,
				E9130F52F323429B9D77B8E0 /* CMakeLists.txt */,
			);
			name = index;
			sourceTree = "<group>";
		};
		BABD6703BDD44B719C04DBF0 /* Products */ = {
			isa = PBXGroup;
			children = (
				D210AF0B41D04345883D130F /* indexer */,
				1CB9DEAA5A264EBF9859E348 /* libcommon.a */,
				C975D5B9E0184FE596652FBF /* libRICPlib.a */,
				AF17BF8CCA1E4695AF56A825 /* libindex.a */,
			);
			name = Products;
			sourceTree = "<group>";
		};
		BC1AF8AC61654D8489DFA93F /* indexer */ = {
			isa = PBXGroup;
			children = (
				C1036E3D7C354A59ACA196B8 /* Source Files */,
				8A989A11226744F58280980D /* CMakeLists.txt */,
			);
			name = indexer;
			sourceTree = "<group>";
		};
		C1036E3D7C354A59ACA196B8 /* Source Files */ = {
			isa = PBXGroup;
			children = (
				A705CDD3784E4861A8DB6D76 /* main.cc */,
			);
			name = "Source Files";
			sourceTree = "<group>";
		};
		C50A4E49AA4042AC9D3F53B8 /* Source Files */ = {
			isa = PBXGroup;
			children = (
				97053F340B684AB59055B42D /* CollectionReader.cpp */,
				0DE7A5A8C1CF4DA7B0D95A47 /* CollectionWriter.cpp */,
				29C6A1B161424315BDEC094E /* Document.cpp */,
			);
			name = "Source Files";
			sourceTree = "<group>";
		};
		CC28EF784DA548119D54E9E7 /* Source Files */ = {
			isa = PBXGroup;
			children = (
				CD5F464835224E4E9E0D4A65 /* merge.cc */,
				67E518CAF7B448CF823BECA7 /* run.cc */,
				C068A53E68464F00B7A9ED19 /* writer.cc */,
			);
			name = "Source Files";
			sourceTree = "<group>";
		};
		D90261290072431A9871B2E4 = {
			isa = PBXGroup;
			children = (
				35B6A6D734DA412DBDB2120D /* Sources */,
				F20B68B182434C29B12617CF /* Resources */,
				BABD6703BDD44B719C04DBF0 /* Products */,
			);
			sourceTree = "<group>";
		};
		EDF85DE271E64B5FACA9C15A /* CMake Rules */ = {
			isa = PBXGroup;
			children = (
			);
			name = "CMake Rules";
			sourceTree = "<group>";
		};
		EF3E7EC4B1BF49FE9A44E4EE /* ZERO_CHECK */ = {
			isa = PBXGroup;
			children = (
				F86A9E211AA644D387AF6E2A /* CMake Rules */,
				30DB675E05DF4CE7BCBDDF7C /* CMakeLists.txt */,
			);
			name = ZERO_CHECK;
			sourceTree = "<group>";
		};
		F20B68B182434C29B12617CF /* Resources */ = {
			isa = PBXGroup;
			children = (
			);
			name = Resources;
			sourceTree = "<group>";
		};
		F86A9E211AA644D387AF6E2A /* CMake Rules */ = {
			isa = PBXGroup;
			children = (
			);
			name = "CMake Rules";
			sourceTree = "<group>";
		};
/* End PBXGroup section */

/* Begin PBXNativeTarget section */
		2D44B9C7FB5B44338CBBEF0B /* common */ = {
			isa = PBXNativeTarget;
			buildConfigurationList = 632DA52E155B406A8AE9CD0C /* Build configuration list for PBXNativeTarget "common" */;
			buildPhases = (
				7419B97F38AA426287E58B1E /* Sources */,
			);
			buildRules = (
			);
			dependencies = (
				FF470A0601F04C0DBC50D85F /* PBXTargetDependency */,
			);
			name = common;
			productName = common;
			productReference = 1CB9DEAA5A264EBF9859E348 /* libcommon.a */;
			productType = "com.apple.product-type.library.static";
		};
		58B5D6AF6E08483E9C1E8298 /* indexer */ = {
			isa = PBXNativeTarget;
			buildConfigurationList = BB1E5321711C4302AB3313E7 /* Build configuration list for PBXNativeTarget "indexer" */;
			buildPhases = (
				099E2BEE69D9469398C1E1BB /* Sources */,
			);
			buildRules = (
			);
			dependencies = (
				CE0B62C3BEE54C82B4B75258 /* PBXTargetDependency */,
				3C12E89805B2475A941DA818 /* PBXTargetDependency */,
				537DC05F9D3D42D19FB7FDCF /* PBXTargetDependency */,
				136947EE845142B1BC0EE098 /* PBXTargetDependency */,
			);
			name = indexer;
			productName = indexer;
			productReference = D210AF0B41D04345883D130F /* indexer */;
			productType = "com.apple.product-type.tool";
		};
		87ED50B891A7402DB5E9BE26 /* index */ = {
			isa = PBXNativeTarget;
			buildConfigurationList = 9419A9CA36AA4BFFA5A1E735 /* Build configuration list for PBXNativeTarget "index" */;
			buildPhases = (
				0037760180204BD9981DAABB /* Sources */,
			);
			buildRules = (
			);
			dependencies = (
				B163B32BEEE74F9993569058 /* PBXTargetDependency */,
			);
			name = index;
			productName = index;
			productReference = AF17BF8CCA1E4695AF56A825 /* libindex.a */;
			productType = "com.apple.product-type.library.static";
		};
		9D78BD6C94A4453BBFF66F94 /* RICPlib */ = {
			isa = PBXNativeTarget;
			buildConfigurationList = 749AB1FAB12A4C758E25AF1B /* Build configuration list for PBXNativeTarget "RICPlib" */;
			buildPhases = (
				0DBDDAEE35204E67B77D68AE /* Sources */,
			);
			buildRules = (
			);
			dependencies = (
				3974E78F255F40C59C71D84C /* PBXTargetDependency */,
			);
			name = RICPlib;
			productName = RICPlib;
			productReference = C975D5B9E0184FE596652FBF /* libRICPlib.a */;
			productType = "com.apple.product-type.library.static";
		};
/* End PBXNativeTarget section */

/* Begin PBXProject section */
		6CA4E3F1B1FD42958FF841E1 /* Project object */ = {
			isa = PBXProject;
			attributes = {
				BuildIndependentTargetsInParallel = YES;
			};
			buildConfigurationList = 460F458A3D674997A424FAB4 /* Build configuration list for PBXProject "search_engine" */;
			compatibilityVersion = "Xcode 3.2";
			developmentRegion = English;
			hasScannedForEncodings = 0;
			knownRegions = (
				en,
			);
			mainGroup = D90261290072431A9871B2E4;
			projectDirPath = "";
			projectRoot = "";
			targets = (
				0FA295C7E17B44EFB51FE662 /* ALL_BUILD */,
				B12D80E5BD384EA6B6649CA6 /* ZERO_CHECK */,
				58B5D6AF6E08483E9C1E8298 /* indexer */,
				2D44B9C7FB5B44338CBBEF0B /* common */,
				9D78BD6C94A4453BBFF66F94 /* RICPlib */,
				87ED50B891A7402DB5E9BE26 /* index */,
			);
		};
/* End PBXProject section */

/* Begin PBXShellScriptBuildPhase section */
		B7F8E2710E294AFB83DEEF46 /* CMake Rules */ = {
			isa = PBXShellScriptBuildPhase;
			buildActionMask = 2147483647;
			files = (
			);
			name = "CMake Rules";
			runOnlyForDeploymentPostprocessing = 0;
			shellPath = /bin/sh;
			shellScript = "make -C /Users/felipemoraes/Developer/search-engine -f /Users/felipemoraes/Developer/search-engine/CMakeScripts/ALL_BUILD_cmakeRulesBuildPhase.make$CONFIGURATION all";
			showEnvVarsInLog = 0;
		};
		E3BA9A25D3E54CB58C81D4CE /* CMake Rules */ = {
			isa = PBXShellScriptBuildPhase;
			buildActionMask = 2147483647;
			files = (
			);
			name = "CMake Rules";
			runOnlyForDeploymentPostprocessing = 0;
			shellPath = /bin/sh;
			shellScript = "make -C /Users/felipemoraes/Developer/search-engine -f /Users/felipemoraes/Developer/search-engine/CMakeScripts/ZERO_CHECK_cmakeRulesBuildPhase.make$CONFIGURATION all";
			showEnvVarsInLog = 0;
		};
/* End PBXShellScriptBuildPhase section */

/* Begin PBXSourcesBuildPhase section */
		0037760180204BD9981DAABB /* Sources */ = {
			isa = PBXSourcesBuildPhase;
			buildActionMask = 2147483647;
			files = (
				FCDF4BEBDF5D4DF1B3202CD7 /* merge.cc in Sources */,
				E8671FD5A6D64A7B923AFFAC /* run.cc in Sources */,
				3139F93858AD4026BB1051EC /* writer.cc in Sources */,
			);
			runOnlyForDeploymentPostprocessing = 0;
		};
		099E2BEE69D9469398C1E1BB /* Sources */ = {
			isa = PBXSourcesBuildPhase;
			buildActionMask = 2147483647;
			files = (
				08A47E90A2D34F4B9C61DC97 /* main.cc in Sources */,
			);
			runOnlyForDeploymentPostprocessing = 0;
		};
		0DBDDAEE35204E67B77D68AE /* Sources */ = {
			isa = PBXSourcesBuildPhase;
			buildActionMask = 2147483647;
			files = (
				702BD773714F408687B20B19 /* CollectionReader.cpp in Sources */,
				4EF8BC1CDC7D4985A3B36591 /* CollectionWriter.cpp in Sources */,
				EC49E061F65249FC80C3C7DA /* Document.cpp in Sources */,
			);
			runOnlyForDeploymentPostprocessing = 0;
		};
		7419B97F38AA426287E58B1E /* Sources */ = {
			isa = PBXSourcesBuildPhase;
			buildActionMask = 2147483647;
			files = (
				DA8F418A0BCB43C698552BBA /* page.cc in Sources */,
				DD5732C3C5FB46778F9199E7 /* term.cc in Sources */,
			);
			runOnlyForDeploymentPostprocessing = 0;
		};
/* End PBXSourcesBuildPhase section */

/* Begin PBXTargetDependency section */
		0DB4A55B0D504BD19138B1E5 /* PBXTargetDependency */ = {
			isa = PBXTargetDependency;
			target = 58B5D6AF6E08483E9C1E8298 /* indexer */;
			targetProxy = AEFE56F68E094724AB7A9E15 /* PBXContainerItemProxy */;
		};
		136947EE845142B1BC0EE098 /* PBXTargetDependency */ = {
			isa = PBXTargetDependency;
			target = B12D80E5BD384EA6B6649CA6 /* ZERO_CHECK */;
			targetProxy = D96C1A56E61A4EC3A5CFE621 /* PBXContainerItemProxy */;
		};
		1757559BC4F742ED8D013F21 /* PBXTargetDependency */ = {
			isa = PBXTargetDependency;
			target = 9D78BD6C94A4453BBFF66F94 /* RICPlib */;
			targetProxy = 5A1E2C6B64B14F74AD30D01D /* PBXContainerItemProxy */;
		};
		3974E78F255F40C59C71D84C /* PBXTargetDependency */ = {
			isa = PBXTargetDependency;
			target = B12D80E5BD384EA6B6649CA6 /* ZERO_CHECK */;
			targetProxy = 944AF366509A4BF68D9D50BD /* PBXContainerItemProxy */;
		};
		3C12E89805B2475A941DA818 /* PBXTargetDependency */ = {
			isa = PBXTargetDependency;
			target = 9D78BD6C94A4453BBFF66F94 /* RICPlib */;
			targetProxy = BBA0FCACB547437787D3D0D4 /* PBXContainerItemProxy */;
		};
		3F1027C45B1F4576977A4E7C /* PBXTargetDependency */ = {
			isa = PBXTargetDependency;
			target = 2D44B9C7FB5B44338CBBEF0B /* common */;
			targetProxy = 28479C3D7F6B47A48E8833F2 /* PBXContainerItemProxy */;
		};
		537DC05F9D3D42D19FB7FDCF /* PBXTargetDependency */ = {
			isa = PBXTargetDependency;
			target = 87ED50B891A7402DB5E9BE26 /* index */;
			targetProxy = 424ABEE782FA4E039BFFDCFE /* PBXContainerItemProxy */;
		};
		68AE040989D547FB8788C0DF /* PBXTargetDependency */ = {
			isa = PBXTargetDependency;
			target = 87ED50B891A7402DB5E9BE26 /* index */;
			targetProxy = A508B6E1AC524020A9255A93 /* PBXContainerItemProxy */;
		};
		96ADBC191DEA4E14BE98ECB4 /* PBXTargetDependency */ = {
			isa = PBXTargetDependency;
			target = B12D80E5BD384EA6B6649CA6 /* ZERO_CHECK */;
			targetProxy = 9F3E0441631F474B964B4B8F /* PBXContainerItemProxy */;
		};
		B163B32BEEE74F9993569058 /* PBXTargetDependency */ = {
			isa = PBXTargetDependency;
			target = B12D80E5BD384EA6B6649CA6 /* ZERO_CHECK */;
			targetProxy = 4B388C4D836049F5BDA42CCD /* PBXContainerItemProxy */;
		};
		CE0B62C3BEE54C82B4B75258 /* PBXTargetDependency */ = {
			isa = PBXTargetDependency;
			target = 2D44B9C7FB5B44338CBBEF0B /* common */;
			targetProxy = 57434B29EE3F4F84A1875DBD /* PBXContainerItemProxy */;
		};
		FF470A0601F04C0DBC50D85F /* PBXTargetDependency */ = {
			isa = PBXTargetDependency;
			target = B12D80E5BD384EA6B6649CA6 /* ZERO_CHECK */;
			targetProxy = 39B1C6274BED4470AE4DEBAA /* PBXContainerItemProxy */;
		};
/* End PBXTargetDependency section */

/* Begin XCBuildConfiguration section */
		0E021EE391D14B2997E72247 /* Debug */ = {
			isa = XCBuildConfiguration;
			buildSettings = {
				COMBINE_HIDPI_IMAGES = YES;
				GCC_GENERATE_DEBUGGING_SYMBOLS = NO;
				GCC_INLINES_ARE_PRIVATE_EXTERN = NO;
				GCC_OPTIMIZATION_LEVEL = 0;
				GCC_PREPROCESSOR_DEFINITIONS = (
					"'CMAKE_INTDIR=\"$(CONFIGURATION)$(EFFECTIVE_PLATFORM_NAME)\"'",
					HAS_BOOST,
				);
				GCC_SYMBOLS_PRIVATE_EXTERN = NO;
				HEADER_SEARCH_PATHS = /usr/local/include;
				INSTALL_PATH = "";
				OTHER_CFLAGS = "  ";
				OTHER_LDFLAGS = " ";
				OTHER_REZFLAGS = "";
				PRODUCT_NAME = ZERO_CHECK;
				SECTORDER_FLAGS = "";
				SYMROOT = "/Users/felipemoraes/Developer/search-engine";
				USE_HEADERMAP = NO;
				WARNING_CFLAGS = (
					"-Wmost",
					"-Wno-four-char-constants",
					"-Wno-unknown-pragmas",
					"$(inherited)",
				);
			};
			name = Debug;
		};
		0FCF39F729D14207B4CA55D2 /* Debug */ = {
			isa = XCBuildConfiguration;
			buildSettings = {
				COMBINE_HIDPI_IMAGES = YES;
				EXECUTABLE_PREFIX = lib;
				EXECUTABLE_SUFFIX = .a;
				GCC_GENERATE_DEBUGGING_SYMBOLS = YES;
				GCC_INLINES_ARE_PRIVATE_EXTERN = NO;
				GCC_OPTIMIZATION_LEVEL = 0;
				GCC_PREPROCESSOR_DEFINITIONS = (
					"'CMAKE_INTDIR=\"$(CONFIGURATION)$(EFFECTIVE_PLATFORM_NAME)\"'",
					HAS_BOOST,
				);
				GCC_SYMBOLS_PRIVATE_EXTERN = NO;
				HEADER_SEARCH_PATHS = /usr/local/include;
				INSTALL_PATH = "";
				LIBRARY_STYLE = STATIC;
				OTHER_CFLAGS = "    ";
				OTHER_CPLUSPLUSFLAGS = " -std=c++11     ";
				OTHER_LIBTOOLFLAGS = " ";
				OTHER_REZFLAGS = "";
				PRODUCT_NAME = RICPlib;
				SECTORDER_FLAGS = "";
				SYMROOT = "/Users/felipemoraes/Developer/search-engine/lib/riCode";
				USE_HEADERMAP = NO;
				WARNING_CFLAGS = (
					"-Wmost",
					"-Wno-four-char-constants",
					"-Wno-unknown-pragmas",
					"$(inherited)",
				);
			};
			name = Debug;
		};
		176280B9E02A422F8597E5AF /* Debug */ = {
			isa = XCBuildConfiguration;
			buildSettings = {
				COMBINE_HIDPI_IMAGES = YES;
				EXECUTABLE_PREFIX = lib;
				EXECUTABLE_SUFFIX = .a;
				GCC_GENERATE_DEBUGGING_SYMBOLS = YES;
				GCC_INLINES_ARE_PRIVATE_EXTERN = NO;
				GCC_OPTIMIZATION_LEVEL = 0;
				GCC_PREPROCESSOR_DEFINITIONS = (
					"'CMAKE_INTDIR=\"$(CONFIGURATION)$(EFFECTIVE_PLATFORM_NAME)\"'",
					HAS_BOOST,
				);
				GCC_SYMBOLS_PRIVATE_EXTERN = NO;
				HEADER_SEARCH_PATHS = /usr/local/include;
				INSTALL_PATH = "";
				LIBRARY_STYLE = STATIC;
				OTHER_CFLAGS = "    ";
				OTHER_CPLUSPLUSFLAGS = " -std=c++11     ";
				OTHER_LIBTOOLFLAGS = " ";
				OTHER_REZFLAGS = "";
				PRODUCT_NAME = index;
				SECTORDER_FLAGS = "";
				SYMROOT = "/Users/felipemoraes/Developer/search-engine/lib/index";
				USE_HEADERMAP = NO;
				WARNING_CFLAGS = (
					"-Wmost",
					"-Wno-four-char-constants",
					"-Wno-unknown-pragmas",
					"$(inherited)",
				);
			};
			name = Debug;
		};
		1C939B4CD234416B8767B373 /* MinSizeRel */ = {
			isa = XCBuildConfiguration;
			buildSettings = {
				COMBINE_HIDPI_IMAGES = YES;
				EXECUTABLE_PREFIX = lib;
				EXECUTABLE_SUFFIX = .a;
				GCC_GENERATE_DEBUGGING_SYMBOLS = NO;
				GCC_INLINES_ARE_PRIVATE_EXTERN = NO;
				GCC_OPTIMIZATION_LEVEL = s;
				GCC_PREPROCESSOR_DEFINITIONS = (
					"'CMAKE_INTDIR=\"$(CONFIGURATION)$(EFFECTIVE_PLATFORM_NAME)\"'",
					HAS_BOOST,
				);
				GCC_SYMBOLS_PRIVATE_EXTERN = NO;
				HEADER_SEARCH_PATHS = /usr/local/include;
				INSTALL_PATH = "";
				LIBRARY_STYLE = STATIC;
				OTHER_CFLAGS = "    -DNDEBUG  ";
				OTHER_CPLUSPLUSFLAGS = (
					"-std=c++11",
					"-DNDEBUG",
				);
				OTHER_LIBTOOLFLAGS = " ";
				OTHER_REZFLAGS = "";
				PRODUCT_NAME = index;
				SECTORDER_FLAGS = "";
				SYMROOT = "/Users/felipemoraes/Developer/search-engine/lib/index";
				USE_HEADERMAP = NO;
				WARNING_CFLAGS = (
					"-Wmost",
					"-Wno-four-char-constants",
					"-Wno-unknown-pragmas",
					"$(inherited)",
				);
			};
			name = MinSizeRel;
		};
		1D0CC33337D84EB2B68725FE /* MinSizeRel */ = {
			isa = XCBuildConfiguration;
			buildSettings = {
				COMBINE_HIDPI_IMAGES = YES;
				EXECUTABLE_PREFIX = "";
				EXECUTABLE_SUFFIX = "";
				GCC_GENERATE_DEBUGGING_SYMBOLS = NO;
				GCC_INLINES_ARE_PRIVATE_EXTERN = NO;
				GCC_OPTIMIZATION_LEVEL = s;
				GCC_PREPROCESSOR_DEFINITIONS = (
					"'CMAKE_INTDIR=\"$(CONFIGURATION)$(EFFECTIVE_PLATFORM_NAME)\"'",
					HAS_BOOST,
				);
				GCC_SYMBOLS_PRIVATE_EXTERN = NO;
				HEADER_SEARCH_PATHS = /usr/local/include;
				INSTALL_PATH = "";
				LIBRARY_SEARCH_PATHS = /usr/local/lib;
				OTHER_CFLAGS = "    -DNDEBUG  ";
				OTHER_CPLUSPLUSFLAGS = (
					"-std=c++11",
					"-DNDEBUG",
				);
				OTHER_LDFLAGS = (
					"-Wl,-search_paths_first",
					"-Wl,-headerpad_max_install_names",
					"/Users/felipemoraes/Developer/search-engine/lib/riCode/MinSizeRel/libRICPlib.a",
					"-lz",
					"-lhtmlcxx",
					"/Users/felipemoraes/Developer/search-engine/lib/common/MinSizeRel/libcommon.a",
					"/Users/felipemoraes/Developer/search-engine/lib/index/MinSizeRel/libindex.a",
				);
				OTHER_REZFLAGS = "";
				PRODUCT_NAME = indexer;
				SECTORDER_FLAGS = "";
				SYMROOT = "/Users/felipemoraes/Developer/search-engine/src/indexer";
				USE_HEADERMAP = NO;
				WARNING_CFLAGS = (
					"-Wmost",
					"-Wno-four-char-constants",
					"-Wno-unknown-pragmas",
					"$(inherited)",
				);
			};
			name = MinSizeRel;
		};
		2347BC8C81F94F9CA98CAF46 /* RelWithDebInfo */ = {
			isa = XCBuildConfiguration;
			buildSettings = {
				ARCHS = "$(ARCHS_STANDARD_32_64_BIT)";
				ONLY_ACTIVE_ARCH = YES;
				SDKROOT = /Applications/Xcode.app/Contents/Developer/Platforms/MacOSX.platform/Developer/SDKs/MacOSX10.10.sdk;
				SYMROOT = "/Users/felipemoraes/Developer/search-engine/build";
			};
			name = RelWithDebInfo;
		};
		2F82E173AA49425E8DA98878 /* MinSizeRel */ = {
			isa = XCBuildConfiguration;
			buildSettings = {
				ARCHS = "$(ARCHS_STANDARD_32_64_BIT)";
				ONLY_ACTIVE_ARCH = YES;
				SDKROOT = /Applications/Xcode.app/Contents/Developer/Platforms/MacOSX.platform/Developer/SDKs/MacOSX10.10.sdk;
				SYMROOT = "/Users/felipemoraes/Developer/search-engine/build";
			};
			name = MinSizeRel;
		};
		34BD5ADC6C0849F7988EFAA7 /* RelWithDebInfo */ = {
			isa = XCBuildConfiguration;
			buildSettings = {
				COMBINE_HIDPI_IMAGES = YES;
				EXECUTABLE_PREFIX = lib;
				EXECUTABLE_SUFFIX = .a;
				GCC_GENERATE_DEBUGGING_SYMBOLS = YES;
				GCC_INLINES_ARE_PRIVATE_EXTERN = NO;
				GCC_OPTIMIZATION_LEVEL = 2;
				GCC_PREPROCESSOR_DEFINITIONS = (
					"'CMAKE_INTDIR=\"$(CONFIGURATION)$(EFFECTIVE_PLATFORM_NAME)\"'",
					HAS_BOOST,
				);
				GCC_SYMBOLS_PRIVATE_EXTERN = NO;
				HEADER_SEARCH_PATHS = /usr/local/include;
				INSTALL_PATH = "";
				LIBRARY_STYLE = STATIC;
				OTHER_CFLAGS = "       -DNDEBUG  ";
				OTHER_CPLUSPLUSFLAGS = (
					"-std=c++11",
					"-DNDEBUG",
				);
				OTHER_LIBTOOLFLAGS = " ";
				OTHER_REZFLAGS = "";
				PRODUCT_NAME = RICPlib;
				SECTORDER_FLAGS = "";
				SYMROOT = "/Users/felipemoraes/Developer/search-engine/lib/riCode";
				USE_HEADERMAP = NO;
				WARNING_CFLAGS = (
					"-Wmost",
					"-Wno-four-char-constants",
					"-Wno-unknown-pragmas",
					"$(inherited)",
				);
			};
			name = RelWithDebInfo;
		};
		394EDC2148E2454AAAE5785D /* Release */ = {
			isa = XCBuildConfiguration;
			buildSettings = {
				ARCHS = "$(ARCHS_STANDARD_32_64_BIT)";
				ONLY_ACTIVE_ARCH = YES;
				SDKROOT = /Applications/Xcode.app/Contents/Developer/Platforms/MacOSX.platform/Developer/SDKs/MacOSX10.10.sdk;
				SYMROOT = "/Users/felipemoraes/Developer/search-engine/build";
			};
			name = Release;
		};
		44BCBD3FFF484048B128986F /* MinSizeRel */ = {
			isa = XCBuildConfiguration;
			buildSettings = {
				COMBINE_HIDPI_IMAGES = YES;
				GCC_GENERATE_DEBUGGING_SYMBOLS = NO;
				GCC_INLINES_ARE_PRIVATE_EXTERN = NO;
				GCC_OPTIMIZATION_LEVEL = 0;
				GCC_PREPROCESSOR_DEFINITIONS = (
					"'CMAKE_INTDIR=\"$(CONFIGURATION)$(EFFECTIVE_PLATFORM_NAME)\"'",
					HAS_BOOST,
				);
				GCC_SYMBOLS_PRIVATE_EXTERN = NO;
				HEADER_SEARCH_PATHS = /usr/local/include;
				INSTALL_PATH = "";
				OTHER_CFLAGS = "  ";
				OTHER_LDFLAGS = " ";
				OTHER_REZFLAGS = "";
				PRODUCT_NAME = ALL_BUILD;
				SECTORDER_FLAGS = "";
				SYMROOT = "/Users/felipemoraes/Developer/search-engine";
				USE_HEADERMAP = NO;
				WARNING_CFLAGS = (
					"-Wmost",
					"-Wno-four-char-constants",
					"-Wno-unknown-pragmas",
					"$(inherited)",
				);
			};
			name = MinSizeRel;
		};
		4786BE4249864FB6868EA1B2 /* RelWithDebInfo */ = {
			isa = XCBuildConfiguration;
			buildSettings = {
				COMBINE_HIDPI_IMAGES = YES;
				EXECUTABLE_PREFIX = "";
				EXECUTABLE_SUFFIX = "";
				GCC_GENERATE_DEBUGGING_SYMBOLS = YES;
				GCC_INLINES_ARE_PRIVATE_EXTERN = NO;
				GCC_OPTIMIZATION_LEVEL = 2;
				GCC_PREPROCESSOR_DEFINITIONS = (
					"'CMAKE_INTDIR=\"$(CONFIGURATION)$(EFFECTIVE_PLATFORM_NAME)\"'",
					HAS_BOOST,
				);
				GCC_SYMBOLS_PRIVATE_EXTERN = NO;
				HEADER_SEARCH_PATHS = /usr/local/include;
				INSTALL_PATH = "";
				LIBRARY_SEARCH_PATHS = /usr/local/lib;
				OTHER_CFLAGS = "       -DNDEBUG  ";
				OTHER_CPLUSPLUSFLAGS = (
					"-std=c++11",
					"-DNDEBUG",
				);
				OTHER_LDFLAGS = (
					"-Wl,-search_paths_first",
					"-Wl,-headerpad_max_install_names",
					"/Users/felipemoraes/Developer/search-engine/lib/riCode/RelWithDebInfo/libRICPlib.a",
					"-lz",
					"-lhtmlcxx",
					"/Users/felipemoraes/Developer/search-engine/lib/common/RelWithDebInfo/libcommon.a",
					"/Users/felipemoraes/Developer/search-engine/lib/index/RelWithDebInfo/libindex.a",
				);
				OTHER_REZFLAGS = "";
				PRODUCT_NAME = indexer;
				SECTORDER_FLAGS = "";
				SYMROOT = "/Users/felipemoraes/Developer/search-engine/src/indexer";
				USE_HEADERMAP = NO;
				WARNING_CFLAGS = (
					"-Wmost",
					"-Wno-four-char-constants",
					"-Wno-unknown-pragmas",
					"$(inherited)",
				);
			};
			name = RelWithDebInfo;
		};
		514EE21738BB4B51B3F86B42 /* MinSizeRel */ = {
			isa = XCBuildConfiguration;
			buildSettings = {
				COMBINE_HIDPI_IMAGES = YES;
				EXECUTABLE_PREFIX = lib;
				EXECUTABLE_SUFFIX = .a;
				GCC_GENERATE_DEBUGGING_SYMBOLS = NO;
				GCC_INLINES_ARE_PRIVATE_EXTERN = NO;
				GCC_OPTIMIZATION_LEVEL = s;
				GCC_PREPROCESSOR_DEFINITIONS = (
					"'CMAKE_INTDIR=\"$(CONFIGURATION)$(EFFECTIVE_PLATFORM_NAME)\"'",
					HAS_BOOST,
				);
				GCC_SYMBOLS_PRIVATE_EXTERN = NO;
				HEADER_SEARCH_PATHS = /usr/local/include;
				INSTALL_PATH = "";
				LIBRARY_STYLE = STATIC;
				OTHER_CFLAGS = "    -DNDEBUG  ";
				OTHER_CPLUSPLUSFLAGS = (
					"-std=c++11",
					"-DNDEBUG",
				);
				OTHER_LIBTOOLFLAGS = " ";
				OTHER_REZFLAGS = "";
				PRODUCT_NAME = RICPlib;
				SECTORDER_FLAGS = "";
				SYMROOT = "/Users/felipemoraes/Developer/search-engine/lib/riCode";
				USE_HEADERMAP = NO;
				WARNING_CFLAGS = (
					"-Wmost",
					"-Wno-four-char-constants",
					"-Wno-unknown-pragmas",
					"$(inherited)",
				);
			};
			name = MinSizeRel;
		};
		5F551AA46C2943FEB708623A /* RelWithDebInfo */ = {
			isa = XCBuildConfiguration;
			buildSettings = {
				COMBINE_HIDPI_IMAGES = YES;
				EXECUTABLE_PREFIX = lib;
				EXECUTABLE_SUFFIX = .a;
				GCC_GENERATE_DEBUGGING_SYMBOLS = YES;
				GCC_INLINES_ARE_PRIVATE_EXTERN = NO;
				GCC_OPTIMIZATION_LEVEL = 2;
				GCC_PREPROCESSOR_DEFINITIONS = (
					"'CMAKE_INTDIR=\"$(CONFIGURATION)$(EFFECTIVE_PLATFORM_NAME)\"'",
					HAS_BOOST,
				);
				GCC_SYMBOLS_PRIVATE_EXTERN = NO;
				HEADER_SEARCH_PATHS = /usr/local/include;
				INSTALL_PATH = "";
				LIBRARY_STYLE = STATIC;
				OTHER_CFLAGS = "       -DNDEBUG  ";
				OTHER_CPLUSPLUSFLAGS = (
					"-std=c++11",
					"-DNDEBUG",
				);
				OTHER_LIBTOOLFLAGS = " ";
				OTHER_REZFLAGS = "";
				PRODUCT_NAME = common;
				SECTORDER_FLAGS = "";
				SYMROOT = "/Users/felipemoraes/Developer/search-engine/lib/common";
				USE_HEADERMAP = NO;
				WARNING_CFLAGS = (
					"-Wmost",
					"-Wno-four-char-constants",
					"-Wno-unknown-pragmas",
					"$(inherited)",
				);
			};
			name = RelWithDebInfo;
		};
		5F848A49D33742BFA76A3C28 /* RelWithDebInfo */ = {
			isa = XCBuildConfiguration;
			buildSettings = {
				COMBINE_HIDPI_IMAGES = YES;
				EXECUTABLE_PREFIX = lib;
				EXECUTABLE_SUFFIX = .a;
				GCC_GENERATE_DEBUGGING_SYMBOLS = YES;
				GCC_INLINES_ARE_PRIVATE_EXTERN = NO;
				GCC_OPTIMIZATION_LEVEL = 2;
				GCC_PREPROCESSOR_DEFINITIONS = (
					"'CMAKE_INTDIR=\"$(CONFIGURATION)$(EFFECTIVE_PLATFORM_NAME)\"'",
					HAS_BOOST,
				);
				GCC_SYMBOLS_PRIVATE_EXTERN = NO;
				HEADER_SEARCH_PATHS = /usr/local/include;
				INSTALL_PATH = "";
				LIBRARY_STYLE = STATIC;
				OTHER_CFLAGS = "       -DNDEBUG  ";
				OTHER_CPLUSPLUSFLAGS = (
					"-std=c++11",
					"-DNDEBUG",
				);
				OTHER_LIBTOOLFLAGS = " ";
				OTHER_REZFLAGS = "";
				PRODUCT_NAME = index;
				SECTORDER_FLAGS = "";
				SYMROOT = "/Users/felipemoraes/Developer/search-engine/lib/index";
				USE_HEADERMAP = NO;
				WARNING_CFLAGS = (
					"-Wmost",
					"-Wno-four-char-constants",
					"-Wno-unknown-pragmas",
					"$(inherited)",
				);
			};
			name = RelWithDebInfo;
		};
		671FAAA6F2EC4DA687E87328 /* RelWithDebInfo */ = {
			isa = XCBuildConfiguration;
			buildSettings = {
				COMBINE_HIDPI_IMAGES = YES;
				GCC_GENERATE_DEBUGGING_SYMBOLS = NO;
				GCC_INLINES_ARE_PRIVATE_EXTERN = NO;
				GCC_OPTIMIZATION_LEVEL = 0;
				GCC_PREPROCESSOR_DEFINITIONS = (
					"'CMAKE_INTDIR=\"$(CONFIGURATION)$(EFFECTIVE_PLATFORM_NAME)\"'",
					HAS_BOOST,
				);
				GCC_SYMBOLS_PRIVATE_EXTERN = NO;
				HEADER_SEARCH_PATHS = /usr/local/include;
				INSTALL_PATH = "";
				OTHER_CFLAGS = "  ";
				OTHER_LDFLAGS = " ";
				OTHER_REZFLAGS = "";
				PRODUCT_NAME = ALL_BUILD;
				SECTORDER_FLAGS = "";
				SYMROOT = "/Users/felipemoraes/Developer/search-engine";
				USE_HEADERMAP = NO;
				WARNING_CFLAGS = (
					"-Wmost",
					"-Wno-four-char-constants",
					"-Wno-unknown-pragmas",
					"$(inherited)",
				);
			};
			name = RelWithDebInfo;
		};
		6ACF82C95BA243139E75F07C /* MinSizeRel */ = {
			isa = XCBuildConfiguration;
			buildSettings = {
				COMBINE_HIDPI_IMAGES = YES;
				GCC_GENERATE_DEBUGGING_SYMBOLS = NO;
				GCC_INLINES_ARE_PRIVATE_EXTERN = NO;
				GCC_OPTIMIZATION_LEVEL = 0;
				GCC_PREPROCESSOR_DEFINITIONS = (
					"'CMAKE_INTDIR=\"$(CONFIGURATION)$(EFFECTIVE_PLATFORM_NAME)\"'",
					HAS_BOOST,
				);
				GCC_SYMBOLS_PRIVATE_EXTERN = NO;
				HEADER_SEARCH_PATHS = /usr/local/include;
				INSTALL_PATH = "";
				OTHER_CFLAGS = "  ";
				OTHER_LDFLAGS = " ";
				OTHER_REZFLAGS = "";
				PRODUCT_NAME = ZERO_CHECK;
				SECTORDER_FLAGS = "";
				SYMROOT = "/Users/felipemoraes/Developer/search-engine";
				USE_HEADERMAP = NO;
				WARNING_CFLAGS = (
					"-Wmost",
					"-Wno-four-char-constants",
					"-Wno-unknown-pragmas",
					"$(inherited)",
				);
			};
			name = MinSizeRel;
		};
		7A6348CA17E3464CBCF0E75F /* Debug */ = {
			isa = XCBuildConfiguration;
			buildSettings = {
				COMBINE_HIDPI_IMAGES = YES;
				GCC_GENERATE_DEBUGGING_SYMBOLS = NO;
				GCC_INLINES_ARE_PRIVATE_EXTERN = NO;
				GCC_OPTIMIZATION_LEVEL = 0;
				GCC_PREPROCESSOR_DEFINITIONS = (
					"'CMAKE_INTDIR=\"$(CONFIGURATION)$(EFFECTIVE_PLATFORM_NAME)\"'",
					HAS_BOOST,
				);
				GCC_SYMBOLS_PRIVATE_EXTERN = NO;
				HEADER_SEARCH_PATHS = /usr/local/include;
				INSTALL_PATH = "";
				OTHER_CFLAGS = "  ";
				OTHER_LDFLAGS = " ";
				OTHER_REZFLAGS = "";
				PRODUCT_NAME = ALL_BUILD;
				SECTORDER_FLAGS = "";
				SYMROOT = "/Users/felipemoraes/Developer/search-engine";
				USE_HEADERMAP = NO;
				WARNING_CFLAGS = (
					"-Wmost",
					"-Wno-four-char-constants",
					"-Wno-unknown-pragmas",
					"$(inherited)",
				);
			};
			name = Debug;
		};
		8BA3DD4610C24E32BE11EF6F /* Debug */ = {
			isa = XCBuildConfiguration;
			buildSettings = {
				ARCHS = "$(ARCHS_STANDARD_32_64_BIT)";
				ONLY_ACTIVE_ARCH = YES;
				SDKROOT = /Applications/Xcode.app/Contents/Developer/Platforms/MacOSX.platform/Developer/SDKs/MacOSX10.10.sdk;
				SYMROOT = "/Users/felipemoraes/Developer/search-engine/build";
			};
			name = Debug;
		};
		92ABC1ECEAE1434A84841F0D /* Release */ = {
			isa = XCBuildConfiguration;
			buildSettings = {
				COMBINE_HIDPI_IMAGES = YES;
				EXECUTABLE_PREFIX = lib;
				EXECUTABLE_SUFFIX = .a;
				GCC_GENERATE_DEBUGGING_SYMBOLS = NO;
				GCC_INLINES_ARE_PRIVATE_EXTERN = NO;
				GCC_OPTIMIZATION_LEVEL = 3;
				GCC_PREPROCESSOR_DEFINITIONS = (
					"'CMAKE_INTDIR=\"$(CONFIGURATION)$(EFFECTIVE_PLATFORM_NAME)\"'",
					HAS_BOOST,
				);
				GCC_SYMBOLS_PRIVATE_EXTERN = NO;
				HEADER_SEARCH_PATHS = /usr/local/include;
				INSTALL_PATH = "";
				LIBRARY_STYLE = STATIC;
				OTHER_CFLAGS = "    -DNDEBUG  ";
				OTHER_CPLUSPLUSFLAGS = (
					"-std=c++11",
					"-DNDEBUG",
				);
				OTHER_LIBTOOLFLAGS = " ";
				OTHER_REZFLAGS = "";
				PRODUCT_NAME = common;
				SECTORDER_FLAGS = "";
				SYMROOT = "/Users/felipemoraes/Developer/search-engine/lib/common";
				USE_HEADERMAP = NO;
				WARNING_CFLAGS = (
					"-Wmost",
					"-Wno-four-char-constants",
					"-Wno-unknown-pragmas",
					"$(inherited)",
				);
			};
			name = Release;
		};
		9DF33EFF4BE74B7A832E4500 /* Release */ = {
			isa = XCBuildConfiguration;
			buildSettings = {
				COMBINE_HIDPI_IMAGES = YES;
				EXECUTABLE_PREFIX = lib;
				EXECUTABLE_SUFFIX = .a;
				GCC_GENERATE_DEBUGGING_SYMBOLS = NO;
				GCC_INLINES_ARE_PRIVATE_EXTERN = NO;
				GCC_OPTIMIZATION_LEVEL = 3;
				GCC_PREPROCESSOR_DEFINITIONS = (
					"'CMAKE_INTDIR=\"$(CONFIGURATION)$(EFFECTIVE_PLATFORM_NAME)\"'",
					HAS_BOOST,
				);
				GCC_SYMBOLS_PRIVATE_EXTERN = NO;
				HEADER_SEARCH_PATHS = /usr/local/include;
				INSTALL_PATH = "";
				LIBRARY_STYLE = STATIC;
				OTHER_CFLAGS = "    -DNDEBUG  ";
				OTHER_CPLUSPLUSFLAGS = (
					"-std=c++11",
					"-DNDEBUG",
				);
				OTHER_LIBTOOLFLAGS = " ";
				OTHER_REZFLAGS = "";
				PRODUCT_NAME = index;
				SECTORDER_FLAGS = "";
				SYMROOT = "/Users/felipemoraes/Developer/search-engine/lib/index";
				USE_HEADERMAP = NO;
				WARNING_CFLAGS = (
					"-Wmost",
					"-Wno-four-char-constants",
					"-Wno-unknown-pragmas",
					"$(inherited)",
				);
			};
			name = Release;
		};
		A16D42BA8143408ABC1C0606 /* Release */ = {
			isa = XCBuildConfiguration;
			buildSettings = {
				COMBINE_HIDPI_IMAGES = YES;
				GCC_GENERATE_DEBUGGING_SYMBOLS = NO;
				GCC_INLINES_ARE_PRIVATE_EXTERN = NO;
				GCC_OPTIMIZATION_LEVEL = 0;
				GCC_PREPROCESSOR_DEFINITIONS = (
					"'CMAKE_INTDIR=\"$(CONFIGURATION)$(EFFECTIVE_PLATFORM_NAME)\"'",
					HAS_BOOST,
				);
				GCC_SYMBOLS_PRIVATE_EXTERN = NO;
				HEADER_SEARCH_PATHS = /usr/local/include;
				INSTALL_PATH = "";
				OTHER_CFLAGS = "  ";
				OTHER_LDFLAGS = " ";
				OTHER_REZFLAGS = "";
				PRODUCT_NAME = ALL_BUILD;
				SECTORDER_FLAGS = "";
				SYMROOT = "/Users/felipemoraes/Developer/search-engine";
				USE_HEADERMAP = NO;
				WARNING_CFLAGS = (
					"-Wmost",
					"-Wno-four-char-constants",
					"-Wno-unknown-pragmas",
					"$(inherited)",
				);
			};
			name = Release;
		};
		A4EAE205599D436282700935 /* Release */ = {
			isa = XCBuildConfiguration;
			buildSettings = {
				COMBINE_HIDPI_IMAGES = YES;
				GCC_GENERATE_DEBUGGING_SYMBOLS = NO;
				GCC_INLINES_ARE_PRIVATE_EXTERN = NO;
				GCC_OPTIMIZATION_LEVEL = 0;
				GCC_PREPROCESSOR_DEFINITIONS = (
					"'CMAKE_INTDIR=\"$(CONFIGURATION)$(EFFECTIVE_PLATFORM_NAME)\"'",
					HAS_BOOST,
				);
				GCC_SYMBOLS_PRIVATE_EXTERN = NO;
				HEADER_SEARCH_PATHS = /usr/local/include;
				INSTALL_PATH = "";
				OTHER_CFLAGS = "  ";
				OTHER_LDFLAGS = " ";
				OTHER_REZFLAGS = "";
				PRODUCT_NAME = ZERO_CHECK;
				SECTORDER_FLAGS = "";
				SYMROOT = "/Users/felipemoraes/Developer/search-engine";
				USE_HEADERMAP = NO;
				WARNING_CFLAGS = (
					"-Wmost",
					"-Wno-four-char-constants",
					"-Wno-unknown-pragmas",
					"$(inherited)",
				);
			};
			name = Release;
		};
		BAA4FB84CFA44BBA9C38B8DF /* RelWithDebInfo */ = {
			isa = XCBuildConfiguration;
			buildSettings = {
				COMBINE_HIDPI_IMAGES = YES;
				GCC_GENERATE_DEBUGGING_SYMBOLS = NO;
				GCC_INLINES_ARE_PRIVATE_EXTERN = NO;
				GCC_OPTIMIZATION_LEVEL = 0;
				GCC_PREPROCESSOR_DEFINITIONS = (
					"'CMAKE_INTDIR=\"$(CONFIGURATION)$(EFFECTIVE_PLATFORM_NAME)\"'",
					HAS_BOOST,
				);
				GCC_SYMBOLS_PRIVATE_EXTERN = NO;
				HEADER_SEARCH_PATHS = /usr/local/include;
				INSTALL_PATH = "";
				OTHER_CFLAGS = "  ";
				OTHER_LDFLAGS = " ";
				OTHER_REZFLAGS = "";
				PRODUCT_NAME = ZERO_CHECK;
				SECTORDER_FLAGS = "";
				SYMROOT = "/Users/felipemoraes/Developer/search-engine";
				USE_HEADERMAP = NO;
				WARNING_CFLAGS = (
					"-Wmost",
					"-Wno-four-char-constants",
					"-Wno-unknown-pragmas",
					"$(inherited)",
				);
			};
			name = RelWithDebInfo;
		};
		BADB5F06693244EF81AA6268 /* MinSizeRel */ = {
			isa = XCBuildConfiguration;
			buildSettings = {
				COMBINE_HIDPI_IMAGES = YES;
				EXECUTABLE_PREFIX = lib;
				EXECUTABLE_SUFFIX = .a;
				GCC_GENERATE_DEBUGGING_SYMBOLS = NO;
				GCC_INLINES_ARE_PRIVATE_EXTERN = NO;
				GCC_OPTIMIZATION_LEVEL = s;
				GCC_PREPROCESSOR_DEFINITIONS = (
					"'CMAKE_INTDIR=\"$(CONFIGURATION)$(EFFECTIVE_PLATFORM_NAME)\"'",
					HAS_BOOST,
				);
				GCC_SYMBOLS_PRIVATE_EXTERN = NO;
				HEADER_SEARCH_PATHS = /usr/local/include;
				INSTALL_PATH = "";
				LIBRARY_STYLE = STATIC;
				OTHER_CFLAGS = "    -DNDEBUG  ";
				OTHER_CPLUSPLUSFLAGS = (
					"-std=c++11",
					"-DNDEBUG",
				);
				OTHER_LIBTOOLFLAGS = " ";
				OTHER_REZFLAGS = "";
				PRODUCT_NAME = common;
				SECTORDER_FLAGS = "";
				SYMROOT = "/Users/felipemoraes/Developer/search-engine/lib/common";
				USE_HEADERMAP = NO;
				WARNING_CFLAGS = (
					"-Wmost",
					"-Wno-four-char-constants",
					"-Wno-unknown-pragmas",
					"$(inherited)",
				);
			};
			name = MinSizeRel;
		};
		CA7490F1DFBC4D2D955361C9 /* Release */ = {
			isa = XCBuildConfiguration;
			buildSettings = {
				COMBINE_HIDPI_IMAGES = YES;
				EXECUTABLE_PREFIX = "";
				EXECUTABLE_SUFFIX = "";
				GCC_GENERATE_DEBUGGING_SYMBOLS = NO;
				GCC_INLINES_ARE_PRIVATE_EXTERN = NO;
				GCC_OPTIMIZATION_LEVEL = 3;
				GCC_PREPROCESSOR_DEFINITIONS = (
					"'CMAKE_INTDIR=\"$(CONFIGURATION)$(EFFECTIVE_PLATFORM_NAME)\"'",
					HAS_BOOST,
				);
				GCC_SYMBOLS_PRIVATE_EXTERN = NO;
				HEADER_SEARCH_PATHS = /usr/local/include;
				INSTALL_PATH = "";
				LIBRARY_SEARCH_PATHS = /usr/local/lib;
				OTHER_CFLAGS = "    -DNDEBUG  ";
				OTHER_CPLUSPLUSFLAGS = (
					"-std=c++11",
					"-DNDEBUG",
				);
				OTHER_LDFLAGS = (
					"-Wl,-search_paths_first",
					"-Wl,-headerpad_max_install_names",
					"/Users/felipemoraes/Developer/search-engine/lib/riCode/Release/libRICPlib.a",
					"-lz",
					"-lhtmlcxx",
					"/Users/felipemoraes/Developer/search-engine/lib/common/Release/libcommon.a",
					"/Users/felipemoraes/Developer/search-engine/lib/index/Release/libindex.a",
				);
				OTHER_REZFLAGS = "";
				PRODUCT_NAME = indexer;
				SECTORDER_FLAGS = "";
				SYMROOT = "/Users/felipemoraes/Developer/search-engine/src/indexer";
				USE_HEADERMAP = NO;
				WARNING_CFLAGS = (
					"-Wmost",
					"-Wno-four-char-constants",
					"-Wno-unknown-pragmas",
					"$(inherited)",
				);
			};
			name = Release;
		};
		DF6FA747E90F42A586CFEA9E /* Debug */ = {
			isa = XCBuildConfiguration;
			buildSettings = {
				COMBINE_HIDPI_IMAGES = YES;
				EXECUTABLE_PREFIX = lib;
				EXECUTABLE_SUFFIX = .a;
				GCC_GENERATE_DEBUGGING_SYMBOLS = YES;
				GCC_INLINES_ARE_PRIVATE_EXTERN = NO;
				GCC_OPTIMIZATION_LEVEL = 0;
				GCC_PREPROCESSOR_DEFINITIONS = (
					"'CMAKE_INTDIR=\"$(CONFIGURATION)$(EFFECTIVE_PLATFORM_NAME)\"'",
					HAS_BOOST,
				);
				GCC_SYMBOLS_PRIVATE_EXTERN = NO;
				HEADER_SEARCH_PATHS = /usr/local/include;
				INSTALL_PATH = "";
				LIBRARY_STYLE = STATIC;
				OTHER_CFLAGS = "    ";
				OTHER_CPLUSPLUSFLAGS = " -std=c++11     ";
				OTHER_LIBTOOLFLAGS = " ";
				OTHER_REZFLAGS = "";
				PRODUCT_NAME = common;
				SECTORDER_FLAGS = "";
				SYMROOT = "/Users/felipemoraes/Developer/search-engine/lib/common";
				USE_HEADERMAP = NO;
				WARNING_CFLAGS = (
					"-Wmost",
					"-Wno-four-char-constants",
					"-Wno-unknown-pragmas",
					"$(inherited)",
				);
			};
			name = Debug;
		};
		DFB27884DCEA4BDC84ACEDA6 /* Release */ = {
			isa = XCBuildConfiguration;
			buildSettings = {
				COMBINE_HIDPI_IMAGES = YES;
				EXECUTABLE_PREFIX = lib;
				EXECUTABLE_SUFFIX = .a;
				GCC_GENERATE_DEBUGGING_SYMBOLS = NO;
				GCC_INLINES_ARE_PRIVATE_EXTERN = NO;
				GCC_OPTIMIZATION_LEVEL = 3;
				GCC_PREPROCESSOR_DEFINITIONS = (
					"'CMAKE_INTDIR=\"$(CONFIGURATION)$(EFFECTIVE_PLATFORM_NAME)\"'",
					HAS_BOOST,
				);
				GCC_SYMBOLS_PRIVATE_EXTERN = NO;
				HEADER_SEARCH_PATHS = /usr/local/include;
				INSTALL_PATH = "";
				LIBRARY_STYLE = STATIC;
				OTHER_CFLAGS = "    -DNDEBUG  ";
				OTHER_CPLUSPLUSFLAGS = (
					"-std=c++11",
					"-DNDEBUG",
				);
				OTHER_LIBTOOLFLAGS = " ";
				OTHER_REZFLAGS = "";
				PRODUCT_NAME = RICPlib;
				SECTORDER_FLAGS = "";
				SYMROOT = "/Users/felipemoraes/Developer/search-engine/lib/riCode";
				USE_HEADERMAP = NO;
				WARNING_CFLAGS = (
					"-Wmost",
					"-Wno-four-char-constants",
					"-Wno-unknown-pragmas",
					"$(inherited)",
				);
			};
			name = Release;
		};
		FC3CC489C3784D0EA1694CE9 /* Debug */ = {
			isa = XCBuildConfiguration;
			buildSettings = {
				COMBINE_HIDPI_IMAGES = YES;
				EXECUTABLE_PREFIX = "";
				EXECUTABLE_SUFFIX = "";
				GCC_GENERATE_DEBUGGING_SYMBOLS = YES;
				GCC_INLINES_ARE_PRIVATE_EXTERN = NO;
				GCC_OPTIMIZATION_LEVEL = 0;
				GCC_PREPROCESSOR_DEFINITIONS = (
					"'CMAKE_INTDIR=\"$(CONFIGURATION)$(EFFECTIVE_PLATFORM_NAME)\"'",
					HAS_BOOST,
				);
				GCC_SYMBOLS_PRIVATE_EXTERN = NO;
				HEADER_SEARCH_PATHS = /usr/local/include;
				INSTALL_PATH = "";
				LIBRARY_SEARCH_PATHS = /usr/local/lib;
				OTHER_CFLAGS = "    ";
				OTHER_CPLUSPLUSFLAGS = " -std=c++11     ";
				OTHER_LDFLAGS = (
					"-Wl,-search_paths_first",
					"-Wl,-headerpad_max_install_names",
					"/Users/felipemoraes/Developer/search-engine/lib/riCode/Debug/libRICPlib.a",
					"-lz",
					"-lhtmlcxx",
					"/Users/felipemoraes/Developer/search-engine/lib/common/Debug/libcommon.a",
					"/Users/felipemoraes/Developer/search-engine/lib/index/Debug/libindex.a",
				);
				OTHER_REZFLAGS = "";
				PRODUCT_NAME = indexer;
				SECTORDER_FLAGS = "";
				SYMROOT = "/Users/felipemoraes/Developer/search-engine/src/indexer";
				USE_HEADERMAP = NO;
				WARNING_CFLAGS = (
					"-Wmost",
					"-Wno-four-char-constants",
					"-Wno-unknown-pragmas",
					"$(inherited)",
				);
			};
			name = Debug;
		};
/* End XCBuildConfiguration section */

/* Begin XCConfigurationList section */
		206C4EF8740F40358259265B /* Build configuration list for PBXAggregateTarget "ALL_BUILD" */ = {
			isa = XCConfigurationList;
			buildConfigurations = (
				7A6348CA17E3464CBCF0E75F /* Debug */,
				A16D42BA8143408ABC1C0606 /* Release */,
				44BCBD3FFF484048B128986F /* MinSizeRel */,
				671FAAA6F2EC4DA687E87328 /* RelWithDebInfo */,
			);
			defaultConfigurationIsVisible = 0;
			defaultConfigurationName = Debug;
		};
		460F458A3D674997A424FAB4 /* Build configuration list for PBXProject "search_engine" */ = {
			isa = XCConfigurationList;
			buildConfigurations = (
				8BA3DD4610C24E32BE11EF6F /* Debug */,
				394EDC2148E2454AAAE5785D /* Release */,
				2F82E173AA49425E8DA98878 /* MinSizeRel */,
				2347BC8C81F94F9CA98CAF46 /* RelWithDebInfo */,
			);
			defaultConfigurationIsVisible = 0;
			defaultConfigurationName = Debug;
		};
		632DA52E155B406A8AE9CD0C /* Build configuration list for PBXNativeTarget "common" */ = {
			isa = XCConfigurationList;
			buildConfigurations = (
				DF6FA747E90F42A586CFEA9E /* Debug */,
				92ABC1ECEAE1434A84841F0D /* Release */,
				BADB5F06693244EF81AA6268 /* MinSizeRel */,
				5F551AA46C2943FEB708623A /* RelWithDebInfo */,
			);
			defaultConfigurationIsVisible = 0;
			defaultConfigurationName = Debug;
		};
		749AB1FAB12A4C758E25AF1B /* Build configuration list for PBXNativeTarget "RICPlib" */ = {
			isa = XCConfigurationList;
			buildConfigurations = (
				0FCF39F729D14207B4CA55D2 /* Debug */,
				DFB27884DCEA4BDC84ACEDA6 /* Release */,
				514EE21738BB4B51B3F86B42 /* MinSizeRel */,
				34BD5ADC6C0849F7988EFAA7 /* RelWithDebInfo */,
			);
			defaultConfigurationIsVisible = 0;
			defaultConfigurationName = Debug;
		};
		9419A9CA36AA4BFFA5A1E735 /* Build configuration list for PBXNativeTarget "index" */ = {
			isa = XCConfigurationList;
			buildConfigurations = (
				176280B9E02A422F8597E5AF /* Debug */,
				9DF33EFF4BE74B7A832E4500 /* Release */,
				1C939B4CD234416B8767B373 /* MinSizeRel */,
				5F848A49D33742BFA76A3C28 /* RelWithDebInfo */,
			);
			defaultConfigurationIsVisible = 0;
			defaultConfigurationName = Debug;
		};
		98073D76B6424936A9A1A1DB /* Build configuration list for PBXAggregateTarget "ZERO_CHECK" */ = {
			isa = XCConfigurationList;
			buildConfigurations = (
				0E021EE391D14B2997E72247 /* Debug */,
				A4EAE205599D436282700935 /* Release */,
				6ACF82C95BA243139E75F07C /* MinSizeRel */,
				BAA4FB84CFA44BBA9C38B8DF /* RelWithDebInfo */,
			);
			defaultConfigurationIsVisible = 0;
			defaultConfigurationName = Debug;
		};
		BB1E5321711C4302AB3313E7 /* Build configuration list for PBXNativeTarget "indexer" */ = {
			isa = XCConfigurationList;
			buildConfigurations = (
				FC3CC489C3784D0EA1694CE9 /* Debug */,
				CA7490F1DFBC4D2D955361C9 /* Release */,
				1D0CC33337D84EB2B68725FE /* MinSizeRel */,
				4786BE4249864FB6868EA1B2 /* RelWithDebInfo */,
			);
			defaultConfigurationIsVisible = 0;
			defaultConfigurationName = Debug;
		};
/* End XCConfigurationList section */
	};
	rootObject = 6CA4E3F1B1FD42958FF841E1 /* Project object */;
}
